{"SurveyEntry":{"SurveyID":"SV_1Fk1obLiIjLJN77","SurveyName":"PDepend Study 2 Replication","SurveyDescription":"Normal Times New Roman","SurveyOwnerID":"UR_cXZmjKbGrERS5ZX","SurveyBrandID":"eccles","DivisionID":null,"SurveyLanguage":"EN","SurveyActiveResponseSet":"RS_1IdNKfMxiz23iE5","SurveyStatus":"Active","SurveyStartDate":"0000-00-00 00:00:00","SurveyExpirationDate":"0000-00-00 00:00:00","SurveyCreationDate":"2018-04-27 18:24:08","CreatorID":"UR_cXZmjKbGrERS5ZX","LastModified":"2018-05-04 14:00:46","LastAccessed":"0000-00-00 00:00:00","LastActivated":"2018-05-01 10:38:14","Deleted":null},"SurveyElements":[{"SurveyID":"SV_1Fk1obLiIjLJN77","Element":"BL","PrimaryAttribute":"Survey Blocks","SecondaryAttribute":null,"TertiaryAttribute":null,"Payload":{"1":{"Type":"Trash","Description":"Trash \/ Unused Questions","ID":"BL_9tqXjuliFNbha6N","BlockElements":[]},"10":{"Type":"Standard","SubType":"","Description":"Demographics","ID":"BL_1S9ZrQSl8ysISaN","BlockElements":[{"Type":"Question","QuestionID":"QID71"},{"Type":"Question","QuestionID":"QID65"},{"Type":"Question","QuestionID":"QID66"},{"Type":"Question","QuestionID":"QID68"}],"Options":{"BlockLocking":"false","RandomizeQuestions":"false","BlockVisibility":"Expanded"}},"12":{"Type":"Standard","SubType":"","Description":"Intro choice","ID":"BL_37XYac6NxlSWjJP","BlockElements":[{"Type":"Question","QuestionID":"QID83"}],"Options":{"BlockLocking":"false","RandomizeQuestions":"false","BlockVisibility":"Expanded"}},"16":{"Type":"Standard","SubType":"","Description":"Household chores","ID":"BL_cBnFdKwZo2OKDeR","BlockElements":[{"Type":"Question","QuestionID":"QID79"},{"Type":"Question","QuestionID":"QID80"},{"Type":"Question","QuestionID":"QID81"},{"Type":"Question","QuestionID":"QID82"},{"Type":"Question","QuestionID":"QID78"}],"Options":{"BlockLocking":"false","RandomizeQuestions":"false","BlockVisibility":"Expanded"}},"17":{"Type":"Standard","SubType":"","Description":"Disqualify","ID":"BL_8kNB66M8G2eZwot","BlockElements":[{"Type":"Question","QuestionID":"QID84"},{"Type":"Question","QuestionID":"QID85"}],"Options":{"BlockLocking":"false","RandomizeQuestions":"false","BlockVisibility":"Collapsed"}}}},{"SurveyID":"SV_1Fk1obLiIjLJN77","Element":"BR","PrimaryAttribute":"FL_4","SecondaryAttribute":null,"TertiaryAttribute":null,"Payload":{"FL_5":0,"FL_6":0}},{"SurveyID":"SV_1Fk1obLiIjLJN77","Element":"BR","PrimaryAttribute":"FL_7","SecondaryAttribute":null,"TertiaryAttribute":null,"Payload":{"FL_8":0,"FL_9":0}},{"SurveyID":"SV_1Fk1obLiIjLJN77","Element":"BR","PrimaryAttribute":"FL_13","SecondaryAttribute":null,"TertiaryAttribute":null,"Payload":{"FL_15":0,"FL_14":0}},{"SurveyID":"SV_1Fk1obLiIjLJN77","Element":"BR","PrimaryAttribute":"FL_17","SecondaryAttribute":null,"TertiaryAttribute":null,"Payload":{"FL_18":0,"FL_19":0}},{"SurveyID":"SV_1Fk1obLiIjLJN77","Element":"BR","PrimaryAttribute":"FL_20","SecondaryAttribute":null,"TertiaryAttribute":null,"Payload":{"FL_22":0,"FL_21":0}},{"SurveyID":"SV_1Fk1obLiIjLJN77","Element":"BR","PrimaryAttribute":"FL_23","SecondaryAttribute":null,"TertiaryAttribute":null,"Payload":{"FL_16":0,"FL_12":0,"FL_3":0,"FL_11":0}},{"SurveyID":"SV_1Fk1obLiIjLJN77","Element":"BR","PrimaryAttribute":"FL_64","SecondaryAttribute":null,"TertiaryAttribute":null,"Payload":{"FL_65":0,"FL_66":0}},{"SurveyID":"SV_1Fk1obLiIjLJN77","Element":"FL","PrimaryAttribute":"Survey Flow","SecondaryAttribute":null,"TertiaryAttribute":null,"Payload":{"Type":"Root","FlowID":"FL_1","Flow":[{"Type":"Branch","FlowID":"FL_68","Description":"New Branch","BranchLogic":{"0":{"0":{"LogicType":"DeviceType","Operator":"Is","LeftOperand":"mobile","Type":"Expression","Description":"<span class=\"ConjDesc\">If<\/span><span class=\"schema_desc\">Device Type<\/span><span class=\"select_val_desc Operator_desc\">Is<\/span><span class=\"select_val_desc LeftOperand_desc\">Mobile<\/span>"},"Type":"If"},"Type":"BooleanExpression"},"Flow":[{"Type":"Block","ID":"BL_8kNB66M8G2eZwot","FlowID":"FL_69"}]},{"Type":"BlockRandomizer","FlowID":"FL_7","SubSet":1,"EvenPresentation":false,"Flow":[{"Type":"EmbeddedData","FlowID":"FL_8","EmbeddedData":[{"Description":"grouped category","Type":"Custom","Field":"grouped category","VariableType":"Nominal","DataVisibility":[],"Value":"bottom"}]},{"Type":"EmbeddedData","FlowID":"FL_9","EmbeddedData":[{"Description":"grouped category","Type":"Custom","Field":"grouped category","VariableType":"Nominal","DataVisibility":[],"Value":"top"}]}]},{"Type":"BlockRandomizer","FlowID":"FL_64","SubSet":1,"EvenPresentation":false,"Flow":[{"Type":"EmbeddedData","FlowID":"FL_65","EmbeddedData":[{"Description":"household","Type":"Custom","Field":"household","VariableType":"Nominal","DataVisibility":[],"Value":"unpacked"}]},{"Type":"EmbeddedData","FlowID":"FL_66","EmbeddedData":[{"Description":"household","Type":"Custom","Field":"household","VariableType":"Nominal","DataVisibility":[],"Value":"packed"}]}]},{"Type":"Block","ID":"BL_37XYac6NxlSWjJP","FlowID":"FL_56"},{"Type":"Standard","ID":"BL_cBnFdKwZo2OKDeR","FlowID":"FL_62"},{"Type":"Standard","ID":"BL_1S9ZrQSl8ysISaN","FlowID":"FL_50"}],"Properties":{"Count":69}}},{"SurveyID":"SV_1Fk1obLiIjLJN77","Element":"SO","PrimaryAttribute":"Survey Options","SecondaryAttribute":null,"TertiaryAttribute":null,"Payload":{"BackButton":"false","SaveAndContinue":"false","SurveyProtection":"PublicSurvey","BallotBoxStuffingPrevention":"true","OneCompletePerIP":"false","SurveyExpiration":null,"SurveyTermination":"DisplayMessage","Header":"","Footer":"","ProgressBarDisplay":"None","PartialData":"+1 week","ValidationMessage":null,"PreviousButton":"  <<  ","NextButton":"  >>  ","SkinLibrary":"Qualtrics","SkinType":"MQ","Skin":"v4qualtrics7","NewScoring":1,"libraryId":"","nextButtonMid":"","previousButtonMid":"","headerMid":"","footerMid":"","QuestionsPerPage":"","ExternalCSS":null,"CustomStyles":{"errorStyles":{"selector":".Skin .ValidationError","styles":{"color":null,"backgroundColor":null,"borderColor":null}},"errorStylesBG":{"selector":".Skin .HeaderValidationError, .Skin .HeaderValidationError li a","styles":{"color":null,"backgroundColor":null}},"pageStyles":{"selector":"#SurveyEngineBody","styles":{"backgroundColor":null}},"textStyles":{"selector":".SkinInner","styles":{"fontFamily":"","fontSize":null,"fontWeight":null,"fontStyle":null,"textDecoration":null,"color":null}},"questionStyles":{"selector":".Skin .QuestionText","styles":{"fontFamily":"","fontSize":"","fontWeight":"","fontStyle":"","textDecoration":"","color":null}},"choiceStyles":{"selector":".Skin .horizontalbar th.ylabel, .Skin .Matrix table td, .Skin .Matrix table th, .Skin .Matrix table thead th, .Skin .Matrix table thead td, .Skin .PGR .DragAndDrop .Items label, .Skin .QuestionBody ul.ChoiceStructure, .Skin .PGR .DragAndDrop .Group ul, .Skin .PGR .DragAndDrop .Group h2, .Skin .PGR .DragAndDrop .Items ul, .Skin .PGR .DragAndDrop .Items h2, .Skin .DD .QuestionBody table.ChoiceStructure, .Skin .PGR .DragAndDrop .NoColumns td.groupsContainerTd div ul, .Skin .PGR .DragAndDrop .NoColumns td.groupsContainerTd div h2, .Skin .SBS thead th, .Skin .SBS td, .Skin .SBS .Answers td, .Skin .SBS .Answers th, .SBS table.ChoiceStructure, .Skin .horizontalbar thead table.LabelDescriptions tr td, .Skin .horizontalbar thead tr td.NotApplicable, .QuestionBody th, .Skin .QuestionBody .MC .MAVR label, .Skin .QuestionBody .MC .SAVR label, .Skin .SBS thead th, .Skin .SBS td, .Skin .RO .DND ul li, .Skin .reg, .SkinInner .ChoiceStructure, .Skin thead, .Skin .GAP .ChoiceStructure thead th, .Skin .GAP .ChoiceStructure .c4, .Skin .GAP .ChoiceStructure th, .Skin .GAP .ChoiceStructure .WhyText, .SkinInner .ChoiceStructure .LightBG, .Skin .QuestionOuter.Highlight .Inner .reg, .Skin .QuestionOuter.Highlight .Inner .alt, .Skin .QuestionOuter.Highlight .Inner .ReadableAlt       ","styles":{"fontFamily":"","fontSize":"","fontWeight":"","fontStyle":"","textDecoration":"","color":null}},"headerStyles":{"selector":".Skin div#Header","styles":{"color":null}},"footerStyles":{"selector":".Skin #Footer","styles":{"color":null}},"questionSeparatorStyles":{"selector":".Skin .Separator","styles":{"backgroundColor":null,"display":"none"}},"highlightStyles":{"selector":".Skin .QuestionOuter.Highlight .Inner, .Skin .QuestionOuter.Highlight .Inner .reg, .Skin .QuestionOuter.Highlight .Inner .alt, .Skin .QuestionOuter.Highlight .Inner .ReadableAlt","styles":{"backgroundColor":null}},"highlightStylesAlt":{"selector":".Skin .QuestionOuter.Highlight .Inner .ReadableAlt, .Skin .QuestionOuter.Highlight .Inner .LightBG","styles":{"backgroundColor":null}},"textEntryStyles":{"selector":".Skin select, .Skin .InputText","styles":{"color":null}},"borderStyles":{"selector":".Skin .CS .horizontalbar table.sliderGrid tr.xlabel th, .Skin .CS .horizontalbar .ylabel, .Skin .CS .horizontalbar table.sliderGrid tr td.value, .Skin .Slider .horizontalbar table.sliderGrid tr.xlabel th, .Skin .BorderColor, .Skin .DarkBorderColor, .Skin .Slider .horizontalbar table.sliderGrid tr td.value, .Skin thead, .Skin .GAP .ChoiceStructure thead th  ","styles":{"borderColor":null}},"altRowStyles":{"selector":".Skin .ReadableAlt, .Skin .LightBG","styles":{"backgroundColor":null}},"customCSS":false},"HighlightQuestions":"off","EOSMessage":"MS_0l07VCDJq6Q7DHT","ShowExportTags":"false","CollectGeoLocation":"false","SurveyTitle":"Survey | Qualtrics Survey Software","SurveyMetaDescription":"Survey Software, Enterprise Survey software for enterprise feedback management and CRM solutions. Enables high-quality data collection, panel management and results analysis. Perfect for market research or CRM solution (Customer Relationship Management) integration. Free trial and consultation.","PasswordProtection":"No","AnonymizeResponse":"No","Password":"","RefererCheck":"No","NoIndex":"No","RefererURL":"http:\/\/","EOSMessageLibrary":"UR_cXZmjKbGrERS5ZX","EOSRedirectURL":"","EmailThankYou":"false","ThankYouEmailMessageLibrary":null,"ThankYouEmailMessage":null,"ValidateMessage":"false","ValidationMessageLibrary":null,"InactiveSurvey":"DefaultMessage","InactiveMessageLibrary":"","InactiveMessage":"","AvailableLanguages":{"EN":[]},"ProtectSelectionIds":true,"PageTransition":"Fade","Autofocus":"false","Autoadvance":"false","AutoadvancePages":"false","SecureResponseFiles":"false","ResponseSummary":"No","PartialDataCloseAfter":"LastActivity","ActiveResponseSet":null}},{"SurveyID":"SV_1Fk1obLiIjLJN77","Element":"SCO","PrimaryAttribute":"Scoring","SecondaryAttribute":null,"TertiaryAttribute":null,"Payload":{"ScoringCategories":[],"ScoringCategoryGroups":[],"ScoringSummaryCategory":null,"ScoringSummaryAfterQuestions":0,"ScoringSummaryAfterSurvey":0,"DefaultScoringCategory":null,"AutoScoringCategory":null}},{"SurveyID":"SV_1Fk1obLiIjLJN77","Element":"STAT","PrimaryAttribute":"Survey Statistics","SecondaryAttribute":null,"TertiaryAttribute":null,"Payload":{"MobileCompatible":true,"ID":"Survey Statistics"}},{"SurveyID":"SV_1Fk1obLiIjLJN77","Element":"PROJ","PrimaryAttribute":"CORE","SecondaryAttribute":"1.0.0","TertiaryAttribute":null,"Payload":null},{"SurveyID":"SV_1Fk1obLiIjLJN77","Element":"QC","PrimaryAttribute":"Survey Question Count","SecondaryAttribute":"85","TertiaryAttribute":null,"Payload":null},{"SurveyID":"SV_1Fk1obLiIjLJN77","Element":"SQ","PrimaryAttribute":"QID84","SecondaryAttribute":"According to our servers, you are trying to complete this survey on a mobile device. This survey...","TertiaryAttribute":null,"Payload":{"QuestionText":"According to our servers, you are trying to complete this survey on a mobile device. This survey can only be completed on a desktop or laptop computer. Please try taking this survey again on a non-mobile device.","DefaultChoices":false,"DataExportTag":"Q1","QuestionType":"DB","Selector":"TB","DataVisibility":{"Private":false,"Hidden":false},"Configuration":{"QuestionDescriptionOption":"UseText"},"QuestionDescription":"According to our servers, you are trying to complete this survey on a mobile device. This survey...","ChoiceOrder":[],"Validation":{"Settings":{"Type":"None"}},"GradingData":[],"Language":[],"QuestionID":"QID84","QuestionText_Unsafe":"According to our servers, you are trying to complete this survey on a mobile device. This survey can only be completed on a desktop or laptop computer. Please try taking this survey again on a non-mobile device."}},{"SurveyID":"SV_1Fk1obLiIjLJN77","Element":"SQ","PrimaryAttribute":"QID68","SecondaryAttribute":"Any questions, comments, or suggestions for this study?","TertiaryAttribute":null,"Payload":{"QuestionText":"Any questions, comments, or suggestions for this study?","DefaultChoices":false,"DataExportTag":"Q12","QuestionType":"TE","Selector":"ML","Configuration":{"QuestionDescriptionOption":"UseText","InputWidth":490,"InputHeight":80},"QuestionDescription":"Any questions, comments, or suggestions for this study?","Validation":{"Settings":{"ForceResponse":"OFF","ForceResponseType":"ON","Type":"None"}},"GradingData":[],"Language":[],"QuestionID":"QID68","QuestionText_Unsafe":"Any questions, comments, or suggestions for this study?","DataVisibility":{"Private":false,"Hidden":false}}},{"SurveyID":"SV_1Fk1obLiIjLJN77","Element":"SQ","PrimaryAttribute":"QID83","SecondaryAttribute":"Consent Form This research study is designed to examine how people make judgments and decisions....","TertiaryAttribute":null,"Payload":{"QuestionText":"<div style=\"text-align: center;\"><strong>Consent Form<\/strong><\/div>\n<br>\nThis research study is designed to examine how people make judgments and decisions. You will be asked to answer questions that will help us discover some of the systematic patterns of human judgment and decision making.\n<div><br>\nYou will be asked questions about your attitudes, beliefs, and preferences. Some of the questions may involve sensitive topics, but there are no foreseeable risks to participating in this study.<br>\n<br>\nIt should take you approximately 30 minutes to complete this survey. Participation in this study is voluntary. You can choose not to take part. You can choose not to finish the questionnaire or omit any question you prefer not to answer without penalty or loss of benefits.<br>\n<br>\nYour participation in this study will be confidential and purely voluntary. Your responses to these questions will remain anonymous, and the data will be analyzed in aggregate form.<br>\n<br>\nIf you have any questions or complaints please contact David Tannenbaum, Department of Management, University of Utah, by email at david.tannenbaum@utah.edu. You can also contact the Institutional Review Board (IRB) if you have questions regarding your rights as a research participant, or if you have questions, complaints or concerns which you do not feel you can discuss with the investigator. The University of Utah IRB may be reached by phone at (801) 581-3655 or by e-mail at irb@hsc.utah.edu.<\/div><div><br>By clicking the button below, you are providing consent to participate in this study<\/div>","QuestionJS":false,"DefaultChoices":false,"DataExportTag":"Q3","QuestionType":"DB","Selector":"TB","DataVisibility":{"Private":false,"Hidden":false},"Configuration":{"QuestionDescriptionOption":"UseText"},"QuestionDescription":"Consent Form This research study is designed to examine how people make judgments and decisions....","ChoiceOrder":[],"Validation":{"Settings":{"Type":"None"}},"GradingData":[],"Language":[],"QuestionID":"QID83","QuestionText_Unsafe":"<div style=\"text-align: center;\"><strong>Consent Form<\/strong><\/div>\n<br>\nThis research study is designed to examine how people make judgments and decisions. You will be asked to answer questions that will help us discover some of the systematic patterns of human judgment and decision making.\n<div><br>\nYou will be asked questions about your attitudes, beliefs, and preferences. Some of the questions may involve sensitive topics, but there are no foreseeable risks to participating in this study.<br>\n<br>\nIt should take you approximately 30 minutes to complete this survey. Participation in this study is voluntary. You can choose not to take part. You can choose not to finish the questionnaire or omit any question you prefer not to answer without penalty or loss of benefits.<br>\n<br>\nYour participation in this study will be confidential and purely voluntary. Your responses to these questions will remain anonymous, and the data will be analyzed in aggregate form.<br>\n<br>\nIf you have any questions or complaints please contact David Tannenbaum, Department of Management, University of Utah, by email at david.tannenbaum@utah.edu. You can also contact the Institutional Review Board (IRB) if you have questions regarding your rights as a research participant, or if you have questions, complaints or concerns which you do not feel you can discuss with the investigator. The University of Utah IRB may be reached by phone at (801) 581-3655 or by e-mail at irb@hsc.utah.edu.<\/div><div><br>By clicking the button below, you are providing consent to participate in this study<\/div>"}},{"SurveyID":"SV_1Fk1obLiIjLJN77","Element":"RS","PrimaryAttribute":"RS_1IdNKfMxiz23iE5","SecondaryAttribute":"Default Response Set","TertiaryAttribute":null,"Payload":null},{"SurveyID":"SV_1Fk1obLiIjLJN77","Element":"SQ","PrimaryAttribute":"QID66","SecondaryAttribute":"How old are you?","TertiaryAttribute":null,"Payload":{"QuestionText":"How old are you?","QuestionJS":"Qualtrics.SurveyEngine.addOnload(function()\n{\n\/*Place Your Javascript Below This Line*\/\nvar inputs = $(this.questionContainer).select('input');\ninputs.each(function(el) {if (el.value == 0) el.value='';});\n});","DefaultChoices":{"1":{"Value":"0"}},"DataExportTag":"Q11","QuestionType":"CS","Selector":"VR","SubSelector":"TX","Configuration":{"QuestionDescriptionOption":"UseText","CSSliderMin":0,"CSSliderMax":100,"CustomStart":true,"SliderStartPositions":{"1":0}},"QuestionDescription":"How old are you?","Choices":{"1":{"Display":"years old"}},"ChoiceOrder":[1],"Validation":{"Settings":{"EnforceRange":"OFF","Type":"None"}},"GradingData":[],"Language":[],"Labels":[],"ClarifyingSymbolType":"None","QuestionID":"QID66","QuestionText_Unsafe":"How old are you?","DataVisibility":{"Private":false,"Hidden":false}}},{"SurveyID":"SV_1Fk1obLiIjLJN77","Element":"SQ","PrimaryAttribute":"QID79","SecondaryAttribute":"Imagine you must complete one of the following indoor or outdoor household chores. All chores are...","TertiaryAttribute":null,"Payload":{"QuestionText":"<p>Imagine you must complete one of the following indoor or outdoor household chores. All chores are expected to take 1 hour of your time. Which <u>one<\/u>&nbsp;chore would you choose?<\/p>\n\n<ul>\n\t<li class=\"p1\" style=\"margin-left: 40px;\"><span style=\"letter-spacing: 0.0px\">kitchen cleaning<\/span><\/li>\n\t<li class=\"p1\" style=\"margin-left: 40px;\"><span style=\"letter-spacing: 0.0px\">vacuuming<\/span><\/li>\n\t<li class=\"p1\" style=\"margin-left: 40px;\"><span style=\"letter-spacing: 0.0px\">washing and folding laundry<\/span><\/li>\n\t<li class=\"p1\" style=\"margin-left: 40px;\">an outdoor chore: your choice of&nbsp;<span style=\"letter-spacing: 0.0px\">cleaning rain gutters,&nbsp;mowing a lawn, or&nbsp;pulling weeds<\/span><\/li>\n<\/ul>","DefaultChoices":false,"DataExportTag":"Q4","QuestionType":"DB","Selector":"TB","Configuration":{"QuestionDescriptionOption":"UseText"},"QuestionDescription":"Imagine you must complete one of the following indoor or outdoor household chores. All chores are...","DisplayLogic":{"0":{"0":{"LogicType":"EmbeddedField","LeftOperand":"household","Operator":"EqualTo","RightOperand":"unpacked","_HiddenExpression":false,"Type":"Expression","Description":"<span class=\"ConjDesc\">If<\/span> <span class=\"QuestionDesc\"><\/span> <span class=\"LeftOpDesc\">household<\/span> Is <span class=\"OpDesc\">Equal to<\/span> <span class=\"RightOpDesc\"> unpacked <\/span>"},"1":{"LogicType":"EmbeddedField","LeftOperand":"grouped category","Operator":"EqualTo","RightOperand":"bottom","_HiddenExpression":false,"Type":"Expression","Description":"<span class=\"ConjDesc\">And<\/span> <span class=\"QuestionDesc\"><\/span> <span class=\"LeftOpDesc\">grouped category<\/span> Is <span class=\"OpDesc\">Equal to<\/span> <span class=\"RightOpDesc\"> bottom <\/span>","Conjuction":"And"},"Type":"If"},"Type":"BooleanExpression","inPage":false},"ChoiceOrder":[],"Validation":{"Settings":{"Type":"None"}},"GradingData":[],"Language":[],"QuestionID":"QID79","QuestionText_Unsafe":"<p class=\"p1\"><span style=\"letter-spacing: 0.0px\">Imagine you must complete&nbsp;one of the following household chores. All chores are expected to take 1 hour of your time. Which <u>one<\/u>&nbsp;chore would you choose?<\/span><br \/>\n&nbsp;<\/p>\n\n<ul>\n\t<li class=\"p1\" style=\"margin-left: 40px;\"><span style=\"letter-spacing: 0.0px\">kitchen cleaning<\/span><\/li>\n\t<li class=\"p1\" style=\"margin-left: 40px;\"><span style=\"letter-spacing: 0.0px\">vacuuming<\/span><\/li>\n\t<li class=\"p1\" style=\"margin-left: 40px;\"><span style=\"letter-spacing: 0.0px\">washing and folding laundry<\/span><\/li>\n\t<li class=\"p1\" style=\"margin-left: 40px;\">an outdoor chore: your choice of&nbsp;<span style=\"letter-spacing: 0.0px\">cleaning rain gutters,&nbsp;mowing a lawn, or&nbsp;pulling weeds<\/span><\/li>\n<\/ul>\n\n<div class=\"p1\" style=\"margin-left: 40px;\">&nbsp;<\/div>","DataVisibility":{"Private":false,"Hidden":false}}},{"SurveyID":"SV_1Fk1obLiIjLJN77","Element":"SQ","PrimaryAttribute":"QID80","SecondaryAttribute":"Imagine you must complete one of the following indoor or outdoor household chores. All chores are...","TertiaryAttribute":null,"Payload":{"QuestionText":"<p>Imagine you must complete one of the following indoor or outdoor household chores. All chores are expected to take 1 hour of your time. Which <u>one<\/u>&nbsp;chore would you choose?<\/p>\n\n<ul>\n\t<li class=\"p1\" style=\"margin-left: 40px;\"><span style=\"letter-spacing: 0.0px\">cleaning rain gutters<\/span><\/li>\n\t<li class=\"p1\" style=\"margin-left: 40px;\"><span style=\"letter-spacing: 0.0px\">mowing a lawn<\/span><\/li>\n\t<li class=\"p1\" style=\"margin-left: 40px;\"><span style=\"letter-spacing: 0.0px\">pulling weeds<\/span><\/li>\n\t<li class=\"p1\" style=\"margin-left: 40px;\">an&nbsp;indoor chore: your choice of kitchen cleaning<span style=\"letter-spacing: 0.0px\">,&nbsp;vacuuming, or washing and folding laundry<\/span><\/li>\n<\/ul>","DefaultChoices":false,"DataExportTag":"Q5","QuestionType":"DB","Selector":"TB","Configuration":{"QuestionDescriptionOption":"UseText"},"QuestionDescription":"Imagine you must complete one of the following indoor or outdoor household chores. All chores are...","DisplayLogic":{"0":{"0":{"LogicType":"EmbeddedField","LeftOperand":"household","Operator":"EqualTo","RightOperand":"packed","_HiddenExpression":false,"Type":"Expression","Description":"<span class=\"ConjDesc\">If<\/span> <span class=\"QuestionDesc\"><\/span> <span class=\"LeftOpDesc\">household<\/span> Is <span class=\"OpDesc\">Equal to<\/span> <span class=\"RightOpDesc\"> packed <\/span>"},"1":{"LogicType":"EmbeddedField","LeftOperand":"grouped category","Operator":"EqualTo","RightOperand":"bottom","_HiddenExpression":false,"Type":"Expression","Description":"<span class=\"ConjDesc\">And<\/span> <span class=\"QuestionDesc\"><\/span> <span class=\"LeftOpDesc\">grouped category<\/span> Is <span class=\"OpDesc\">Equal to<\/span> <span class=\"RightOpDesc\"> bottom <\/span>","Conjuction":"And"},"Type":"If"},"Type":"BooleanExpression","inPage":false},"ChoiceOrder":[],"Validation":{"Settings":{"Type":"None"}},"GradingData":[],"Language":[],"QuestionID":"QID80","DataVisibility":{"Private":false,"Hidden":false},"QuestionText_Unsafe":"<p class=\"p1\"><span style=\"letter-spacing: 0.0px\">Imagine you must complete&nbsp;one of the following household chores. All chores are expected to take 1 hour of your time. Which&nbsp;<u>one<\/u>&nbsp;chore would you choose?<\/span><br>&nbsp;<\/p>\n\n<ul>\t<li class=\"p1\" style=\"margin-left: 40px;\"><span style=\"letter-spacing: 0.0px\">cleaning rain gutters<\/span><\/li>\t<li class=\"p1\" style=\"margin-left: 40px;\"><span style=\"letter-spacing: 0.0px\">mowing a lawn<\/span><\/li>\t<li class=\"p1\" style=\"margin-left: 40px;\"><span style=\"letter-spacing: 0.0px\">pulling weeds<\/span><\/li>\t<li class=\"p1\" style=\"margin-left: 40px;\">an&nbsp;indoor chore: your choice of kitchen cleaning<span style=\"letter-spacing: 0.0px\">,&nbsp;vacuuming, or washing and folding laundry<\/span><\/li>\n<\/ul>\n\n<p class=\"p1\" style=\"margin-left: 40px;\">&nbsp;<\/p>"}},{"SurveyID":"SV_1Fk1obLiIjLJN77","Element":"SQ","PrimaryAttribute":"QID81","SecondaryAttribute":"Imagine you must complete one of the following indoor or outdoor household chores. All chores are...","TertiaryAttribute":null,"Payload":{"QuestionText":"<p>Imagine you must complete one of the following indoor or outdoor household chores. All chores are expected to take 1 hour of your time. Which <u>one<\/u>&nbsp;chore would you choose?<\/span><\/p>\n\n<ul>\n\t<li class=\"p1\" style=\"margin-left: 40px;\">an outdoor chore: your choice of&nbsp;<span style=\"letter-spacing: 0.0px\">cleaning rain gutters,&nbsp;mowing a lawn, or&nbsp;pulling weeds<\/span><\/li>\n\t<li class=\"p1\" style=\"margin-left: 40px;\">kitchen cleaning<\/li>\n\t<li class=\"p1\" style=\"margin-left: 40px;\">vacuuming<\/li>\n\t<li class=\"p1\" style=\"margin-left: 40px;\">washing and folding laundry<\/li>\n<\/ul>","DefaultChoices":false,"DataExportTag":"Q6","QuestionType":"DB","Selector":"TB","Configuration":{"QuestionDescriptionOption":"UseText"},"QuestionDescription":"Imagine you must complete one of the following indoor or outdoor household chores. All chores are...","DisplayLogic":{"0":{"0":{"LogicType":"EmbeddedField","LeftOperand":"household","Operator":"EqualTo","RightOperand":"unpacked","_HiddenExpression":false,"Type":"Expression","Description":"<span class=\"ConjDesc\">If<\/span> <span class=\"QuestionDesc\"><\/span> <span class=\"LeftOpDesc\">household<\/span> Is <span class=\"OpDesc\">Equal to<\/span> <span class=\"RightOpDesc\"> unpacked <\/span>"},"1":{"LogicType":"EmbeddedField","LeftOperand":"grouped category","Operator":"EqualTo","RightOperand":"top","_HiddenExpression":false,"Type":"Expression","Description":"<span class=\"ConjDesc\">And<\/span> <span class=\"QuestionDesc\"><\/span> <span class=\"LeftOpDesc\">grouped category<\/span> Is <span class=\"OpDesc\">Equal to<\/span> <span class=\"RightOpDesc\"> top <\/span>","Conjuction":"And"},"Type":"If"},"Type":"BooleanExpression","inPage":false},"ChoiceOrder":[],"Validation":{"Settings":{"Type":"None"}},"GradingData":[],"Language":[],"QuestionID":"QID81","QuestionText_Unsafe":"<p class=\"p1\"><span style=\"letter-spacing: 0.0px\">Imagine you must complete&nbsp;one of the following household chores. All chores are expected to take 1 hour of your time. Which&nbsp;<u>one<\/u>&nbsp;chore would you choose?<\/span><br>&nbsp;<\/p>\n\n<ul>\t<li class=\"p1\" style=\"margin-left: 40px;\">an outdoor chore: your choice of&nbsp;<span style=\"letter-spacing: 0.0px\">cleaning rain gutters,&nbsp;mowing a lawn, or&nbsp;pulling weeds<\/span><\/li>\t<li class=\"p1\" style=\"margin-left: 40px;\">kitchen cleaning<\/li>\t<li class=\"p1\" style=\"margin-left: 40px;\">vacuuming<\/li>\t<li class=\"p1\" style=\"margin-left: 40px;\">washing and folding laundry<\/li>\n<\/ul>\n\n<p class=\"p1\" style=\"margin-left: 40px;\">&nbsp;<\/p>","DataVisibility":{"Private":false,"Hidden":false}}},{"SurveyID":"SV_1Fk1obLiIjLJN77","Element":"SQ","PrimaryAttribute":"QID82","SecondaryAttribute":"Imagine you must complete one of the following indoor or outdoor household chores. All chores are...","TertiaryAttribute":null,"Payload":{"QuestionText":"<p>Imagine you must complete one of the following indoor or outdoor household chores. All chores are expected to take 1 hour of your time. Which <u>one<\/u>&nbsp;chore would you choose?<\/span><\/p>\n\n<ul>\n\t<li class=\"p1\" style=\"margin-left: 40px;\">an indoor chore: your choice of kitchen cleaning<span style=\"letter-spacing: 0.0px\">,&nbsp;vacuuming, or washing and folding laundry<\/span><\/li>\n\t<li class=\"p1\" style=\"margin-left: 40px;\">cleaning rain gutters<\/li>\n\t<li class=\"p1\" style=\"margin-left: 40px;\">mowing a lawn<\/li>\n\t<li class=\"p1\" style=\"margin-left: 40px;\">pulling weeds<\/li>\n<\/ul>","DefaultChoices":false,"DataExportTag":"Q7","QuestionType":"DB","Selector":"TB","Configuration":{"QuestionDescriptionOption":"UseText"},"QuestionDescription":"Imagine you must complete one of the following indoor or outdoor household chores. All chores are...","DisplayLogic":{"0":{"0":{"LogicType":"EmbeddedField","LeftOperand":"household","Operator":"EqualTo","RightOperand":"packed","_HiddenExpression":false,"Type":"Expression","Description":"<span class=\"ConjDesc\">If<\/span> <span class=\"QuestionDesc\"><\/span> <span class=\"LeftOpDesc\">household<\/span> Is <span class=\"OpDesc\">Equal to<\/span> <span class=\"RightOpDesc\"> packed <\/span>"},"1":{"LogicType":"EmbeddedField","LeftOperand":"grouped category","Operator":"EqualTo","RightOperand":"top","_HiddenExpression":false,"Type":"Expression","Description":"<span class=\"ConjDesc\">And<\/span> <span class=\"QuestionDesc\"><\/span> <span class=\"LeftOpDesc\">grouped category<\/span> Is <span class=\"OpDesc\">Equal to<\/span> <span class=\"RightOpDesc\"> top <\/span>","Conjuction":"And"},"Type":"If"},"Type":"BooleanExpression","inPage":false},"ChoiceOrder":[],"Validation":{"Settings":{"Type":"None"}},"GradingData":[],"Language":[],"QuestionID":"QID82","QuestionText_Unsafe":"<p class=\"p1\"><span style=\"letter-spacing: 0.0px\">Imagine you must complete&nbsp;one of the following household chores. All chores are expected to take 1 hour of your time. Which&nbsp;<u>one<\/u>&nbsp;chore would you choose?<\/span><br \/>\n&nbsp;<\/p>\n\n<ul>\n\t<li class=\"p1\" style=\"margin-left: 40px;\">an indoor chore: your choice of kitchen cleaning<span style=\"letter-spacing: 0.0px\">,&nbsp;vacuuming, or washing and folding laundry<\/span><\/li>\n\t<li class=\"p1\" style=\"margin-left: 40px;\">cleaning rain gutters<\/li>\n\t<li class=\"p1\" style=\"margin-left: 40px;\">mowing a lawn<\/li>\n\t<li class=\"p1\" style=\"margin-left: 40px;\">pulling weeds<\/li>\n<\/ul>\n\n<p class=\"p1\" style=\"margin-left: 40px;\">&nbsp;<\/p>","DataVisibility":{"Private":false,"Hidden":false}}},{"SurveyID":"SV_1Fk1obLiIjLJN77","Element":"SQ","PrimaryAttribute":"QID65","SecondaryAttribute":"Please indicate your gender: ","TertiaryAttribute":null,"Payload":{"QuestionText":"Please indicate your gender:\n\n\t&nbsp;","DataExportTag":"Q10","QuestionType":"MC","Selector":"SAVR","SubSelector":"TX","Configuration":{"QuestionDescriptionOption":"UseText"},"QuestionDescription":"Please indicate your gender: ","Choices":{"1":{"Display":"Male"},"2":{"Display":"Female"}},"ChoiceOrder":["1","2"],"Validation":{"Settings":{"ForceResponse":"ON","ForceResponseType":"ON","Type":"None"}},"Language":[],"QuestionID":"QID65","QuestionText_Unsafe":"Please indicate your gender:\n\n\t&nbsp;","DataVisibility":{"Private":false,"Hidden":false}}},{"SurveyID":"SV_1Fk1obLiIjLJN77","Element":"SQ","PrimaryAttribute":"QID85","SecondaryAttribute":"Timing","TertiaryAttribute":null,"Payload":{"QuestionText":"Timing","DefaultChoices":false,"DataExportTag":"Q2","QuestionType":"Timing","Selector":"PageTimer","DataVisibility":{"Private":false,"Hidden":false},"Configuration":{"QuestionDescriptionOption":"UseText","MinSeconds":9999,"MaxSeconds":"0"},"QuestionDescription":"Timing","Choices":{"1":{"Display":"First Click"},"2":{"Display":"Last Click"},"3":{"Display":"Page Submit"},"4":{"Display":"Click Count"}},"GradingData":[],"Language":[],"QuestionID":"QID85","QuestionText_Unsafe":"Timing"}},{"SurveyID":"SV_1Fk1obLiIjLJN77","Element":"SQ","PrimaryAttribute":"QID71","SecondaryAttribute":"Very good. Some final questions before you complete the survey:","TertiaryAttribute":null,"Payload":{"QuestionText":"<strong>Very good. Some final questions before you complete the survey:<\/strong>","DefaultChoices":false,"DataExportTag":"Q9","QuestionType":"DB","Selector":"TB","Configuration":{"QuestionDescriptionOption":"UseText"},"QuestionDescription":"Very good. Some final questions before you complete the survey:","ChoiceOrder":[],"Validation":{"Settings":{"Type":"None"}},"GradingData":[],"Language":[],"QuestionID":"QID71","QuestionText_Unsafe":"<strong>Very good. Some final questions before you complete the survey:<\/strong>","DataVisibility":{"Private":false,"Hidden":false}}},{"SurveyID":"SV_1Fk1obLiIjLJN77","Element":"SQ","PrimaryAttribute":"QID78","SecondaryAttribute":"Which household chore would you choose? (please list\u00a0one\u00a0chore below)","TertiaryAttribute":null,"Payload":{"QuestionText":"<p class=\"p1\"><span class=\"s1\">Which household chore would you choose? (please list&nbsp;<u>one<\/u>&nbsp;chore below)<\/span><\/p>","DefaultChoices":false,"DataExportTag":"Q8","QuestionID":"QID78","QuestionType":"TE","Selector":"SL","Configuration":{"QuestionDescriptionOption":"UseText","InputWidth":240},"QuestionDescription":"Which household chore would you choose? (please list\u00a0one\u00a0chore below)","Validation":{"Settings":{"ForceResponse":"OFF","ForceResponseType":"ON","Type":"None"}},"GradingData":[],"Language":[],"QuestionText_Unsafe":"<p class=\"p1\"><span class=\"s1\"><i>Which household chore would you choose?&nbsp; (Please list&nbsp;<\/i><\/span><u><span class=\"s2\"><i>one<\/i><\/span><\/u><span class=\"s1\"><i>&nbsp;below)<\/i><\/span><\/p>\n\n<div>&nbsp;<\/div>","DataVisibility":{"Private":false,"Hidden":false}}}]}