{"SurveyEntry":{"SurveyID":"SV_1MMa94pAS9LMS21","SurveyName":"PDepend Study 4","SurveyDescription":"partition dependence provide judgments upfront","SurveyOwnerID":"UR_cXZmjKbGrERS5ZX","SurveyBrandID":"eccles","DivisionID":"DV_a9PVFYw92ZwrUUJ","SurveyLanguage":"EN","SurveyActiveResponseSet":"RS_cFT22EhtN0cU75j","SurveyStatus":"Inactive","SurveyStartDate":"0000-00-00 00:00:00","SurveyExpirationDate":"0000-00-00 00:00:00","SurveyCreationDate":"2013-11-12 22:27:49","CreatorID":"URH_9nOgBhIVsJKAsfO","LastModified":"2018-05-10 14:24:46","LastAccessed":"0000-00-00 00:00:00","LastActivated":"2013-11-12 22:28:25","Deleted":null},"SurveyElements":[{"SurveyID":"SV_1MMa94pAS9LMS21","Element":"BL","PrimaryAttribute":"Survey Blocks","SecondaryAttribute":null,"TertiaryAttribute":null,"Payload":{"1":{"Type":"Trash","Description":"Trash \/ Unused Questions","ID":"BL_9tqXjuliFNbha6N","BlockElements":[]},"2":{"Type":"Standard","SubType":"","Description":"Vacation - choice","ID":"BL_bPJHk8kHPOVmat7","BlockElements":[{"Type":"Question","QuestionID":"QID2"},{"Type":"Question","QuestionID":"QID4"},{"Type":"Question","QuestionID":"QID5"},{"Type":"Question","QuestionID":"QID6"},{"Type":"Question","QuestionID":"QID3"}],"Options":{"BlockLocking":"false","RandomizeQuestions":"false","BlockVisibility":"Expanded"}},"4":{"Type":"Standard","SubType":"","Description":"Weekend trip - choice","ID":"BL_abgD2dqkEeZSA0B","BlockElements":[{"Type":"Question","QuestionID":"QID18"},{"Type":"Question","QuestionID":"QID19"},{"Type":"Question","QuestionID":"QID20"},{"Type":"Question","QuestionID":"QID21"},{"Type":"Question","QuestionID":"QID22"}],"Options":{"BlockLocking":"false","RandomizeQuestions":"false","BlockVisibility":"Collapsed"}},"5":{"Type":"Standard","SubType":"","Description":"Entertainment - choice","ID":"BL_6DaJbymiSOvUFJr","BlockElements":[{"Type":"Question","QuestionID":"QID13"},{"Type":"Question","QuestionID":"QID14"},{"Type":"Question","QuestionID":"QID15"},{"Type":"Question","QuestionID":"QID16"},{"Type":"Question","QuestionID":"QID17"}],"Options":{"BlockLocking":"false","RandomizeQuestions":"false","BlockVisibility":"Collapsed"}},"6":{"Type":"Standard","SubType":"","Description":"Dessert - choice","ID":"BL_0DLnPsS8ZdOVIXz","BlockElements":[{"Type":"Question","QuestionID":"QID23"},{"Type":"Question","QuestionID":"QID24"},{"Type":"Question","QuestionID":"QID25"},{"Type":"Question","QuestionID":"QID26"},{"Type":"Question","QuestionID":"QID27"}],"Options":{"BlockLocking":"false","RandomizeQuestions":"false","BlockVisibility":"Collapsed"}},"10":{"Type":"Standard","SubType":"","Description":"Demographics","ID":"BL_1S9ZrQSl8ysISaN","BlockElements":[{"Type":"Question","QuestionID":"QID71"},{"Type":"Question","QuestionID":"QID65"},{"Type":"Question","QuestionID":"QID66"},{"Type":"Question","QuestionID":"QID68"}],"Options":{"BlockLocking":"false","RandomizeQuestions":"false","BlockVisibility":"Collapsed"}},"11":{"Type":"Standard","SubType":"","Description":"Intro","ID":"BL_0TKfCdDe2p8vWhD","BlockElements":[{"Type":"Question","QuestionID":"QID64"}]},"12":{"Type":"Standard","SubType":"","Description":"Intro choice","ID":"BL_37XYac6NxlSWjJP","BlockElements":[{"Type":"Question","QuestionID":"QID75"}]},"14":{"Type":"Standard","SubType":"","Description":"Disqualify","ID":"BL_79W0O5XapQnCyLX","BlockElements":[{"Type":"Question","QuestionID":"QID76"},{"Type":"Question","QuestionID":"QID77"}]},"15":{"Type":"Standard","SubType":"","Description":"Attention Check","ID":"BL_8ctKRd2huqVH7gN","BlockElements":[{"Type":"Question","QuestionID":"QID72"},{"Type":"Question","QuestionID":"QID73"},{"Type":"Question","QuestionID":"QID74"}]},"16":{"Type":"Standard","SubType":"","Description":"Vacation - estimation","ID":"BL_1RCatmQRPAkIuxf","BlockElements":[{"Type":"Question","QuestionID":"QID98"}],"Options":{"BlockLocking":"false","RandomizeQuestions":"false","BlockVisibility":"Collapsed"}},"17":{"Type":"Standard","SubType":"","Description":"Weekend trip - estimation","ID":"BL_6Jt8Teh9ZytHDmZ","BlockElements":[{"Type":"Question","QuestionID":"QID97"}],"Options":{"BlockLocking":"false","RandomizeQuestions":"false","BlockVisibility":"Collapsed"}},"18":{"Type":"Standard","SubType":"","Description":"Entertainment - estimation","ID":"BL_8BAtHJ8mXdmdtiZ","BlockElements":[{"Type":"Question","QuestionID":"QID95"}],"Options":{"BlockLocking":"false","RandomizeQuestions":"false","BlockVisibility":"Collapsed"}},"19":{"Type":"Standard","SubType":"","Description":"Dessert - estimation","ID":"BL_bKpa7SgRAdnmHsh","BlockElements":[{"Type":"Question","QuestionID":"QID96"}],"Options":{"BlockLocking":"false","RandomizeQuestions":"false","BlockVisibility":"Collapsed"}}}},{"SurveyID":"SV_1MMa94pAS9LMS21","Element":"BR","PrimaryAttribute":"FL_4","SecondaryAttribute":null,"TertiaryAttribute":null,"Payload":{"FL_6":198,"FL_5":197}},{"SurveyID":"SV_1MMa94pAS9LMS21","Element":"BR","PrimaryAttribute":"FL_7","SecondaryAttribute":null,"TertiaryAttribute":null,"Payload":{"FL_9":198,"FL_8":197}},{"SurveyID":"SV_1MMa94pAS9LMS21","Element":"BR","PrimaryAttribute":"FL_13","SecondaryAttribute":null,"TertiaryAttribute":null,"Payload":{"FL_15":197,"FL_14":198}},{"SurveyID":"SV_1MMa94pAS9LMS21","Element":"BR","PrimaryAttribute":"FL_17","SecondaryAttribute":null,"TertiaryAttribute":null,"Payload":{"FL_19":198,"FL_18":197}},{"SurveyID":"SV_1MMa94pAS9LMS21","Element":"BR","PrimaryAttribute":"FL_20","SecondaryAttribute":null,"TertiaryAttribute":null,"Payload":{"FL_21":198,"FL_22":197}},{"SurveyID":"SV_1MMa94pAS9LMS21","Element":"BR","PrimaryAttribute":"FL_23","SecondaryAttribute":null,"TertiaryAttribute":null,"Payload":{"FL_3":4,"FL_16":4,"FL_11":4,"FL_12":4}},{"SurveyID":"SV_1MMa94pAS9LMS21","Element":"BR","PrimaryAttribute":"FL_66","SecondaryAttribute":null,"TertiaryAttribute":null,"Payload":{"FL_67":196,"FL_68":195}},{"SurveyID":"SV_1MMa94pAS9LMS21","Element":"BR","PrimaryAttribute":"FL_71","SecondaryAttribute":null,"TertiaryAttribute":null,"Payload":{"FL_75":161,"FL_76":161,"FL_77":161,"FL_73":161,"FL_88":165,"FL_84":165,"FL_94":165,"FL_91":165}},{"SurveyID":"SV_1MMa94pAS9LMS21","Element":"FL","PrimaryAttribute":"Survey Flow","SecondaryAttribute":null,"TertiaryAttribute":null,"Payload":{"Type":"Root","FlowID":"FL_1","Flow":[{"Type":"BlockRandomizer","FlowID":"FL_66","SubSet":1,"EvenPresentation":true,"Flow":[{"Type":"EmbeddedData","FlowID":"FL_67","EmbeddedData":[{"Description":"estimation","Type":"Custom","Field":"estimation","VariableType":"Nominal","DataVisibility":[],"Value":"before"}]},{"Type":"EmbeddedData","FlowID":"FL_68","EmbeddedData":[{"Description":"estimation","Type":"Custom","Field":"estimation","VariableType":"Nominal","DataVisibility":[],"Value":"after"}]}]},{"Type":"BlockRandomizer","FlowID":"FL_4","SubSet":1,"EvenPresentation":true,"Flow":[{"Type":"EmbeddedData","FlowID":"FL_5","EmbeddedData":[{"Description":"europe","Type":"Custom","Field":"europe","VariableType":"Nominal","DataVisibility":[],"Value":"unpacked"}]},{"Type":"EmbeddedData","FlowID":"FL_6","EmbeddedData":[{"Description":"europe","Type":"Custom","Field":"europe","VariableType":"Nominal","DataVisibility":[],"Value":"packed"}]}]},{"Type":"BlockRandomizer","FlowID":"FL_7","SubSet":1,"EvenPresentation":true,"Flow":[{"Type":"EmbeddedData","FlowID":"FL_8","EmbeddedData":[{"Description":"grouped category","Type":"Custom","Field":"grouped category","VariableType":"Nominal","DataVisibility":[],"Value":"bottom"}]},{"Type":"EmbeddedData","FlowID":"FL_9","EmbeddedData":[{"Description":"grouped category","Type":"Custom","Field":"grouped category","VariableType":"Nominal","DataVisibility":[],"Value":"top"}]}]},{"Type":"BlockRandomizer","FlowID":"FL_20","SubSet":1,"EvenPresentation":true,"Flow":[{"Type":"EmbeddedData","FlowID":"FL_21","EmbeddedData":[{"Description":"west coast","Type":"Custom","Field":"west coast","VariableType":"Nominal","DataVisibility":[],"Value":"unpacked"}]},{"Type":"EmbeddedData","FlowID":"FL_22","EmbeddedData":[{"Description":"west coast","Type":"Custom","Field":"west coast","VariableType":"Nominal","DataVisibility":[],"Value":"packed"}]}]},{"Type":"BlockRandomizer","FlowID":"FL_17","SubSet":1,"EvenPresentation":true,"Flow":[{"Type":"EmbeddedData","FlowID":"FL_18","EmbeddedData":[{"Description":"cookies","Type":"Custom","Field":"cookies","VariableType":"Nominal","DataVisibility":[],"Value":"unpacked"}]},{"Type":"EmbeddedData","FlowID":"FL_19","EmbeddedData":[{"Description":"cookies","Type":"Custom","Field":"cookies","VariableType":"Nominal","DataVisibility":[],"Value":"packed"}]}]},{"Type":"BlockRandomizer","FlowID":"FL_13","SubSet":1,"EvenPresentation":true,"Flow":[{"Type":"EmbeddedData","FlowID":"FL_14","EmbeddedData":[{"Description":"sporting event","Type":"Custom","Field":"sporting event","VariableType":"Nominal","DataVisibility":[],"Value":"unpacked"}]},{"Type":"EmbeddedData","FlowID":"FL_15","EmbeddedData":[{"Description":"sporting event","Type":"Custom","Field":"sporting event","VariableType":"Nominal","DataVisibility":[],"Value":"packed"}]}]},{"Type":"Standard","ID":"BL_0TKfCdDe2p8vWhD","FlowID":"FL_51"},{"Type":"Standard","ID":"BL_8ctKRd2huqVH7gN","FlowID":"FL_59"},{"Type":"Branch","FlowID":"FL_60","Description":"New Branch","BranchLogic":{"0":{"0":{"LogicType":"Question","QuestionID":"QID73","QuestionIsInLoop":"no","ChoiceLocator":"q:\/\/QID73\/SelectableChoice\/4","Operator":"NotSelected","QuestionIDFromLocator":"QID73","LeftOperand":"q:\/\/QID73\/SelectableChoice\/4","Type":"Expression","Description":"<span class=\"ConjDesc\">If<\/span> <span class=\"QuestionDesc\">I would prefer to live in a large city rather than a small city.<\/span> <span class=\"LeftOpDesc\">4<\/span> <span class=\"OpDesc\">Is Not Selected<\/span> "},"1":{"LogicType":"Question","QuestionID":"QID74","QuestionIsInLoop":"no","ChoiceLocator":"q:\/\/QID74\/SelectableChoice\/7","Operator":"NotSelected","QuestionIDFromLocator":"QID74","LeftOperand":"q:\/\/QID74\/SelectableChoice\/7","Type":"Expression","Description":"<span class=\"ConjDesc\">Or<\/span> <span class=\"QuestionDesc\">I would prefer to live in a city with many cultural opportunities, even if the cost of living was hi...<\/span> <span class=\"LeftOpDesc\">Strongly Agree&lt;br&gt;&lt;br&gt;7<\/span> <span class=\"OpDesc\">Is Not Selected<\/span> ","Conjuction":"Or"},"Type":"If"},"Type":"BooleanExpression"},"Flow":[{"Type":"Standard","ID":"BL_79W0O5XapQnCyLX","FlowID":"FL_58"}]},{"Type":"Block","ID":"BL_37XYac6NxlSWjJP","FlowID":"FL_56"},{"Type":"BlockRandomizer","FlowID":"FL_71","SubSet":4,"Flow":[{"Type":"Branch","FlowID":"FL_73","Description":"New Branch","BranchLogic":{"0":{"0":{"LogicType":"EmbeddedField","LeftOperand":"estimation","Operator":"EqualTo","RightOperand":"before","_HiddenExpression":false,"Type":"Expression","Description":"<span class=\"ConjDesc\">If<\/span>  <span class=\"LeftOpDesc\">estimation<\/span> <span class=\"OpDesc\">Is Equal to<\/span> <span class=\"RightOpDesc\"> before <\/span>"},"Type":"If"},"Type":"BooleanExpression"},"Flow":[{"Type":"Standard","ID":"BL_8BAtHJ8mXdmdtiZ","FlowID":"FL_63"},{"Type":"Block","ID":"BL_6DaJbymiSOvUFJr","FlowID":"FL_74"}]},{"Type":"Branch","FlowID":"FL_84","Description":"New Branch","BranchLogic":{"0":{"0":{"LogicType":"EmbeddedField","LeftOperand":"estimation","Operator":"EqualTo","RightOperand":"after","_HiddenExpression":false,"Type":"Expression","Description":"<span class=\"ConjDesc\">If<\/span>  <span class=\"LeftOpDesc\">estimation<\/span> <span class=\"OpDesc\">Is Equal to<\/span> <span class=\"RightOpDesc\"> after <\/span>"},"Type":"If"},"Type":"BooleanExpression"},"Flow":[{"Type":"Standard","ID":"BL_6DaJbymiSOvUFJr","FlowID":"FL_86"},{"Type":"Standard","ID":"BL_8BAtHJ8mXdmdtiZ","FlowID":"FL_85"}]},{"Type":"Branch","FlowID":"FL_75","Description":"New Branch","BranchLogic":{"0":{"0":{"LogicType":"EmbeddedField","LeftOperand":"estimation","Operator":"EqualTo","RightOperand":"before","_HiddenExpression":false,"Type":"Expression","Description":"<span class=\"ConjDesc\">If<\/span>  <span class=\"LeftOpDesc\">estimation<\/span> <span class=\"OpDesc\">Is Equal to<\/span> <span class=\"RightOpDesc\"> before <\/span>"},"Type":"If"},"Type":"BooleanExpression"},"Flow":[{"Type":"Standard","ID":"BL_bKpa7SgRAdnmHsh","FlowID":"FL_64"},{"Type":"Block","ID":"BL_0DLnPsS8ZdOVIXz","FlowID":"FL_78"}]},{"Type":"Branch","FlowID":"FL_88","Description":"New Branch","BranchLogic":{"0":{"0":{"LogicType":"EmbeddedField","LeftOperand":"estimation","Operator":"EqualTo","RightOperand":"after","_HiddenExpression":false,"Type":"Expression","Description":"<span class=\"ConjDesc\">If<\/span>  <span class=\"LeftOpDesc\">estimation<\/span> <span class=\"OpDesc\">Is Equal to<\/span> <span class=\"RightOpDesc\"> after <\/span>"},"Type":"If"},"Type":"BooleanExpression"},"Flow":[{"Type":"Block","ID":"BL_0DLnPsS8ZdOVIXz","FlowID":"FL_90"},{"Type":"Standard","ID":"BL_bKpa7SgRAdnmHsh","FlowID":"FL_89"}]},{"Type":"Branch","FlowID":"FL_77","Description":"New Branch","BranchLogic":{"0":{"0":{"LogicType":"EmbeddedField","LeftOperand":"estimation","Operator":"EqualTo","RightOperand":"before","_HiddenExpression":false,"Type":"Expression","Description":"<span class=\"ConjDesc\">If<\/span>  <span class=\"LeftOpDesc\">estimation<\/span> <span class=\"OpDesc\">Is Equal to<\/span> <span class=\"RightOpDesc\"> before <\/span>"},"Type":"If"},"Type":"BooleanExpression"},"Flow":[{"Type":"Standard","ID":"BL_6Jt8Teh9ZytHDmZ","FlowID":"FL_62"},{"Type":"Block","ID":"BL_abgD2dqkEeZSA0B","FlowID":"FL_79"}]},{"Type":"Branch","FlowID":"FL_91","Description":"New Branch","BranchLogic":{"0":{"0":{"LogicType":"EmbeddedField","LeftOperand":"estimation","Operator":"EqualTo","RightOperand":"after","_HiddenExpression":false,"Type":"Expression","Description":"<span class=\"ConjDesc\">If<\/span>  <span class=\"LeftOpDesc\">estimation<\/span> <span class=\"OpDesc\">Is Equal to<\/span> <span class=\"RightOpDesc\"> after <\/span>"},"Type":"If"},"Type":"BooleanExpression"},"Flow":[{"Type":"Block","ID":"BL_abgD2dqkEeZSA0B","FlowID":"FL_93"},{"Type":"Standard","ID":"BL_6Jt8Teh9ZytHDmZ","FlowID":"FL_92"}]},{"Type":"Branch","FlowID":"FL_76","Description":"New Branch","BranchLogic":{"0":{"0":{"LogicType":"EmbeddedField","LeftOperand":"estimation","Operator":"EqualTo","RightOperand":"before","_HiddenExpression":false,"Type":"Expression","Description":"<span class=\"ConjDesc\">If<\/span>  <span class=\"LeftOpDesc\">estimation<\/span> <span class=\"OpDesc\">Is Equal to<\/span> <span class=\"RightOpDesc\"> before <\/span>"},"Type":"If"},"Type":"BooleanExpression"},"Flow":[{"Type":"Standard","ID":"BL_1RCatmQRPAkIuxf","FlowID":"FL_61"},{"Type":"Block","ID":"BL_bPJHk8kHPOVmat7","FlowID":"FL_81"}]},{"Type":"Branch","FlowID":"FL_94","Description":"New Branch","BranchLogic":{"0":{"0":{"LogicType":"EmbeddedField","LeftOperand":"estimation","Operator":"EqualTo","RightOperand":"after","_HiddenExpression":false,"Type":"Expression","Description":"<span class=\"ConjDesc\">If<\/span>  <span class=\"LeftOpDesc\">estimation<\/span> <span class=\"OpDesc\">Is Equal to<\/span> <span class=\"RightOpDesc\"> after <\/span>"},"Type":"If"},"Type":"BooleanExpression"},"Flow":[{"Type":"Block","ID":"BL_bPJHk8kHPOVmat7","FlowID":"FL_96"},{"Type":"Standard","ID":"BL_1RCatmQRPAkIuxf","FlowID":"FL_95"}]}]},{"Type":"Standard","ID":"BL_1S9ZrQSl8ysISaN","FlowID":"FL_50"}],"Properties":{"Count":96}}},{"SurveyID":"SV_1MMa94pAS9LMS21","Element":"SO","PrimaryAttribute":"Survey Options","SecondaryAttribute":null,"TertiaryAttribute":null,"Payload":{"BackButton":"false","SaveAndContinue":"false","SurveyProtection":"PublicSurvey","BallotBoxStuffingPrevention":"true","OneCompletePerIP":"false","SurveyExpiration":null,"SurveyTermination":"Redirect","Header":"","Footer":"","ProgressBarDisplay":"None","PartialData":"+1 week","ValidationMessage":null,"PreviousButton":"  <<  ","NextButton":"  >>  ","SkinLibrary":"Qualtrics","SkinType":"MQ","Skin":"BusinessEmbedded","NewScoring":1,"libraryId":"","nextButtonMid":"","previousButtonMid":"","headerMid":"","footerMid":"","QuestionsPerPage":"","ExternalCSS":null,"CustomStyles":{"errorStyles":{"selector":".Skin .ValidationError","styles":{"color":null,"backgroundColor":null,"borderColor":null}},"errorStylesBG":{"selector":".Skin .HeaderValidationError, .Skin .HeaderValidationError li a","styles":{"color":null,"backgroundColor":null}},"pageStyles":{"selector":"#SurveyEngineBody","styles":{"backgroundColor":null}},"textStyles":{"selector":".SkinInner","styles":{"fontFamily":"times new roman, times, serif","fontSize":null,"fontWeight":null,"fontStyle":null,"textDecoration":null,"color":null}},"questionStyles":{"selector":".Skin .QuestionText","styles":{"fontFamily":"times new roman, times, serif","fontSize":"12pt","fontWeight":"normal","fontStyle":"normal","textDecoration":"none","color":null}},"choiceStyles":{"selector":".Skin .horizontalbar th.ylabel, .Skin .Matrix table td, .Skin .Matrix table th, .Skin .Matrix table thead th, .Skin .Matrix table thead td, .Skin .PGR .DragAndDrop .Items label, .Skin .QuestionBody ul.ChoiceStructure, .Skin .PGR .DragAndDrop .Group ul, .Skin .PGR .DragAndDrop .Group h2, .Skin .PGR .DragAndDrop .Items ul, .Skin .PGR .DragAndDrop .Items h2, .Skin .DD .QuestionBody table.ChoiceStructure, .Skin .PGR .DragAndDrop .NoColumns td.groupsContainerTd div ul, .Skin .PGR .DragAndDrop .NoColumns td.groupsContainerTd div h2, .Skin .SBS thead th, .Skin .SBS td, .Skin .SBS .Answers td, .Skin .SBS .Answers th, .SBS table.ChoiceStructure, .Skin .horizontalbar thead table.LabelDescriptions tr td, .Skin .horizontalbar thead tr td.NotApplicable, .QuestionBody th, .Skin .QuestionBody .MC .MAVR label, .Skin .QuestionBody .MC .SAVR label, .Skin .SBS thead th, .Skin .SBS td, .Skin .RO .DND ul li, .Skin .reg, .SkinInner .ChoiceStructure, .Skin thead, .Skin .GAP .ChoiceStructure thead th, .Skin .GAP .ChoiceStructure .c4, .Skin .GAP .ChoiceStructure th, .Skin .GAP .ChoiceStructure .WhyText, .SkinInner .ChoiceStructure .LightBG, .Skin .QuestionOuter.Highlight .Inner .reg, .Skin .QuestionOuter.Highlight .Inner .alt, .Skin .QuestionOuter.Highlight .Inner .ReadableAlt       ","styles":{"fontFamily":"times new roman, times, serif","fontSize":"10pt","fontWeight":"normal","fontStyle":"normal","textDecoration":"none","color":null}},"headerStyles":{"selector":".Skin div#Header","styles":{"color":null}},"footerStyles":{"selector":".Skin #Footer","styles":{"color":null}},"questionSeparatorStyles":{"selector":".Skin .Separator","styles":{"backgroundColor":null,"display":null}},"highlightStyles":{"selector":".Skin .QuestionOuter.Highlight .Inner, .Skin .QuestionOuter.Highlight .Inner .reg, .Skin .QuestionOuter.Highlight .Inner .alt, .Skin .QuestionOuter.Highlight .Inner .ReadableAlt","styles":{"backgroundColor":null}},"highlightStylesAlt":{"selector":".Skin .QuestionOuter.Highlight .Inner .ReadableAlt, .Skin .QuestionOuter.Highlight .Inner .LightBG","styles":{"backgroundColor":null}},"textEntryStyles":{"selector":".Skin select, .Skin .InputText","styles":{"color":null}},"borderStyles":{"selector":".Skin .CS .horizontalbar table.sliderGrid tr.xlabel th, .Skin .CS .horizontalbar .ylabel, .Skin .CS .horizontalbar table.sliderGrid tr td.value, .Skin .Slider .horizontalbar table.sliderGrid tr.xlabel th, .Skin .BorderColor, .Skin .DarkBorderColor, .Skin .Slider .horizontalbar table.sliderGrid tr td.value, .Skin thead, .Skin .GAP .ChoiceStructure thead th  ","styles":{"borderColor":null}},"altRowStyles":{"selector":".Skin .ReadableAlt, .Skin .LightBG","styles":{"backgroundColor":null}},"customCSS":"\/* Place your CSS here *\/\n\n.Skin #Plug {\n  margin-top: 10pt;\n  text-align: center;\n  font-size: 0%;\n}\n.Skin .SkinInner {\n  margin: 0 auto;\n  width:770px;\n  margin-top: 45px;\n}\nhtml .Skin #Logo {\n  height: 0px;\n}"},"HighlightQuestions":"off","EOSMessage":"","ShowExportTags":"false","CollectGeoLocation":"false","SurveyTitle":"Survey | Qualtrics Survey Software","SurveyMetaDescription":"Survey Software, Enterprise Survey software for enterprise feedback management and CRM solutions. Enables high-quality data collection, panel management and results analysis. Perfect for market research or CRM solution (Customer Relationship Management) integration. Free trial and consultation.","PasswordProtection":"No","AnonymizeResponse":"No","Password":"","RefererCheck":"No","NoIndex":"No","RefererURL":"http:\/\/","EOSMessageLibrary":"","EOSRedirectURL":"http:\/\/baumerdesigns.com\/TurkGate\/\/codes\/generate.php?stamp=10808371&responseID=${e:\/\/Field\/ResponseID}","EmailThankYou":"false","ThankYouEmailMessageLibrary":null,"ThankYouEmailMessage":null,"ValidateMessage":"false","ValidationMessageLibrary":null,"InactiveSurvey":"DefaultMessage","InactiveMessageLibrary":"","InactiveMessage":"","AvailableLanguages":{"EN":[]},"ProtectSelectionIds":true}},{"SurveyID":"SV_1MMa94pAS9LMS21","Element":"SCO","PrimaryAttribute":"Scoring","SecondaryAttribute":null,"TertiaryAttribute":null,"Payload":{"ScoringCategories":[],"ScoringCategoryGroups":[],"ScoringSummaryCategory":null,"ScoringSummaryAfterQuestions":0,"ScoringSummaryAfterSurvey":0,"DefaultScoringCategory":null,"AutoScoringCategory":null}},{"SurveyID":"SV_1MMa94pAS9LMS21","Element":"STAT","PrimaryAttribute":"Survey Statistics","SecondaryAttribute":null,"TertiaryAttribute":null,"Payload":{"MobileCompatible":true,"ID":"Survey Statistics"}},{"SurveyID":"SV_1MMa94pAS9LMS21","Element":"PROJ","PrimaryAttribute":"CORE","SecondaryAttribute":"1.0.0","TertiaryAttribute":null,"Payload":null},{"SurveyID":"SV_1MMa94pAS9LMS21","Element":"QC","PrimaryAttribute":"Survey Question Count","SecondaryAttribute":"98","TertiaryAttribute":null,"Payload":null},{"SurveyID":"SV_1MMa94pAS9LMS21","Element":"SQ","PrimaryAttribute":"QID68","SecondaryAttribute":"Any questions, comments, or suggestions for this study?","TertiaryAttribute":null,"Payload":{"QuestionText":"<strong>Any questions, comments, or suggestions for this study?<\/strong><div><strong><br><\/strong><\/div>","DefaultChoices":false,"DataExportTag":"Q63","QuestionType":"TE","Selector":"ML","Configuration":{"QuestionDescriptionOption":"UseText","InputWidth":490,"InputHeight":80},"QuestionDescription":"Any questions, comments, or suggestions for this study?","Validation":{"Settings":{"ForceResponse":"OFF","ForceResponseType":"ON","Type":"None"}},"GradingData":[],"Language":[],"QuestionID":"QID68"}},{"SurveyID":"SV_1MMa94pAS9LMS21","Element":"SQ","PrimaryAttribute":"QID96","SecondaryAttribute":"Consider the two different types of desert items below. Presented with these options, what proportio","TertiaryAttribute":null,"Payload":{"QuestionText":"Consider the two different types of desert items below. Presented with these options, what proportion of people would choose either a cookie or ice cream cone? Please provide your best guess. Note that answers should sum to 100.\n\n<div>&nbsp;<\/div>","DefaultChoices":false,"DataExportTag":"Q84","QuestionType":"CS","Selector":"VRTL","SubSelector":"TX","Configuration":{"QuestionDescriptionOption":"UseText","CSSliderMin":0,"CSSliderMax":100},"QuestionDescription":"Consider the two different types of desert items below. Presented with these options, what proportio...","Choices":{"1":{"Display":"Cookie (choice of either Chocolate Chip, Peanut Butter, or Oatmeal Raisin)"},"2":{"Display":"Ice cream cone (choice of either Chocolate, Vanilla, or Strawberry)"}},"ChoiceOrder":[1,2],"Randomization":{"Advanced":null,"Type":"All","TotalRandSubset":""},"Validation":{"Settings":{"EnforceRange":"ON","Type":"ChoicesTotal","ChoiceTotal":"100"}},"GradingData":[],"Language":[],"Labels":[],"ClarifyingSymbolType":"None","QuestionID":"QID96"}},{"SurveyID":"SV_1MMa94pAS9LMS21","Element":"SQ","PrimaryAttribute":"QID95","SecondaryAttribute":"Consider the two different types of entertainment options below. Presented with these options, what.","TertiaryAttribute":null,"Payload":{"QuestionText":"Consider the two different types of entertainment options below. Presented with these options, what proportion of people would choose either a sporting event or cultural event? Please provide your best guess. Note that answers should sum to 100.\n\n<div>&nbsp;<\/div>","DefaultChoices":false,"DataExportTag":"Q83","QuestionType":"CS","Selector":"VRTL","SubSelector":"TX","Configuration":{"QuestionDescriptionOption":"UseText","CSSliderMin":0,"CSSliderMax":100},"QuestionDescription":"Consider the two different types of entertainment options below. Presented with these options, what...","Choices":{"1":{"Display":"Sporting events (choice of attending either an NFL, NBA, or MLB game)"},"2":{"Display":"Cultural events (choice of attending either the Opera, Theater, or a Musical)"}},"ChoiceOrder":[1,2],"Randomization":{"Advanced":null,"Type":"All","TotalRandSubset":""},"Validation":{"Settings":{"EnforceRange":"ON","Type":"ChoicesTotal","ChoiceTotal":"100"}},"GradingData":[],"Language":[],"Labels":[],"ClarifyingSymbolType":"None","QuestionID":"QID95"}},{"SurveyID":"SV_1MMa94pAS9LMS21","Element":"SQ","PrimaryAttribute":"QID98","SecondaryAttribute":"Consider the two different types of vacation destinations below.\nPresented with these options, what ","TertiaryAttribute":null,"Payload":{"QuestionText":"Consider the two different types of vacation destinations below. Presented with these options, what proportion of people would choose an all expenses paid trip to either a European country or an Asian country? Please provide your best guess. Note that answers should sum to 100.\n\n<div>&nbsp;<\/div>","DefaultChoices":false,"DataExportTag":"Q86","QuestionType":"CS","Selector":"VRTL","SubSelector":"TX","Configuration":{"QuestionDescriptionOption":"UseText","CSSliderMin":0,"CSSliderMax":100},"QuestionDescription":"Consider the two different types of vacation destinations below.\nPresented with these options, what proportion of people would\nchoose an all expenses paid trip to either a European country or an\nAs...","Choices":{"1":{"Display":"European country (choice of either France, Germany, or Italy)"},"2":{"Display":"Asian country (choice of either China, Japan, or Vietnam)"}},"ChoiceOrder":[1,2],"Randomization":{"Advanced":null,"Type":"All","TotalRandSubset":""},"Validation":{"Settings":{"EnforceRange":"ON","Type":"ChoicesTotal","ChoiceTotal":"100"}},"GradingData":[],"Language":[],"Labels":[],"ClarifyingSymbolType":"None","QuestionID":"QID98"}},{"SurveyID":"SV_1MMa94pAS9LMS21","Element":"SQ","PrimaryAttribute":"QID97","SecondaryAttribute":"Consider the two different types of weekend destinations below. Presented with these options, what p","TertiaryAttribute":null,"Payload":{"QuestionText":"Consider the two different types of weekend destinations below. Presented with these options, what proportion of people would choose either to visit a West Coast city or East Coast city? Please provide your best guess. Note that answers should sum to 100.\n\n<div>&nbsp;<\/div>","DefaultChoices":false,"DataExportTag":"Q85","QuestionType":"CS","Selector":"VRTL","SubSelector":"TX","Configuration":{"QuestionDescriptionOption":"UseText","CSSliderMin":0,"CSSliderMax":100},"QuestionDescription":"Consider the two different types of weekend destinations below. Presented with these options, what p...","Choices":{"1":{"Display":"West Coast city (choice of either San Francisco, Portland, or Seattle)"},"2":{"Display":"East Coast city (choice of either Boston, Philadelphia, or Washington D.C.)"}},"ChoiceOrder":[1,2],"Randomization":{"Advanced":null,"Type":"All","TotalRandSubset":""},"Validation":{"Settings":{"EnforceRange":"ON","Type":"ChoicesTotal","ChoiceTotal":"100"}},"GradingData":[],"Language":[],"Labels":[],"ClarifyingSymbolType":"None","QuestionID":"QID97"}},{"SurveyID":"SV_1MMa94pAS9LMS21","Element":"RS","PrimaryAttribute":"RS_cFT22EhtN0cU75j","SecondaryAttribute":"Default Response Set","TertiaryAttribute":null,"Payload":null},{"SurveyID":"SV_1MMa94pAS9LMS21","Element":"SQ","PrimaryAttribute":"QID66","SecondaryAttribute":"How old are you?","TertiaryAttribute":null,"Payload":{"QuestionText":"<strong>How old are you?<\/strong>\n<div><br><\/div>","QuestionJS":"Qualtrics.SurveyEngine.addOnload(function()\n{\n\/*Place Your Javascript Below This Line*\/\nvar inputs = $(this.questionContainer).select('input');\ninputs.each(function(el) {if (el.value == 0) el.value='';});\n});","DefaultChoices":{"1":{"Value":"0"}},"DataExportTag":"Q59","QuestionType":"CS","Selector":"VR","SubSelector":"TX","Configuration":{"QuestionDescriptionOption":"UseText","CSSliderMin":0,"CSSliderMax":100,"CustomStart":true,"SliderStartPositions":{"1":0}},"QuestionDescription":"How old are you?","Choices":{"1":{"Display":"years old"}},"ChoiceOrder":[1],"Validation":{"Settings":{"EnforceRange":"OFF","Type":"None"}},"GradingData":[],"Language":[],"Labels":[],"ClarifyingSymbolType":"None","QuestionID":"QID66"}},{"SurveyID":"SV_1MMa94pAS9LMS21","Element":"SQ","PrimaryAttribute":"QID74","SecondaryAttribute":"I would prefer to live in a city with many cultural opportunities, even if the cost of living was hi","TertiaryAttribute":null,"Payload":{"QuestionText":"I would prefer to live in a city with many cultural opportunities, even if the cost of living was higher.<div><br><\/div>","DataExportTag":"Q65","QuestionType":"MC","Selector":"SAHR","SubSelector":"TX","Configuration":{"QuestionDescriptionOption":"UseText","LabelPosition":"BELOW"},"QuestionDescription":"I would prefer to live in a city with many cultural opportunities, even if the cost of living was hi...","Choices":{"1":{"Display":"Strongly Disagree<br><br>1"},"2":{"Display":"2"},"3":{"Display":"3"},"4":{"Display":"4"},"5":{"Display":"5"},"6":{"Display":"6"},"7":{"Display":"Strongly Agree<br><br>7"}},"ChoiceOrder":[1,2,3,4,5,6,7],"Validation":{"Settings":{"ForceResponse":"OFF","ForceResponseType":"ON","Type":"None"}},"Language":[],"QuestionID":"QID74"}},{"SurveyID":"SV_1MMa94pAS9LMS21","Element":"SQ","PrimaryAttribute":"QID73","SecondaryAttribute":"I would prefer to live in a large city rather than a small city.","TertiaryAttribute":null,"Payload":{"QuestionText":"I would prefer to live in a large city rather than a small city.<div><br><\/div>","DataExportTag":"Q63","QuestionType":"MC","Selector":"SAHR","SubSelector":"TX","Configuration":{"QuestionDescriptionOption":"UseText","LabelPosition":"BELOW"},"QuestionDescription":"I would prefer to live in a large city rather than a small city.","Choices":{"1":{"Display":"Strongly Disagree<br><br>1"},"2":{"Display":"2"},"3":{"Display":"3"},"4":{"Display":"4"},"5":{"Display":"5"},"6":{"Display":"6"},"7":{"Display":"Strongly Agree<br><br>7"}},"ChoiceOrder":[1,2,3,4,5,6,7],"Validation":{"Settings":{"ForceResponse":"OFF","ForceResponseType":"ON","Type":"None"}},"Language":[],"QuestionID":"QID73"}},{"SurveyID":"SV_1MMa94pAS9LMS21","Element":"SQ","PrimaryAttribute":"QID18","SecondaryAttribute":"Imagine you can visit one of the following cities for a weekend, with all expenses covered by a thir","TertiaryAttribute":null,"Payload":{"QuestionText":"<p class=\"p1\">\n\t<span class=\"s1\">Imagine you can visit one of the following cities for a weekend, with all expenses covered by a third party. Which of the following cities would you visit?<\/span><br>\n\t&nbsp;<\/p>\n<p style=\"margin-left: 40px;\">\n\tA. San Francisco<br>\n\tB. Portland<br>\n\tC. Seattle<br>\n\tD. East Coast city (your choice of either Boston, Philadelphia, or Washington D.C.)<\/p>","DefaultChoices":false,"DataExportTag":"Q13","QuestionType":"DB","Selector":"TB","Configuration":{"QuestionDescriptionOption":"UseText"},"QuestionDescription":"Imagine you can visit one of the following cities for a weekend, with all expenses covered by a thir...","DisplayLogic":{"0":{"0":{"LogicType":"EmbeddedField","LeftOperand":"west coast","Operator":"EqualTo","RightOperand":"unpacked","_HiddenExpression":false,"Type":"Expression","Description":"<span class=\"ConjDesc\">If<\/span> <span class=\"QuestionDesc\"><\/span> <span class=\"LeftOpDesc\">west coast<\/span> Is <span class=\"OpDesc\">Equal to<\/span> <span class=\"RightOpDesc\"> unpacked <\/span>"},"1":{"LogicType":"EmbeddedField","LeftOperand":"grouped category","Operator":"EqualTo","RightOperand":"bottom","_HiddenExpression":false,"Type":"Expression","Description":"<span class=\"ConjDesc\">And<\/span> <span class=\"QuestionDesc\"><\/span> <span class=\"LeftOpDesc\">grouped category<\/span> Is <span class=\"OpDesc\">Equal to<\/span> <span class=\"RightOpDesc\"> bottom <\/span>","Conjuction":"And"},"Type":"If"},"Type":"BooleanExpression","inPage":false},"ChoiceOrder":[],"Validation":{"Settings":{"Type":"None"}},"GradingData":[],"Language":[],"QuestionID":"QID18"}},{"SurveyID":"SV_1MMa94pAS9LMS21","Element":"SQ","PrimaryAttribute":"QID19","SecondaryAttribute":"Imagine you can visit one of the following cities for a weekend, with all expenses covered by a thir","TertiaryAttribute":null,"Payload":{"QuestionText":"<p class=\"p1\">\n\t<span class=\"s1\">Imagine you can visit one of the following cities for a weekend, with all expenses covered by a third party. Which of the following cities would you visit?<\/span><br>\n\t&nbsp;<\/p>\n<p class=\"p1\" style=\"margin-left: 40px;\">\n\t<span class=\"s1\">A. Boston<\/span><br>\n\tB. Philadelphia<br>\n\tC. Washington D.C.<br>\n\tD. West Coast city (your choice of either San Francisco, Portland, or Seattle)<\/p>","DefaultChoices":false,"DataExportTag":"Q14","QuestionType":"DB","Selector":"TB","Configuration":{"QuestionDescriptionOption":"UseText"},"QuestionDescription":"Imagine you can visit one of the following cities for a weekend, with all expenses covered by a thir...","DisplayLogic":{"0":{"0":{"LogicType":"EmbeddedField","LeftOperand":"west coast","Operator":"EqualTo","RightOperand":"packed","_HiddenExpression":false,"Type":"Expression","Description":"<span class=\"ConjDesc\">If<\/span> <span class=\"QuestionDesc\"><\/span> <span class=\"LeftOpDesc\">west coast<\/span> Is <span class=\"OpDesc\">Equal to<\/span> <span class=\"RightOpDesc\"> packed <\/span>"},"1":{"LogicType":"EmbeddedField","LeftOperand":"grouped category","Operator":"EqualTo","RightOperand":"bottom","_HiddenExpression":false,"Type":"Expression","Description":"<span class=\"ConjDesc\">And<\/span> <span class=\"QuestionDesc\"><\/span> <span class=\"LeftOpDesc\">grouped category<\/span> Is <span class=\"OpDesc\">Equal to<\/span> <span class=\"RightOpDesc\"> bottom <\/span>","Conjuction":"And"},"Type":"If"},"Type":"BooleanExpression","inPage":false},"ChoiceOrder":[],"Validation":{"Settings":{"Type":"None"}},"GradingData":[],"Language":[],"QuestionID":"QID19"}},{"SurveyID":"SV_1MMa94pAS9LMS21","Element":"SQ","PrimaryAttribute":"QID20","SecondaryAttribute":"Imagine you can visit one of the following cities for a weekend, with all expenses covered by a thir","TertiaryAttribute":null,"Payload":{"QuestionText":"<p class=\"p1\">\n\t<span class=\"s1\">Imagine you can visit one of the following cities for a weekend, with all expenses covered by a third party. Which of the following cities would you visit?<\/span><br>\n\t&nbsp;<\/p>\n<p style=\"margin-left: 40px;\">\n\tA. East Coast city (your choice of either Boston, Philadelphia, or Washington D.C.)<br>\n\tB. San Francisco<br>\n\tC. Portland<br>\n\tD.&nbsp;Seattle<\/p>","DefaultChoices":false,"DataExportTag":"Q15","QuestionType":"DB","Selector":"TB","Configuration":{"QuestionDescriptionOption":"UseText"},"QuestionDescription":"Imagine you can visit one of the following cities for a weekend, with all expenses covered by a thir...","DisplayLogic":{"0":{"0":{"LogicType":"EmbeddedField","LeftOperand":"west coast","Operator":"EqualTo","RightOperand":"unpacked","_HiddenExpression":false,"Type":"Expression","Description":"<span class=\"ConjDesc\">If<\/span> <span class=\"QuestionDesc\"><\/span> <span class=\"LeftOpDesc\">west coast<\/span> Is <span class=\"OpDesc\">Equal to<\/span> <span class=\"RightOpDesc\"> unpacked <\/span>"},"1":{"LogicType":"EmbeddedField","LeftOperand":"grouped category","Operator":"EqualTo","RightOperand":"top","_HiddenExpression":false,"Type":"Expression","Description":"<span class=\"ConjDesc\">And<\/span> <span class=\"QuestionDesc\"><\/span> <span class=\"LeftOpDesc\">grouped category<\/span> Is <span class=\"OpDesc\">Equal to<\/span> <span class=\"RightOpDesc\"> top <\/span>","Conjuction":"And"},"Type":"If"},"Type":"BooleanExpression","inPage":false},"ChoiceOrder":[],"Validation":{"Settings":{"Type":"None"}},"GradingData":[],"Language":[],"QuestionID":"QID20"}},{"SurveyID":"SV_1MMa94pAS9LMS21","Element":"SQ","PrimaryAttribute":"QID21","SecondaryAttribute":"Imagine you can visit one of the following cities for a weekend, with all expenses covered by a thir","TertiaryAttribute":null,"Payload":{"QuestionText":"<p class=\"p1\">\n\t<span class=\"s1\">Imagine you can visit one of the following cities for a weekend, with all expenses covered by a third party. Which of the following cities would you visit?<\/span><br>\n\t&nbsp;<\/p>\n<p class=\"p1\" style=\"margin-left: 40px;\">\n\t<span class=\"s1\">A. West Coast city (your choice of either San Francisco, Portland, or Seattle)<\/span><br>\n\tB. Boston<br>\n\tC. Philadelphia<br>\n\tD.&nbsp;Washington D.C.<\/p>","DefaultChoices":false,"DataExportTag":"Q16","QuestionType":"DB","Selector":"TB","Configuration":{"QuestionDescriptionOption":"UseText"},"QuestionDescription":"Imagine you can visit one of the following cities for a weekend, with all expenses covered by a thir...","DisplayLogic":{"0":{"0":{"LogicType":"EmbeddedField","LeftOperand":"west coast","Operator":"EqualTo","RightOperand":"packed","_HiddenExpression":false,"Type":"Expression","Description":"<span class=\"ConjDesc\">If<\/span> <span class=\"QuestionDesc\"><\/span> <span class=\"LeftOpDesc\">west coast<\/span> Is <span class=\"OpDesc\">Equal to<\/span> <span class=\"RightOpDesc\"> packed <\/span>"},"1":{"LogicType":"EmbeddedField","LeftOperand":"grouped category","Operator":"EqualTo","RightOperand":"top","_HiddenExpression":false,"Type":"Expression","Description":"<span class=\"ConjDesc\">And<\/span> <span class=\"QuestionDesc\"><\/span> <span class=\"LeftOpDesc\">grouped category<\/span> Is <span class=\"OpDesc\">Equal to<\/span> <span class=\"RightOpDesc\"> top <\/span>","Conjuction":"And"},"Type":"If"},"Type":"BooleanExpression","inPage":false},"ChoiceOrder":[],"Validation":{"Settings":{"Type":"None"}},"GradingData":[],"Language":[],"QuestionID":"QID21"}},{"SurveyID":"SV_1MMa94pAS9LMS21","Element":"SQ","PrimaryAttribute":"QID2","SecondaryAttribute":"Imagine you win an all expenses paid trip to one country of your\n choice. Which of the following cou","TertiaryAttribute":null,"Payload":{"QuestionText":"<p>\n\tImagine you win an all expenses paid trip to one country of your choice. Which of the following countries would you prefer to visit?<br>\n\t&nbsp;<\/p>\n<p style=\"margin-left: 40px;\">\n\tA. France<br>\n\tB. Germany<br>\n\tC. Italy<br>\n\tD. Asian country (your choice of either China, Japan, or Vietnam)<\/p>","DefaultChoices":false,"DataExportTag":"Q2","QuestionID":"QID2","QuestionType":"DB","Selector":"TB","Configuration":{"QuestionDescriptionOption":"UseText"},"QuestionDescription":"Imagine you win an all expenses paid trip to one country of your\n choice. Which of the following countries would you prefer to\n visit?\n \u00a0\n\n A. France\n B. Germany\n C. Italy\n D. Asian country (your c...","ChoiceOrder":[],"Validation":{"Settings":{"Type":"None"}},"GradingData":[],"Language":[],"DisplayLogic":{"0":{"0":{"LogicType":"EmbeddedField","LeftOperand":"europe","Operator":"EqualTo","RightOperand":"unpacked","_HiddenExpression":false,"Type":"Expression","Description":"<span class=\"ConjDesc\">If<\/span> <span class=\"QuestionDesc\"><\/span> <span class=\"LeftOpDesc\">europe<\/span> Is <span class=\"OpDesc\">Equal to<\/span> <span class=\"RightOpDesc\"> unpacked <\/span>"},"1":{"LogicType":"EmbeddedField","LeftOperand":"grouped category","Operator":"EqualTo","RightOperand":"bottom","_HiddenExpression":false,"Type":"Expression","Description":"<span class=\"ConjDesc\">And<\/span> <span class=\"QuestionDesc\"><\/span> <span class=\"LeftOpDesc\">grouped category<\/span> Is <span class=\"OpDesc\">Equal to<\/span> <span class=\"RightOpDesc\"> bottom <\/span>","Conjuction":"And"},"Type":"If"},"Type":"BooleanExpression","inPage":false}}},{"SurveyID":"SV_1MMa94pAS9LMS21","Element":"SQ","PrimaryAttribute":"QID4","SecondaryAttribute":"Imagine you win an all expenses paid trip to one country of your choice. Which of the following coun","TertiaryAttribute":null,"Payload":{"QuestionText":"<p>\n\tImagine you win an all expenses paid trip to one country of your choice. Which of the following countries would you prefer to visit?<br>\n\t&nbsp;<\/p>\n<p style=\"margin-left: 40px;\">\n\tA. China<br>\n\tB. Japan<br>\n\tC. Vietnam<br>\n\tD. European country (your choice of either France, Germany, or Italy)<\/p>","DefaultChoices":false,"DataExportTag":"Q4","QuestionType":"DB","Selector":"TB","Configuration":{"QuestionDescriptionOption":"UseText"},"QuestionDescription":"Imagine you win an all expenses paid trip to one country of your choice. Which of the following coun...","ChoiceOrder":[],"Validation":{"Settings":{"Type":"None"}},"GradingData":[],"Language":[],"QuestionID":"QID4","DisplayLogic":{"0":{"0":{"LogicType":"EmbeddedField","LeftOperand":"europe","Operator":"EqualTo","RightOperand":"packed","_HiddenExpression":false,"Type":"Expression","Description":"<span class=\"ConjDesc\">If<\/span> <span class=\"QuestionDesc\"><\/span> <span class=\"LeftOpDesc\">europe<\/span> Is <span class=\"OpDesc\">Equal to<\/span> <span class=\"RightOpDesc\"> packed <\/span>"},"1":{"LogicType":"EmbeddedField","LeftOperand":"grouped category","Operator":"EqualTo","RightOperand":"bottom","_HiddenExpression":false,"Type":"Expression","Description":"<span class=\"ConjDesc\">And<\/span> <span class=\"QuestionDesc\"><\/span> <span class=\"LeftOpDesc\">grouped category<\/span> Is <span class=\"OpDesc\">Equal to<\/span> <span class=\"RightOpDesc\"> bottom <\/span>","Conjuction":"And"},"Type":"If"},"Type":"BooleanExpression","inPage":false}}},{"SurveyID":"SV_1MMa94pAS9LMS21","Element":"SQ","PrimaryAttribute":"QID5","SecondaryAttribute":"Imagine you win an all expenses paid trip to one country of your choice. Which of the following coun","TertiaryAttribute":null,"Payload":{"QuestionText":"<p>\n\tImagine you win an all expenses paid trip to one country of your choice. Which of the following countries would you prefer to visit?<br>\n\t&nbsp;<\/p>\n<p style=\"margin-left: 40px;\">\n\tA. Asian country (your choice of either China, Japan, or Vietnam)<br>\n\tB. France<br>\n\tC. Germany<br>\n\tD. Italy<\/p>","DefaultChoices":false,"DataExportTag":"Q5","QuestionType":"DB","Selector":"TB","Configuration":{"QuestionDescriptionOption":"UseText"},"QuestionDescription":"Imagine you win an all expenses paid trip to one country of your choice. Which of the following coun...","DisplayLogic":{"0":{"0":{"LogicType":"EmbeddedField","LeftOperand":"europe","Operator":"EqualTo","RightOperand":"unpacked","_HiddenExpression":false,"Type":"Expression","Description":"<span class=\"ConjDesc\">If<\/span> <span class=\"QuestionDesc\"><\/span> <span class=\"LeftOpDesc\">europe<\/span> Is <span class=\"OpDesc\">Equal to<\/span> <span class=\"RightOpDesc\"> unpacked <\/span>"},"1":{"LogicType":"EmbeddedField","LeftOperand":"grouped category","Operator":"EqualTo","RightOperand":"top","_HiddenExpression":false,"Type":"Expression","Description":"<span class=\"ConjDesc\">And<\/span> <span class=\"QuestionDesc\"><\/span> <span class=\"LeftOpDesc\">grouped category<\/span> Is <span class=\"OpDesc\">Equal to<\/span> <span class=\"RightOpDesc\"> top <\/span>","Conjuction":"And"},"Type":"If"},"Type":"BooleanExpression","inPage":false},"ChoiceOrder":[],"Validation":{"Settings":{"Type":"None"}},"GradingData":[],"Language":[],"QuestionID":"QID5"}},{"SurveyID":"SV_1MMa94pAS9LMS21","Element":"SQ","PrimaryAttribute":"QID6","SecondaryAttribute":"Imagine you win an all expenses paid trip to one country of your choice. Which of the following coun","TertiaryAttribute":null,"Payload":{"QuestionText":"<p>\n\tImagine you win an all expenses paid trip to one country of your choice. Which of the following countries would you prefer to visit?<br>\n\t&nbsp;<\/p>\n<p style=\"margin-left: 40px;\">\n\tA. European country (your choice of either France, Germany, or Italy)<br>\n\tB. China<br>\n\tC. Japan<br>\n\tD.&nbsp;Vietnam<\/p>","DefaultChoices":false,"DataExportTag":"Q6","QuestionType":"DB","Selector":"TB","Configuration":{"QuestionDescriptionOption":"UseText"},"QuestionDescription":"Imagine you win an all expenses paid trip to one country of your choice. Which of the following coun...","DisplayLogic":{"0":{"0":{"LogicType":"EmbeddedField","LeftOperand":"europe","Operator":"EqualTo","RightOperand":"packed","_HiddenExpression":false,"Type":"Expression","Description":"<span class=\"ConjDesc\">If<\/span> <span class=\"QuestionDesc\"><\/span> <span class=\"LeftOpDesc\">europe<\/span> Is <span class=\"OpDesc\">Equal to<\/span> <span class=\"RightOpDesc\"> packed <\/span>"},"1":{"LogicType":"EmbeddedField","LeftOperand":"grouped category","Operator":"EqualTo","RightOperand":"top","_HiddenExpression":false,"Type":"Expression","Description":"<span class=\"ConjDesc\">And<\/span> <span class=\"QuestionDesc\"><\/span> <span class=\"LeftOpDesc\">grouped category<\/span> Is <span class=\"OpDesc\">Equal to<\/span> <span class=\"RightOpDesc\"> top <\/span>","Conjuction":"And"},"Type":"If"},"Type":"BooleanExpression","inPage":false},"ChoiceOrder":[],"Validation":{"Settings":{"Type":"None"}},"GradingData":[],"Language":[],"QuestionID":"QID6"}},{"SurveyID":"SV_1MMa94pAS9LMS21","Element":"SQ","PrimaryAttribute":"QID13","SecondaryAttribute":"Imagine you win two tickets to one entertainment event of your choice. Which of the following events","TertiaryAttribute":null,"Payload":{"QuestionText":"<p>\n\tImagine you win two tickets to one entertainment event of your choice. Which of the following events would you choose to attend?<br>\n\t&nbsp;<\/p>\n<p style=\"margin-left: 40px;\">\n\tA. NFL game<br>\n\tB. NBA game<br>\n\tC. MLB game<br>\n\tD. Cultural event (your choice of either Opera, Theater, or Musical)<\/p>","DefaultChoices":false,"DataExportTag":"Q8","QuestionType":"DB","Selector":"TB","Configuration":{"QuestionDescriptionOption":"UseText"},"QuestionDescription":"Imagine you win two tickets to one entertainment event of your choice. Which of the following events...","DisplayLogic":{"0":{"0":{"LogicType":"EmbeddedField","LeftOperand":"sporting event","Operator":"EqualTo","RightOperand":"unpacked","_HiddenExpression":false,"Type":"Expression","Description":"<span class=\"ConjDesc\">If<\/span> <span class=\"QuestionDesc\"><\/span> <span class=\"LeftOpDesc\">sporting event<\/span> Is <span class=\"OpDesc\">Equal to<\/span> <span class=\"RightOpDesc\"> unpacked <\/span>"},"1":{"LogicType":"EmbeddedField","LeftOperand":"grouped category","Operator":"EqualTo","RightOperand":"bottom","_HiddenExpression":false,"Type":"Expression","Description":"<span class=\"ConjDesc\">And<\/span> <span class=\"QuestionDesc\"><\/span> <span class=\"LeftOpDesc\">grouped category<\/span> Is <span class=\"OpDesc\">Equal to<\/span> <span class=\"RightOpDesc\"> bottom <\/span>","Conjuction":"And"},"Type":"If"},"Type":"BooleanExpression","inPage":false},"ChoiceOrder":[],"Validation":{"Settings":{"Type":"None"}},"GradingData":[],"Language":[],"QuestionID":"QID13"}},{"SurveyID":"SV_1MMa94pAS9LMS21","Element":"SQ","PrimaryAttribute":"QID14","SecondaryAttribute":"Imagine you win two tickets to one entertainment event of your choice. Which of the following events","TertiaryAttribute":null,"Payload":{"QuestionText":"<p>\n\tImagine you win two tickets to one entertainment event of your choice. Which of the following events would you choose to attend?<br>\n\t&nbsp;<\/p>\n<p style=\"margin-left: 40px;\">\n\tA. Opera<br>\n\tB. Theater<br>\n\tC. Musical<br>\n\tD. Sporting event (your choice of either NFL, NBA, or MLB game)<\/p>","DefaultChoices":false,"DataExportTag":"Q9","QuestionType":"DB","Selector":"TB","Configuration":{"QuestionDescriptionOption":"UseText"},"QuestionDescription":"Imagine you win two tickets to one entertainment event of your choice. Which of the following events...","DisplayLogic":{"0":{"0":{"LogicType":"EmbeddedField","LeftOperand":"sporting event","Operator":"EqualTo","RightOperand":"packed","_HiddenExpression":false,"Type":"Expression","Description":"<span class=\"ConjDesc\">If<\/span> <span class=\"QuestionDesc\"><\/span> <span class=\"LeftOpDesc\">sporting event<\/span> Is <span class=\"OpDesc\">Equal to<\/span> <span class=\"RightOpDesc\"> packed <\/span>"},"1":{"LogicType":"EmbeddedField","LeftOperand":"grouped category","Operator":"EqualTo","RightOperand":"bottom","_HiddenExpression":false,"Type":"Expression","Description":"<span class=\"ConjDesc\">And<\/span> <span class=\"QuestionDesc\"><\/span> <span class=\"LeftOpDesc\">grouped category<\/span> Is <span class=\"OpDesc\">Equal to<\/span> <span class=\"RightOpDesc\"> bottom <\/span>","Conjuction":"And"},"Type":"If"},"Type":"BooleanExpression","inPage":false},"ChoiceOrder":[],"Validation":{"Settings":{"Type":"None"}},"GradingData":[],"Language":[],"QuestionID":"QID14"}},{"SurveyID":"SV_1MMa94pAS9LMS21","Element":"SQ","PrimaryAttribute":"QID15","SecondaryAttribute":"Imagine you win two tickets to one entertainment event of your choice. Which of the following events","TertiaryAttribute":null,"Payload":{"QuestionText":"<p class=\"p1\">\n\tImagine you win two tickets to one entertainment event of your choice. Which of the following events would you choose to attend?<br>\n\t&nbsp;<\/p>\n<p style=\"margin-left: 40px;\">\n\tA. Cultural event (your choice of either Opera, Theater, or Musical)<br>\n\tB. NFL game<br>\n\tC. NBA game<br>\n\tD. MLB game<\/p>","DefaultChoices":false,"DataExportTag":"Q10","QuestionType":"DB","Selector":"TB","Configuration":{"QuestionDescriptionOption":"UseText"},"QuestionDescription":"Imagine you win two tickets to one entertainment event of your choice. Which of the following events...","DisplayLogic":{"0":{"0":{"LogicType":"EmbeddedField","LeftOperand":"sporting event","Operator":"EqualTo","RightOperand":"unpacked","_HiddenExpression":false,"Type":"Expression","Description":"<span class=\"ConjDesc\">If<\/span> <span class=\"QuestionDesc\"><\/span> <span class=\"LeftOpDesc\">sporting event<\/span> Is <span class=\"OpDesc\">Equal to<\/span> <span class=\"RightOpDesc\"> unpacked <\/span>"},"1":{"LogicType":"EmbeddedField","LeftOperand":"grouped category","Operator":"EqualTo","RightOperand":"top","_HiddenExpression":false,"Type":"Expression","Description":"<span class=\"ConjDesc\">And<\/span> <span class=\"QuestionDesc\"><\/span> <span class=\"LeftOpDesc\">grouped category<\/span> Is <span class=\"OpDesc\">Equal to<\/span> <span class=\"RightOpDesc\"> top <\/span>","Conjuction":"And"},"Type":"If"},"Type":"BooleanExpression","inPage":false},"ChoiceOrder":[],"Validation":{"Settings":{"Type":"None"}},"GradingData":[],"Language":[],"QuestionID":"QID15"}},{"SurveyID":"SV_1MMa94pAS9LMS21","Element":"SQ","PrimaryAttribute":"QID16","SecondaryAttribute":"Imagine you win two tickets to one entertainment event of your choice. Which of the following events","TertiaryAttribute":null,"Payload":{"QuestionText":"<p class=\"p1\">\n\tImagine you win two tickets to one entertainment event of your choice. Which of the following events would you choose to attend?<br>\n\t&nbsp;<\/p>\n<p style=\"margin-left: 40px;\">\n\tA. Sporting event (your choice of either NFL, NBA, or MLB game)<br>\n\tB. Opera<br>\n\tC. Theater<br>\n\tD. Musical<\/p>","DefaultChoices":false,"DataExportTag":"Q11","QuestionType":"DB","Selector":"TB","Configuration":{"QuestionDescriptionOption":"UseText"},"QuestionDescription":"Imagine you win two tickets to one entertainment event of your choice. Which of the following events...","DisplayLogic":{"0":{"0":{"LogicType":"EmbeddedField","LeftOperand":"sporting event","Operator":"EqualTo","RightOperand":"packed","_HiddenExpression":false,"Type":"Expression","Description":"<span class=\"ConjDesc\">If<\/span> <span class=\"QuestionDesc\"><\/span> <span class=\"LeftOpDesc\">sporting event<\/span> Is <span class=\"OpDesc\">Equal to<\/span> <span class=\"RightOpDesc\"> packed <\/span>"},"1":{"LogicType":"EmbeddedField","LeftOperand":"grouped category","Operator":"EqualTo","RightOperand":"top","_HiddenExpression":false,"Type":"Expression","Description":"<span class=\"ConjDesc\">And<\/span> <span class=\"QuestionDesc\"><\/span> <span class=\"LeftOpDesc\">grouped category<\/span> Is <span class=\"OpDesc\">Equal to<\/span> <span class=\"RightOpDesc\"> top <\/span>","Conjuction":"And"},"Type":"If"},"Type":"BooleanExpression","inPage":false},"ChoiceOrder":[],"Validation":{"Settings":{"Type":"None"}},"GradingData":[],"Language":[],"QuestionID":"QID16"}},{"SurveyID":"SV_1MMa94pAS9LMS21","Element":"SQ","PrimaryAttribute":"QID23","SecondaryAttribute":"Imagine your office is hosting an afternoon social, and everyone is allowed to select a single desse","TertiaryAttribute":null,"Payload":{"QuestionText":"<p class=\"p1\">\n\t<span class=\"s1\">Imagine your office is hosting an afternoon social, and everyone is allowed to select a single dessert item. Which of the following dessert items would you choose?<\/span><br>\n\t&nbsp;<\/p>\n<p class=\"p1\" style=\"margin-left: 40px;\">\n\t<span class=\"s1\">A. Chocolate Chip cookie<\/span><br>\n\tB. Peanut Butter cookie<br>\n\tC. Oatmeal Raisin cookie<br>\n\tD. Ice cream cone (your choice of either Chocolate, Vanilla, or Strawberry)<\/p>\n<p class=\"p1\" style=\"margin-left: 40px;\">\n\t&nbsp;<\/p>","DefaultChoices":false,"DataExportTag":"Q18","QuestionType":"DB","Selector":"TB","Configuration":{"QuestionDescriptionOption":"UseText"},"QuestionDescription":"Imagine your office is hosting an afternoon social, and everyone is allowed to select a single desse...","DisplayLogic":{"0":{"0":{"LogicType":"EmbeddedField","LeftOperand":"cookies","Operator":"EqualTo","RightOperand":"unpacked","_HiddenExpression":false,"Type":"Expression","Description":"<span class=\"ConjDesc\">If<\/span> <span class=\"QuestionDesc\"><\/span> <span class=\"LeftOpDesc\">cookies<\/span> Is <span class=\"OpDesc\">Equal to<\/span> <span class=\"RightOpDesc\"> unpacked <\/span>"},"1":{"LogicType":"EmbeddedField","LeftOperand":"grouped category","Operator":"EqualTo","RightOperand":"bottom","_HiddenExpression":false,"Type":"Expression","Description":"<span class=\"ConjDesc\">And<\/span> <span class=\"QuestionDesc\"><\/span> <span class=\"LeftOpDesc\">grouped category<\/span> Is <span class=\"OpDesc\">Equal to<\/span> <span class=\"RightOpDesc\"> bottom <\/span>","Conjuction":"And"},"Type":"If"},"Type":"BooleanExpression","inPage":false},"ChoiceOrder":[],"Validation":{"Settings":{"Type":"None"}},"GradingData":[],"Language":[],"QuestionID":"QID23"}},{"SurveyID":"SV_1MMa94pAS9LMS21","Element":"SQ","PrimaryAttribute":"QID24","SecondaryAttribute":"Imagine your office is hosting an afternoon social, and everyone is allowed to select a single desse","TertiaryAttribute":null,"Payload":{"QuestionText":"<p class=\"p1\">\n\t<span class=\"s1\">Imagine your office is hosting an afternoon social, and everyone is allowed to select a single dessert item. Which of the following dessert items would you choose?<\/span><br>\n\t&nbsp;<\/p>\n<p class=\"p1\" style=\"margin-left: 40px;\">\n\tA. Chocolate ice cream cone<br>\n\tB. Vanilla ice cream cone<br>\n\tC. Strawberry ice cream cone<br>\n\tD. Cookie (your choice of either Chocolate Chip, Peanut Butter, or Oatmeal Raisin)<\/p><p class=\"p1\" style=\"margin-left: 40px;\"><br><\/p>","DefaultChoices":false,"DataExportTag":"Q19","QuestionType":"DB","Selector":"TB","Configuration":{"QuestionDescriptionOption":"UseText"},"QuestionDescription":"Imagine your office is hosting an afternoon social, and everyone is allowed to select a single desse...","DisplayLogic":{"0":{"0":{"LogicType":"EmbeddedField","LeftOperand":"cookies","Operator":"EqualTo","RightOperand":"packed","_HiddenExpression":false,"Type":"Expression","Description":"<span class=\"ConjDesc\">If<\/span> <span class=\"QuestionDesc\"><\/span> <span class=\"LeftOpDesc\">cookies<\/span> Is <span class=\"OpDesc\">Equal to<\/span> <span class=\"RightOpDesc\"> packed <\/span>"},"1":{"LogicType":"EmbeddedField","LeftOperand":"grouped category","Operator":"EqualTo","RightOperand":"bottom","_HiddenExpression":false,"Type":"Expression","Description":"<span class=\"ConjDesc\">And<\/span> <span class=\"QuestionDesc\"><\/span> <span class=\"LeftOpDesc\">grouped category<\/span> Is <span class=\"OpDesc\">Equal to<\/span> <span class=\"RightOpDesc\"> bottom <\/span>","Conjuction":"And"},"Type":"If"},"Type":"BooleanExpression","inPage":false},"ChoiceOrder":[],"Validation":{"Settings":{"Type":"None"}},"GradingData":[],"Language":[],"QuestionID":"QID24"}},{"SurveyID":"SV_1MMa94pAS9LMS21","Element":"SQ","PrimaryAttribute":"QID25","SecondaryAttribute":"Imagine your office is hosting an afternoon social, and everyone is allowed to select a single desse","TertiaryAttribute":null,"Payload":{"QuestionText":"<p class=\"p1\">\n\t<span class=\"s1\">Imagine your office is hosting an afternoon social, and everyone is allowed to select a single dessert item. Which of the following dessert items would you choose?<\/span><br>\n\t&nbsp;<\/p>\n<p class=\"p1\" style=\"margin-left: 40px;\">\n\t<span class=\"s1\">A. Ice cream cone (your choice of either Chocolate, Vanilla, or Strawberry)<\/span><br>\n\tB. Chocolate Chip cookie<br>\n\tC. Peanut Butter cookie<br>\n\tD.&nbsp;Oatmeal Raisin cookie<\/p>\n<div>\n\t&nbsp;<\/div>","DefaultChoices":false,"DataExportTag":"Q20","QuestionType":"DB","Selector":"TB","Configuration":{"QuestionDescriptionOption":"UseText"},"QuestionDescription":"Imagine your office is hosting an afternoon social, and everyone is allowed to select a single desse...","DisplayLogic":{"0":{"0":{"LogicType":"EmbeddedField","LeftOperand":"cookies","Operator":"EqualTo","RightOperand":"unpacked","_HiddenExpression":false,"Type":"Expression","Description":"<span class=\"ConjDesc\">If<\/span> <span class=\"QuestionDesc\"><\/span> <span class=\"LeftOpDesc\">cookies<\/span> Is <span class=\"OpDesc\">Equal to<\/span> <span class=\"RightOpDesc\"> unpacked <\/span>"},"1":{"LogicType":"EmbeddedField","LeftOperand":"grouped category","Operator":"EqualTo","RightOperand":"top","_HiddenExpression":false,"Type":"Expression","Description":"<span class=\"ConjDesc\">And<\/span> <span class=\"QuestionDesc\"><\/span> <span class=\"LeftOpDesc\">grouped category<\/span> Is <span class=\"OpDesc\">Equal to<\/span> <span class=\"RightOpDesc\"> top <\/span>","Conjuction":"And"},"Type":"If"},"Type":"BooleanExpression","inPage":false},"ChoiceOrder":[],"Validation":{"Settings":{"Type":"None"}},"GradingData":[],"Language":[],"QuestionID":"QID25"}},{"SurveyID":"SV_1MMa94pAS9LMS21","Element":"SQ","PrimaryAttribute":"QID26","SecondaryAttribute":"Imagine your office is hosting an afternoon social, and everyone is allowed to select a single desse","TertiaryAttribute":null,"Payload":{"QuestionText":"<p class=\"p1\">\n\t<span class=\"s1\">Imagine your office is hosting an afternoon social, and everyone is allowed to select a single dessert item. Which of the following dessert items would you choose?<\/span><br>\n\t&nbsp;<\/p>\n<p class=\"p1\" style=\"margin-left: 40px;\">\n\tA. Cookie (your choice of either Chocolate Chip, Peanut Butter, or Oatmeal Raisin)<br>\n\tB. Chocolate ice cream cone<br>\n\tC. Vanilla ice cream cone<br>\n\tD.&nbsp;Strawberry ice cream cone<\/p><p class=\"p1\" style=\"margin-left: 40px;\"><br><\/p>","DefaultChoices":false,"DataExportTag":"Q21","QuestionType":"DB","Selector":"TB","Configuration":{"QuestionDescriptionOption":"UseText"},"QuestionDescription":"Imagine your office is hosting an afternoon social, and everyone is allowed to select a single desse...","DisplayLogic":{"0":{"0":{"LogicType":"EmbeddedField","LeftOperand":"cookies","Operator":"EqualTo","RightOperand":"packed","_HiddenExpression":false,"Type":"Expression","Description":"<span class=\"ConjDesc\">If<\/span> <span class=\"QuestionDesc\"><\/span> <span class=\"LeftOpDesc\">cookies<\/span> Is <span class=\"OpDesc\">Equal to<\/span> <span class=\"RightOpDesc\"> packed <\/span>"},"1":{"LogicType":"EmbeddedField","LeftOperand":"grouped category","Operator":"EqualTo","RightOperand":"top","_HiddenExpression":false,"Type":"Expression","Description":"<span class=\"ConjDesc\">And<\/span> <span class=\"QuestionDesc\"><\/span> <span class=\"LeftOpDesc\">grouped category<\/span> Is <span class=\"OpDesc\">Equal to<\/span> <span class=\"RightOpDesc\"> top <\/span>","Conjuction":"And"},"Type":"If"},"Type":"BooleanExpression","inPage":false},"ChoiceOrder":[],"Validation":{"Settings":{"Type":"None"}},"GradingData":[],"Language":[],"QuestionID":"QID26"}},{"SurveyID":"SV_1MMa94pAS9LMS21","Element":"SQ","PrimaryAttribute":"QID64","SecondaryAttribute":"Individual Decision Making Study\nThis consent form asks you to take part in a research study at UCLA","TertiaryAttribute":null,"Payload":{"QuestionText":"<div style=\"text-align: center;\">\n\t<span style=\"font-size:16px;\"><strong>Individual Decision Making Study<\/strong><\/span><\/div>\n<br>\n<span style=\"font-size:16px;\">This consent form asks you to take part in a research study at UCLA. You must be at least 18 years old to participate.<br>\n<br>\nThis research study is designed to examine how people make judgments and decisions. You will be asked questions about your attitudes, beliefs, and\/or preferences. None of the material will involve sensitive topics.<br>\n<br>\nYour participation in this study will be confidential and purely voluntary. If you choose, you may stop participating in the study at any time. Refusal to participate will not have any adverse consequences.<br>\n<br>\nYou are free to skip any questions in the study that you do not want to answer and you may withdraw from this study at any time without penalty. If you have concerns that you want to discuss with the investigators, they will be happy to speak with you further. You may ask questions about the study at any time, or contact Craig Fox's lab manager Michael Creim at mcreim@ucla.edu.<br><br>\n<\/span><div><span style=\"font-size:16px;\">There are no anticipated risks or benefits associated with this study. If you have any questions about your rights as a research subject, contact the Office for Protection of Research Subjects, UCLA, 11000 Kinross Avenue, Suite 102, Box 951694, Los Angeles, CA 90095-1694, (310) 825-7122.<br>\n<br>\n<em>I have read the above. I understand that my participation is entirely voluntary. I agree to participate with the understanding that I may withdraw at any time. I am at least 18 years old.&nbsp;<\/em><\/span><\/div>","DefaultChoices":false,"DataExportTag":"Q55","QuestionType":"DB","Selector":"TB","Configuration":{"QuestionDescriptionOption":"UseText"},"QuestionDescription":"Individual Decision Making Study\nThis consent form asks you to take part in a research study at UCLA...","ChoiceOrder":[],"Validation":{"Settings":{"Type":"None"}},"GradingData":[],"Language":[],"QuestionID":"QID64"}},{"SurveyID":"SV_1MMa94pAS9LMS21","Element":"SQ","PrimaryAttribute":"QID65","SecondaryAttribute":"Please indicate your sex:\n\n\t\u00a0","TertiaryAttribute":null,"Payload":{"QuestionText":"<strong>Please indicate your sex:<\/strong>\n<div>\n\t&nbsp;<\/div>","DataExportTag":"Q57","QuestionType":"MC","Selector":"SAVR","SubSelector":"TX","Configuration":{"QuestionDescriptionOption":"UseText"},"QuestionDescription":"Please indicate your sex:\n\n\t\u00a0","Choices":{"1":{"Display":"Male"},"2":{"Display":"Female"}},"ChoiceOrder":["1","2"],"Validation":{"Settings":{"ForceResponse":"ON","ForceResponseType":"ON","Type":"None"}},"Language":[],"QuestionID":"QID65"}},{"SurveyID":"SV_1MMa94pAS9LMS21","Element":"SQ","PrimaryAttribute":"QID76","SecondaryAttribute":"Thank you for expressing interest to participate in this study.\nUnfortunately it has been determined","TertiaryAttribute":null,"Payload":{"QuestionText":"Thank you for expressing interest to participate in this study.<br>\n<br>\nUnfortunately it has been determined that you are not eligible to complete this survey based upon your response to the previous questions. Please exit this survey and return the HIT.<br><div><br><\/div>","QuestionJS":"Qualtrics.SurveyEngine.addOnload(function()\n{\n\/*Place Your Javascript Below This Line*\/\n $('PreviousButton').hide() \n \n});","DataExportTag":"Q65","QuestionType":"MC","Selector":"SAVR","SubSelector":"TX","Configuration":{"QuestionDescriptionOption":"UseText"},"QuestionDescription":"Thank you for expressing interest to participate in this study.\nUnfortunately it has been determined...","Choices":[],"ChoiceOrder":[],"Validation":{"Settings":{"ForceResponse":"OFF","ForceResponseType":"ON","Type":"None"}},"Language":[],"QuestionID":"QID76"}},{"SurveyID":"SV_1MMa94pAS9LMS21","Element":"SQ","PrimaryAttribute":"QID77","SecondaryAttribute":"Timing","TertiaryAttribute":null,"Payload":{"QuestionText":"Timing","DefaultChoices":false,"DataExportTag":"Q67","QuestionType":"Timing","Selector":"PageTimer","SubSelector":"undefined","Configuration":{"QuestionDescriptionOption":"UseText","MinSeconds":9999,"MaxSeconds":"0"},"QuestionDescription":"Timing","Choices":{"1":{"Display":"First Click"},"2":{"Display":"Last Click"},"3":{"Display":"Page Submit"},"4":{"Display":"Click Count"}},"GradingData":[],"Language":[],"QuestionID":"QID77"}},{"SurveyID":"SV_1MMa94pAS9LMS21","Element":"SQ","PrimaryAttribute":"QID71","SecondaryAttribute":"Very \u00a0good. Some final questions before you complete the survey:","TertiaryAttribute":null,"Payload":{"QuestionText":"<strong>Very &nbsp;good. Some final questions before you complete the survey:<\/strong><br \/>\n<br \/>","DefaultChoices":false,"DataExportTag":"Q61","QuestionType":"DB","Selector":"TB","Configuration":{"QuestionDescriptionOption":"UseText"},"QuestionDescription":"Very \u00a0good. Some final questions before you complete the survey:","ChoiceOrder":[],"Validation":{"Settings":{"Type":"None"}},"GradingData":[],"Language":[],"QuestionID":"QID71"}},{"SurveyID":"SV_1MMa94pAS9LMS21","Element":"SQ","PrimaryAttribute":"QID75","SecondaryAttribute":"Very good. The study will now begin.For this part of the study, you will make a series of judgments.","TertiaryAttribute":null,"Payload":{"QuestionText":"<div>Very good. The study will now begin.<\/div><div><br><\/div><div>For this part of the study, you will make a series of judgments and choices. Please give your honest response to each question.<\/div><div><br><\/div>","DefaultChoices":false,"DataExportTag":"Q67","QuestionType":"DB","Selector":"TB","Configuration":{"QuestionDescriptionOption":"UseText"},"QuestionDescription":"Very good. The study will now begin.For this part of the study, you will make a series of judgments...","ChoiceOrder":[],"Validation":{"Settings":{"Type":"None"}},"GradingData":[],"Language":[],"QuestionID":"QID75"}},{"SurveyID":"SV_1MMa94pAS9LMS21","Element":"SQ","PrimaryAttribute":"QID72","SecondaryAttribute":"Welcome,This study requires you to voice your opinion using the scales below. It is important that y","TertiaryAttribute":null,"Payload":{"QuestionText":"<div>Welcome,<\/div><div><br><\/div><div>This study requires you to voice your opinion using the scales below. It is important that you take the time to read all instructions and that you read questions carefully before you answer them. Previous research on preferences has found that some people do not take the time to read everything that is displayed in the questionnaire. The questions below serve to test whether you actually take the time to do so. Therefore, if you read this, please answer 'four' on the first question, add three to that number and use the result as the answer on the second question. Thank you for participating and taking the time to read all instructions.<\/div>","DefaultChoices":false,"DataExportTag":"Q61","QuestionType":"DB","Selector":"TB","Configuration":{"QuestionDescriptionOption":"UseText"},"QuestionDescription":"Welcome,This study requires you to voice your opinion using the scales below. It is important that y...","ChoiceOrder":[],"Validation":{"Settings":{"Type":"None"}},"GradingData":[],"Language":[],"QuestionID":"QID72"}},{"SurveyID":"SV_1MMa94pAS9LMS21","Element":"SQ","PrimaryAttribute":"QID22","SecondaryAttribute":"Which city would you visit?\u00a0 (Please list one city below)\n\n\t\n\t\u00a0","TertiaryAttribute":null,"Payload":{"QuestionText":"<p class=\"p1\">\n\t<span class=\"s1\"><i>Which city would you visit?&nbsp; (Please list <\/i><\/span><u><span class=\"s2\"><i>one<\/i><\/span><\/u><span class=\"s1\"><i> city below)<\/i><\/span><\/p>\n<p>\n\t<br \/>\n\t&nbsp;<\/p>","DefaultChoices":false,"DataExportTag":"Q17","QuestionType":"TE","Selector":"SL","Configuration":{"QuestionDescriptionOption":"UseText","InputWidth":240},"QuestionDescription":"Which city would you visit?\u00a0 (Please list one city below)\n\n\t\n\t\u00a0","Validation":{"Settings":{"ForceResponse":"OFF","ForceResponseType":"ON","Type":"CustomValidation","ValidDateType":"DateWithFormat","ValidPhoneType":"ValidUSPhone","ValidZipType":"ValidUSZip","CustomValidation":{"Logic":{"0":{"0":{"QuestionID":"QID22","QuestionIsInLoop":"no","ChoiceLocator":"q:\/\/QID22\/ChoiceTextEntryValue","Operator":"EqualTo","QuestionIDFromLocator":"QID22","LeftOperand":"q:\/\/QID22\/ChoiceTextEntryValue","RightOperand":"San Francisco","IgnoreCase":1,"Type":"Expression","LogicType":"Question","Description":"<span class=\"ConjDesc\">If<\/span> <span class=\"QuestionDesc\">\n\tWhich event would you attend?&amp;nbsp; (Please list one be...<\/span> <span class=\"LeftOpDesc\">Text Response<\/span> Is <span class=\"OpDesc\">Equal to<\/span> <span class=\"RightOpDesc\"> San Francisco <\/span>"},"1":{"QuestionID":"QID22","QuestionIsInLoop":"no","ChoiceLocator":"q:\/\/QID22\/ChoiceTextEntryValue","Operator":"EqualTo","QuestionIDFromLocator":"QID22","LeftOperand":"q:\/\/QID22\/ChoiceTextEntryValue","RightOperand":"Portland","IgnoreCase":1,"Type":"Expression","LogicType":"Question","Description":"<span class=\"ConjDesc\">Or<\/span> <span class=\"QuestionDesc\">\n\tWhich event would you attend?&amp;nbsp; (Please list one be...<\/span> <span class=\"LeftOpDesc\">Text Response<\/span> Is <span class=\"OpDesc\">Equal to<\/span> <span class=\"RightOpDesc\"> Portland <\/span>","Conjuction":"Or"},"2":{"QuestionID":"QID22","QuestionIsInLoop":"no","ChoiceLocator":"q:\/\/QID22\/ChoiceTextEntryValue","Operator":"EqualTo","QuestionIDFromLocator":"QID22","LeftOperand":"q:\/\/QID22\/ChoiceTextEntryValue","RightOperand":"Seattle","IgnoreCase":1,"Type":"Expression","LogicType":"Question","Description":"<span class=\"ConjDesc\">Or<\/span> <span class=\"QuestionDesc\">\n\tWhich event would you attend?&amp;nbsp; (Please list one be...<\/span> <span class=\"LeftOpDesc\">Text Response<\/span> Is <span class=\"OpDesc\">Equal to<\/span> <span class=\"RightOpDesc\"> Seattle <\/span>","Conjuction":"Or"},"3":{"QuestionID":"QID22","QuestionIsInLoop":"no","ChoiceLocator":"q:\/\/QID22\/ChoiceTextEntryValue","Operator":"EqualTo","QuestionIDFromLocator":"QID22","LeftOperand":"q:\/\/QID22\/ChoiceTextEntryValue","RightOperand":"Boston","IgnoreCase":1,"Type":"Expression","LogicType":"Question","Description":"<span class=\"ConjDesc\">Or<\/span> <span class=\"QuestionDesc\">\n\tWhich event would you attend?&amp;nbsp; (Please list one be...<\/span> <span class=\"LeftOpDesc\">Text Response<\/span> Is <span class=\"OpDesc\">Equal to<\/span> <span class=\"RightOpDesc\"> Boston <\/span>","Conjuction":"Or"},"4":{"QuestionID":"QID22","QuestionIsInLoop":"no","ChoiceLocator":"q:\/\/QID22\/ChoiceTextEntryValue","Operator":"EqualTo","QuestionIDFromLocator":"QID22","LeftOperand":"q:\/\/QID22\/ChoiceTextEntryValue","RightOperand":"Philadelphia","IgnoreCase":1,"Type":"Expression","LogicType":"Question","Description":"<span class=\"ConjDesc\">Or<\/span> <span class=\"QuestionDesc\">\n\tWhich event would you attend?&amp;nbsp; (Please list one be...<\/span> <span class=\"LeftOpDesc\">Text Response<\/span> Is <span class=\"OpDesc\">Equal to<\/span> <span class=\"RightOpDesc\"> Philadelphia <\/span>","Conjuction":"Or"},"5":{"QuestionID":"QID22","QuestionIsInLoop":"no","ChoiceLocator":"q:\/\/QID22\/ChoiceTextEntryValue","Operator":"EqualTo","QuestionIDFromLocator":"QID22","LeftOperand":"q:\/\/QID22\/ChoiceTextEntryValue","RightOperand":"Washington","IgnoreCase":1,"Type":"Expression","LogicType":"Question","Description":"<span class=\"ConjDesc\">Or<\/span> <span class=\"QuestionDesc\">\n\tWhich event would you attend?&amp;nbsp; (Please list one be...<\/span> <span class=\"LeftOpDesc\">Text Response<\/span> Is <span class=\"OpDesc\">Equal to<\/span> <span class=\"RightOpDesc\"> Washington <\/span>","Conjuction":"Or"},"6":{"QuestionID":"QID22","QuestionIsInLoop":"no","ChoiceLocator":"q:\/\/QID22\/ChoiceTextEntryValue","Operator":"EqualTo","QuestionIDFromLocator":"QID22","LeftOperand":"q:\/\/QID22\/ChoiceTextEntryValue","RightOperand":"Washington D.C.","IgnoreCase":1,"Type":"Expression","LogicType":"Question","Description":"<span class=\"ConjDesc\">Or<\/span> <span class=\"QuestionDesc\">\n\tWhich event would you attend?&amp;nbsp; (Please list one be...<\/span> <span class=\"LeftOpDesc\">Text Response<\/span> Is <span class=\"OpDesc\">Equal to<\/span> <span class=\"RightOpDesc\"> Washington D.C. <\/span>","Conjuction":"Or"},"Type":"If"},"Type":"BooleanExpression"},"Message":{"messageID":"MS_9GFXKqeSNeYbkR7","subMessageID":"VE_FORCE_RESPONSE","libraryID":"URH_9nOgBhIVsJKAsfO","description":"Require response"}}}},"GradingData":[],"Language":[],"QuestionID":"QID22"}},{"SurveyID":"SV_1MMa94pAS9LMS21","Element":"SQ","PrimaryAttribute":"QID3","SecondaryAttribute":"Which country would you choose?\u00a0 (Please list one country name below)","TertiaryAttribute":null,"Payload":{"QuestionText":"<p>\n\t<em>Which country would you choose?&nbsp; (Please list <u>one<\/u> country name below)<\/em><\/p>","DefaultChoices":false,"DataExportTag":"Q3","QuestionType":"TE","Selector":"SL","Configuration":{"QuestionDescriptionOption":"UseText","InputWidth":230},"QuestionDescription":"Which country would you choose?\u00a0 (Please list one country name below)","Validation":{"Settings":{"ForceResponse":"OFF","ForceResponseType":"ON","Type":"CustomValidation","ValidDateType":"DateWithFormat","ValidPhoneType":"ValidUSPhone","ValidZipType":"ValidUSZip","CustomValidation":{"Logic":{"0":{"0":{"QuestionID":"QID3","QuestionIsInLoop":"no","ChoiceLocator":"q:\/\/QID3\/ChoiceTextEntryValue","Operator":"EqualTo","QuestionIDFromLocator":"QID3","LeftOperand":"q:\/\/QID3\/ChoiceTextEntryValue","RightOperand":"France","IgnoreCase":1,"Type":"Expression","LogicType":"Question","Description":"<span class=\"ConjDesc\">If<\/span> <span class=\"QuestionDesc\">\n\tWhich country would you choose?&amp;nbsp; (Please list one ...<\/span> <span class=\"LeftOpDesc\">Text Response<\/span> Is <span class=\"OpDesc\">Equal to<\/span> <span class=\"RightOpDesc\"> France <\/span>"},"1":{"QuestionID":"QID3","QuestionIsInLoop":"no","ChoiceLocator":"q:\/\/QID3\/ChoiceTextEntryValue","Operator":"EqualTo","QuestionIDFromLocator":"QID3","LeftOperand":"q:\/\/QID3\/ChoiceTextEntryValue","RightOperand":"Germany","IgnoreCase":1,"Type":"Expression","LogicType":"Question","Description":"<span class=\"ConjDesc\">Or<\/span> <span class=\"QuestionDesc\">\n\tWhich country would you choose?&amp;nbsp; (Please list one ...<\/span> <span class=\"LeftOpDesc\">Text Response<\/span> Is <span class=\"OpDesc\">Equal to<\/span> <span class=\"RightOpDesc\"> Germany <\/span>","Conjuction":"Or"},"2":{"QuestionID":"QID3","QuestionIsInLoop":"no","ChoiceLocator":"q:\/\/QID3\/ChoiceTextEntryValue","Operator":"EqualTo","QuestionIDFromLocator":"QID3","LeftOperand":"q:\/\/QID3\/ChoiceTextEntryValue","RightOperand":"Italy","IgnoreCase":1,"Type":"Expression","LogicType":"Question","Description":"<span class=\"ConjDesc\">Or<\/span> <span class=\"QuestionDesc\">\n\tWhich country would you choose?&amp;nbsp; (Please list one ...<\/span> <span class=\"LeftOpDesc\">Text Response<\/span> Is <span class=\"OpDesc\">Equal to<\/span> <span class=\"RightOpDesc\"> Italy <\/span>","Conjuction":"Or"},"3":{"QuestionID":"QID3","QuestionIsInLoop":"no","ChoiceLocator":"q:\/\/QID3\/ChoiceTextEntryValue","Operator":"EqualTo","QuestionIDFromLocator":"QID3","LeftOperand":"q:\/\/QID3\/ChoiceTextEntryValue","RightOperand":"China","IgnoreCase":1,"Type":"Expression","LogicType":"Question","Description":"<span class=\"ConjDesc\">Or<\/span> <span class=\"QuestionDesc\">\n\tWhich country would you choose?&amp;nbsp; (Please list one ...<\/span> <span class=\"LeftOpDesc\">Text Response<\/span> Is <span class=\"OpDesc\">Equal to<\/span> <span class=\"RightOpDesc\"> China <\/span>","Conjuction":"Or"},"4":{"QuestionID":"QID3","QuestionIsInLoop":"no","ChoiceLocator":"q:\/\/QID3\/ChoiceTextEntryValue","Operator":"EqualTo","QuestionIDFromLocator":"QID3","LeftOperand":"q:\/\/QID3\/ChoiceTextEntryValue","RightOperand":"Japan","IgnoreCase":1,"Type":"Expression","LogicType":"Question","Description":"<span class=\"ConjDesc\">Or<\/span> <span class=\"QuestionDesc\">\n\tWhich country would you choose?&amp;nbsp; (Please list one ...<\/span> <span class=\"LeftOpDesc\">Text Response<\/span> Is <span class=\"OpDesc\">Equal to<\/span> <span class=\"RightOpDesc\"> Japan <\/span>","Conjuction":"Or"},"5":{"QuestionID":"QID3","QuestionIsInLoop":"no","ChoiceLocator":"q:\/\/QID3\/ChoiceTextEntryValue","Operator":"EqualTo","QuestionIDFromLocator":"QID3","LeftOperand":"q:\/\/QID3\/ChoiceTextEntryValue","RightOperand":"Vietnam","IgnoreCase":1,"Type":"Expression","LogicType":"Question","Description":"<span class=\"ConjDesc\">Or<\/span> <span class=\"QuestionDesc\">\n\tWhich country would you choose?&amp;nbsp; (Please list one ...<\/span> <span class=\"LeftOpDesc\">Text Response<\/span> Is <span class=\"OpDesc\">Equal to<\/span> <span class=\"RightOpDesc\"> Vietnam <\/span>","Conjuction":"Or"},"Type":"If"},"Type":"BooleanExpression"},"Message":{"messageID":"MS_9GFXKqeSNeYbkR7","subMessageID":"VE_FORCE_RESPONSE","libraryID":"URH_9nOgBhIVsJKAsfO","description":"Require response"}}}},"GradingData":[],"Language":[],"QuestionID":"QID3","DataVisibility":{"Private":false,"Hidden":false}}},{"SurveyID":"SV_1MMa94pAS9LMS21","Element":"SQ","PrimaryAttribute":"QID27","SecondaryAttribute":"Which dessert item would you choose?\u00a0 (Please list one below)\n\n\t\n\t\u00a0","TertiaryAttribute":null,"Payload":{"QuestionText":"<p class=\"p1\">\n\t<span class=\"s1\"><i>Which dessert item would you choose?&nbsp; (Please list <\/i><\/span><u><span class=\"s2\"><i>one<\/i><\/span><\/u><span class=\"s1\"><i> below)<\/i><\/span><\/p>\n<p>\n\t<br \/>\n\t&nbsp;<\/p>","DefaultChoices":false,"DataExportTag":"Q22","QuestionType":"TE","Selector":"SL","Configuration":{"QuestionDescriptionOption":"UseText","InputWidth":240},"QuestionDescription":"Which dessert item would you choose?\u00a0 (Please list one below)\n\n\t\n\t\u00a0","Validation":{"Settings":{"ForceResponse":"OFF","ForceResponseType":"ON","Type":"CustomValidation","ValidDateType":"DateWithFormat","ValidPhoneType":"ValidUSPhone","ValidZipType":"ValidUSZip","CustomValidation":{"Logic":{"0":{"0":{"QuestionID":"QID27","QuestionIsInLoop":"no","ChoiceLocator":"q:\/\/QID27\/ChoiceTextEntryValue","Operator":"EqualTo","QuestionIDFromLocator":"QID27","LeftOperand":"q:\/\/QID27\/ChoiceTextEntryValue","RightOperand":"Chocolate chip","IgnoreCase":1,"Type":"Expression","LogicType":"Question","Description":"<span class=\"ConjDesc\">If<\/span> <span class=\"QuestionDesc\">\n\tWhich city would you visit?&amp;nbsp; (Please list one city...<\/span> <span class=\"LeftOpDesc\">Text Response<\/span> Is <span class=\"OpDesc\">Equal to<\/span> <span class=\"RightOpDesc\"> Chocolate chip <\/span>"},"1":{"QuestionID":"QID27","QuestionIsInLoop":"no","ChoiceLocator":"q:\/\/QID27\/ChoiceTextEntryValue","Operator":"EqualTo","QuestionIDFromLocator":"QID27","LeftOperand":"q:\/\/QID27\/ChoiceTextEntryValue","RightOperand":"Chocolate chip cookie","IgnoreCase":1,"Type":"Expression","LogicType":"Question","Description":"<span class=\"ConjDesc\">Or<\/span> <span class=\"QuestionDesc\">\n\tWhich city would you visit?&amp;nbsp; (Please list one city...<\/span> <span class=\"LeftOpDesc\">Text Response<\/span> Is <span class=\"OpDesc\">Equal to<\/span> <span class=\"RightOpDesc\"> Chocolate chip cookie <\/span>","Conjuction":"Or"},"2":{"QuestionID":"QID27","QuestionIsInLoop":"no","ChoiceLocator":"q:\/\/QID27\/ChoiceTextEntryValue","Operator":"EqualTo","QuestionIDFromLocator":"QID27","LeftOperand":"q:\/\/QID27\/ChoiceTextEntryValue","RightOperand":"Oatmeal Raisin","IgnoreCase":1,"Type":"Expression","LogicType":"Question","Description":"<span class=\"ConjDesc\">Or<\/span> <span class=\"QuestionDesc\">\n\tWhich city would you visit?&amp;nbsp; (Please list one city...<\/span> <span class=\"LeftOpDesc\">Text Response<\/span> Is <span class=\"OpDesc\">Equal to<\/span> <span class=\"RightOpDesc\"> Oatmeal Raisin <\/span>","Conjuction":"Or"},"3":{"QuestionID":"QID27","QuestionIsInLoop":"no","ChoiceLocator":"q:\/\/QID27\/ChoiceTextEntryValue","Operator":"EqualTo","QuestionIDFromLocator":"QID27","LeftOperand":"q:\/\/QID27\/ChoiceTextEntryValue","RightOperand":"Oatmeal Raisin cookie","IgnoreCase":1,"Type":"Expression","LogicType":"Question","Description":"<span class=\"ConjDesc\">Or<\/span> <span class=\"QuestionDesc\">\n\tWhich city would you visit?&amp;nbsp; (Please list one city...<\/span> <span class=\"LeftOpDesc\">Text Response<\/span> Is <span class=\"OpDesc\">Equal to<\/span> <span class=\"RightOpDesc\"> Oatmeal Raisin cookie <\/span>","Conjuction":"Or"},"4":{"QuestionID":"QID27","QuestionIsInLoop":"no","ChoiceLocator":"q:\/\/QID27\/ChoiceTextEntryValue","Operator":"EqualTo","QuestionIDFromLocator":"QID27","LeftOperand":"q:\/\/QID27\/ChoiceTextEntryValue","RightOperand":"Peanut Butter","IgnoreCase":1,"Type":"Expression","LogicType":"Question","Description":"<span class=\"ConjDesc\">Or<\/span> <span class=\"QuestionDesc\">\n\tWhich city would you visit?&amp;nbsp; (Please list one city...<\/span> <span class=\"LeftOpDesc\">Text Response<\/span> Is <span class=\"OpDesc\">Equal to<\/span> <span class=\"RightOpDesc\"> Peanut Butter <\/span>","Conjuction":"Or"},"5":{"QuestionID":"QID27","QuestionIsInLoop":"no","ChoiceLocator":"q:\/\/QID27\/ChoiceTextEntryValue","Operator":"EqualTo","QuestionIDFromLocator":"QID27","LeftOperand":"q:\/\/QID27\/ChoiceTextEntryValue","RightOperand":"Peanut Butter cookie","IgnoreCase":1,"Type":"Expression","LogicType":"Question","Description":"<span class=\"ConjDesc\">Or<\/span> <span class=\"QuestionDesc\">\n\tWhich city would you visit?&amp;nbsp; (Please list one city...<\/span> <span class=\"LeftOpDesc\">Text Response<\/span> Is <span class=\"OpDesc\">Equal to<\/span> <span class=\"RightOpDesc\"> Peanut Butter cookie <\/span>","Conjuction":"Or"},"6":{"QuestionID":"QID27","QuestionIsInLoop":"no","ChoiceLocator":"q:\/\/QID27\/ChoiceTextEntryValue","Operator":"EqualTo","QuestionIDFromLocator":"QID27","LeftOperand":"q:\/\/QID27\/ChoiceTextEntryValue","RightOperand":"Chocolate ice cream","IgnoreCase":1,"Type":"Expression","LogicType":"Question","Description":"<span class=\"ConjDesc\">Or<\/span> <span class=\"QuestionDesc\">\n\tWhich city would you visit?&amp;nbsp; (Please list one city...<\/span> <span class=\"LeftOpDesc\">Text Response<\/span> Is <span class=\"OpDesc\">Equal to<\/span> <span class=\"RightOpDesc\"> Chocolate ice cream <\/span>","Conjuction":"Or"},"7":{"QuestionID":"QID27","QuestionIsInLoop":"no","ChoiceLocator":"q:\/\/QID27\/ChoiceTextEntryValue","Operator":"EqualTo","QuestionIDFromLocator":"QID27","LeftOperand":"q:\/\/QID27\/ChoiceTextEntryValue","RightOperand":"Chocolate ice cream cone","IgnoreCase":1,"Type":"Expression","LogicType":"Question","Description":"<span class=\"ConjDesc\">Or<\/span> <span class=\"QuestionDesc\">\n\tWhich city would you visit?&amp;nbsp; (Please list one city...<\/span> <span class=\"LeftOpDesc\">Text Response<\/span> Is <span class=\"OpDesc\">Equal to<\/span> <span class=\"RightOpDesc\"> Chocolate ice cream cone <\/span>","Conjuction":"Or"},"8":{"QuestionID":"QID27","QuestionIsInLoop":"no","ChoiceLocator":"q:\/\/QID27\/ChoiceTextEntryValue","Operator":"EqualTo","QuestionIDFromLocator":"QID27","LeftOperand":"q:\/\/QID27\/ChoiceTextEntryValue","RightOperand":"Vanilla","IgnoreCase":1,"Type":"Expression","LogicType":"Question","Description":"<span class=\"ConjDesc\">Or<\/span> <span class=\"QuestionDesc\">\n\tWhich city would you visit?&amp;nbsp; (Please list one city...<\/span> <span class=\"LeftOpDesc\">Text Response<\/span> Is <span class=\"OpDesc\">Equal to<\/span> <span class=\"RightOpDesc\"> Vanilla <\/span>","Conjuction":"Or"},"9":{"QuestionID":"QID27","QuestionIsInLoop":"no","ChoiceLocator":"q:\/\/QID27\/ChoiceTextEntryValue","Operator":"EqualTo","QuestionIDFromLocator":"QID27","LeftOperand":"q:\/\/QID27\/ChoiceTextEntryValue","RightOperand":"Vanilla ice cream","IgnoreCase":1,"Type":"Expression","LogicType":"Question","Description":"<span class=\"ConjDesc\">Or<\/span> <span class=\"QuestionDesc\">\n\tWhich city would you visit?&amp;nbsp; (Please list one city...<\/span> <span class=\"LeftOpDesc\">Text Response<\/span> Is <span class=\"OpDesc\">Equal to<\/span> <span class=\"RightOpDesc\"> Vanilla ice cream <\/span>","Conjuction":"Or"},"10":{"QuestionID":"QID27","QuestionIsInLoop":"no","ChoiceLocator":"q:\/\/QID27\/ChoiceTextEntryValue","Operator":"EqualTo","QuestionIDFromLocator":"QID27","LeftOperand":"q:\/\/QID27\/ChoiceTextEntryValue","RightOperand":"Vanilla ice cream cone","IgnoreCase":1,"Type":"Expression","LogicType":"Question","Description":"<span class=\"ConjDesc\">Or<\/span> <span class=\"QuestionDesc\">\n\tWhich city would you visit?&amp;nbsp; (Please list one city...<\/span> <span class=\"LeftOpDesc\">Text Response<\/span> Is <span class=\"OpDesc\">Equal to<\/span> <span class=\"RightOpDesc\"> Vanilla ice cream cone <\/span>","Conjuction":"Or"},"11":{"QuestionID":"QID27","QuestionIsInLoop":"no","ChoiceLocator":"q:\/\/QID27\/ChoiceTextEntryValue","Operator":"EqualTo","QuestionIDFromLocator":"QID27","LeftOperand":"q:\/\/QID27\/ChoiceTextEntryValue","RightOperand":"Strawberry","IgnoreCase":1,"Type":"Expression","LogicType":"Question","Description":"<span class=\"ConjDesc\">Or<\/span> <span class=\"QuestionDesc\">\n\tWhich city would you visit?&amp;nbsp; (Please list one city...<\/span> <span class=\"LeftOpDesc\">Text Response<\/span> Is <span class=\"OpDesc\">Equal to<\/span> <span class=\"RightOpDesc\"> Strawberry <\/span>","Conjuction":"Or"},"12":{"QuestionID":"QID27","QuestionIsInLoop":"no","ChoiceLocator":"q:\/\/QID27\/ChoiceTextEntryValue","Operator":"EqualTo","QuestionIDFromLocator":"QID27","LeftOperand":"q:\/\/QID27\/ChoiceTextEntryValue","RightOperand":"Strawberry ice cream","IgnoreCase":1,"Type":"Expression","LogicType":"Question","Description":"<span class=\"ConjDesc\">Or<\/span> <span class=\"QuestionDesc\">\n\tWhich city would you visit?&amp;nbsp; (Please list one city...<\/span> <span class=\"LeftOpDesc\">Text Response<\/span> Is <span class=\"OpDesc\">Equal to<\/span> <span class=\"RightOpDesc\"> Strawberry ice cream <\/span>","Conjuction":"Or"},"13":{"QuestionID":"QID27","QuestionIsInLoop":"no","ChoiceLocator":"q:\/\/QID27\/ChoiceTextEntryValue","Operator":"EqualTo","QuestionIDFromLocator":"QID27","LeftOperand":"q:\/\/QID27\/ChoiceTextEntryValue","RightOperand":"Strawberry ice cream cone","IgnoreCase":1,"Type":"Expression","LogicType":"Question","Description":"<span class=\"ConjDesc\">Or<\/span> <span class=\"QuestionDesc\">\n\tWhich city would you visit?&amp;nbsp; (Please list one city...<\/span> <span class=\"LeftOpDesc\">Text Response<\/span> Is <span class=\"OpDesc\">Equal to<\/span> <span class=\"RightOpDesc\"> Strawberry ice cream cone <\/span>","Conjuction":"Or"},"Type":"If"},"Type":"BooleanExpression"},"Message":{"messageID":"MS_9GFXKqeSNeYbkR7","subMessageID":"VE_FORCE_RESPONSE","libraryID":"URH_9nOgBhIVsJKAsfO","description":"Require response"}}}},"GradingData":[],"Language":[],"QuestionID":"QID27"}},{"SurveyID":"SV_1MMa94pAS9LMS21","Element":"SQ","PrimaryAttribute":"QID17","SecondaryAttribute":"Which event would you attend?\u00a0 (Please list one below)\n\t\u00a0","TertiaryAttribute":null,"Payload":{"QuestionText":"<p>\n\t<em>Which event would you attend?&nbsp; (Please list <u>one<\/u> below)<\/em><br \/>\n\t<br \/>\n\t&nbsp;<\/p>","DefaultChoices":false,"DataExportTag":"Q12","QuestionType":"TE","Selector":"SL","Configuration":{"QuestionDescriptionOption":"UseText","InputWidth":240},"QuestionDescription":"Which event would you attend?\u00a0 (Please list one below)\n\t\u00a0","Validation":{"Settings":{"ForceResponse":"OFF","ForceResponseType":"ON","Type":"CustomValidation","ValidDateType":"DateWithFormat","ValidPhoneType":"ValidUSPhone","ValidZipType":"ValidUSZip","CustomValidation":{"Logic":{"0":{"0":{"QuestionID":"QID17","QuestionIsInLoop":"no","ChoiceLocator":"q:\/\/QID17\/ChoiceTextEntryValue","Operator":"EqualTo","QuestionIDFromLocator":"QID17","LeftOperand":"q:\/\/QID17\/ChoiceTextEntryValue","RightOperand":"NFL","IgnoreCase":1,"Type":"Expression","LogicType":"Question","Description":"<span class=\"ConjDesc\">If<\/span> <span class=\"QuestionDesc\">Which event would you attend?&nbsp; (Please list one below)\n\t&nbsp;<\/span> <span class=\"LeftOpDesc\">Text Response<\/span> Is <span class=\"OpDesc\">Equal to<\/span> <span class=\"RightOpDesc\"> NFL <\/span>"},"1":{"QuestionID":"QID17","QuestionIsInLoop":"no","ChoiceLocator":"q:\/\/QID17\/ChoiceTextEntryValue","Operator":"EqualTo","QuestionIDFromLocator":"QID17","LeftOperand":"q:\/\/QID17\/ChoiceTextEntryValue","RightOperand":"MLB","IgnoreCase":1,"Type":"Expression","LogicType":"Question","Description":"<span class=\"ConjDesc\">Or<\/span> <span class=\"QuestionDesc\">Which event would you attend?&nbsp; (Please list one below)\n\t&nbsp;<\/span> <span class=\"LeftOpDesc\">Text Response<\/span> Is <span class=\"OpDesc\">Equal to<\/span> <span class=\"RightOpDesc\"> MLB <\/span>","Conjuction":"Or"},"2":{"QuestionID":"QID17","QuestionIsInLoop":"no","ChoiceLocator":"q:\/\/QID17\/ChoiceTextEntryValue","Operator":"EqualTo","QuestionIDFromLocator":"QID17","LeftOperand":"q:\/\/QID17\/ChoiceTextEntryValue","RightOperand":"NBA","IgnoreCase":1,"Type":"Expression","LogicType":"Question","Description":"<span class=\"ConjDesc\">Or<\/span> <span class=\"QuestionDesc\">Which event would you attend?&nbsp; (Please list one below)\n\t&nbsp;<\/span> <span class=\"LeftOpDesc\">Text Response<\/span> Is <span class=\"OpDesc\">Equal to<\/span> <span class=\"RightOpDesc\"> NBA <\/span>","Conjuction":"Or"},"3":{"QuestionID":"QID17","QuestionIsInLoop":"no","ChoiceLocator":"q:\/\/QID17\/ChoiceTextEntryValue","Operator":"EqualTo","QuestionIDFromLocator":"QID17","LeftOperand":"q:\/\/QID17\/ChoiceTextEntryValue","RightOperand":"Opera","IgnoreCase":1,"Type":"Expression","LogicType":"Question","Description":"<span class=\"ConjDesc\">Or<\/span> <span class=\"QuestionDesc\">Which event would you attend?&nbsp; (Please list one below)\n\t&nbsp;<\/span> <span class=\"LeftOpDesc\">Text Response<\/span> Is <span class=\"OpDesc\">Equal to<\/span> <span class=\"RightOpDesc\"> Opera <\/span>","Conjuction":"Or"},"4":{"QuestionID":"QID17","QuestionIsInLoop":"no","ChoiceLocator":"q:\/\/QID17\/ChoiceTextEntryValue","Operator":"EqualTo","QuestionIDFromLocator":"QID17","LeftOperand":"q:\/\/QID17\/ChoiceTextEntryValue","RightOperand":"Theater","IgnoreCase":1,"Type":"Expression","LogicType":"Question","Description":"<span class=\"ConjDesc\">Or<\/span> <span class=\"QuestionDesc\">Which event would you attend?&nbsp; (Please list one below)\n\t&nbsp;<\/span> <span class=\"LeftOpDesc\">Text Response<\/span> Is <span class=\"OpDesc\">Equal to<\/span> <span class=\"RightOpDesc\"> Theater <\/span>","Conjuction":"Or"},"5":{"QuestionID":"QID17","QuestionIsInLoop":"no","ChoiceLocator":"q:\/\/QID17\/ChoiceTextEntryValue","Operator":"EqualTo","QuestionIDFromLocator":"QID17","LeftOperand":"q:\/\/QID17\/ChoiceTextEntryValue","RightOperand":"Musical","IgnoreCase":1,"Type":"Expression","LogicType":"Question","Description":"<span class=\"ConjDesc\">Or<\/span> <span class=\"QuestionDesc\">Which event would you attend?&nbsp; (Please list one below)\n\t&nbsp;<\/span> <span class=\"LeftOpDesc\">Text Response<\/span> Is <span class=\"OpDesc\">Equal to<\/span> <span class=\"RightOpDesc\"> Musical <\/span>","Conjuction":"Or"},"6":{"QuestionID":"QID17","QuestionIsInLoop":"no","ChoiceLocator":"q:\/\/QID17\/ChoiceTextEntryValue","Operator":"EqualTo","QuestionIDFromLocator":"QID17","LeftOperand":"q:\/\/QID17\/ChoiceTextEntryValue","RightOperand":"NFL game","IgnoreCase":1,"Type":"Expression","LogicType":"Question","Description":"<span class=\"ConjDesc\">Or<\/span> <span class=\"QuestionDesc\">Which event would you attend?&nbsp; (Please list one below)\n\t&nbsp;<\/span> <span class=\"LeftOpDesc\">Text Response<\/span> Is <span class=\"OpDesc\">Equal to<\/span> <span class=\"RightOpDesc\"> NFL game <\/span>","Conjuction":"Or"},"7":{"QuestionID":"QID17","QuestionIsInLoop":"no","ChoiceLocator":"q:\/\/QID17\/ChoiceTextEntryValue","Operator":"EqualTo","QuestionIDFromLocator":"QID17","LeftOperand":"q:\/\/QID17\/ChoiceTextEntryValue","RightOperand":"NBA game","IgnoreCase":1,"Type":"Expression","LogicType":"Question","Description":"<span class=\"ConjDesc\">Or<\/span> <span class=\"QuestionDesc\">Which event would you attend?&nbsp; (Please list one below)\n\t&nbsp;<\/span> <span class=\"LeftOpDesc\">Text Response<\/span> Is <span class=\"OpDesc\">Equal to<\/span> <span class=\"RightOpDesc\"> NBA game <\/span>","Conjuction":"Or"},"8":{"QuestionID":"QID17","QuestionIsInLoop":"no","ChoiceLocator":"q:\/\/QID17\/ChoiceTextEntryValue","Operator":"EqualTo","QuestionIDFromLocator":"QID17","LeftOperand":"q:\/\/QID17\/ChoiceTextEntryValue","RightOperand":"MLB game","IgnoreCase":1,"Type":"Expression","LogicType":"Question","Description":"<span class=\"ConjDesc\">Or<\/span> <span class=\"QuestionDesc\">Which event would you attend?&nbsp; (Please list one below)\n\t&nbsp;<\/span> <span class=\"LeftOpDesc\">Text Response<\/span> Is <span class=\"OpDesc\">Equal to<\/span> <span class=\"RightOpDesc\"> MLB game <\/span>","Conjuction":"Or"},"Type":"If"},"Type":"BooleanExpression"},"Message":{"messageID":"MS_9GFXKqeSNeYbkR7","subMessageID":"VE_FORCE_RESPONSE","libraryID":"URH_9nOgBhIVsJKAsfO","description":"Require response"}}}},"GradingData":[],"Language":[],"QuestionID":"QID17"}}]}