{"SurveyEntry":{"SurveyID":"SV_6oo918MMOTTbbmJ","SurveyName":"PDepend Study 1","SurveyDescription":"partition dependence inference III","SurveyOwnerID":"UR_cXZmjKbGrERS5ZX","SurveyBrandID":"eccles","DivisionID":"DV_a9PVFYw92ZwrUUJ","SurveyLanguage":"EN","SurveyActiveResponseSet":"RS_5pXjsfuA7H1MyAR","SurveyStatus":"Inactive","SurveyStartDate":"0000-00-00 00:00:00","SurveyExpirationDate":"0000-00-00 00:00:00","SurveyCreationDate":"2016-02-15 14:28:52","CreatorID":"URH_9nOgBhIVsJKAsfO","LastModified":"2018-03-01 00:41:50","LastAccessed":"0000-00-00 00:00:00","LastActivated":"2017-07-21 14:33:38","Deleted":null},"SurveyElements":[{"SurveyID":"SV_6oo918MMOTTbbmJ","Element":"BL","PrimaryAttribute":"Survey Blocks","SecondaryAttribute":null,"TertiaryAttribute":null,"Payload":{"1":{"Type":"Trash","Description":"Trash \/ Unused Questions","ID":"BL_9tqXjuliFNbha6N","BlockElements":[]},"2":{"Type":"Standard","SubType":"","Description":"Charities","ID":"BL_bPJHk8kHPOVmat7","BlockElements":[{"Type":"Question","QuestionID":"QID2"},{"Type":"Question","QuestionID":"QID72"},{"Type":"Question","QuestionID":"QID73"},{"Type":"Question","QuestionID":"QID74"},{"Type":"Question","QuestionID":"QID3"}]},"10":{"Type":"Standard","SubType":"","Description":"Demographics","ID":"BL_1S9ZrQSl8ysISaN","BlockElements":[{"Type":"Question","QuestionID":"QID71"},{"Type":"Question","QuestionID":"QID65"},{"Type":"Question","QuestionID":"QID66"},{"Type":"Question","QuestionID":"QID103"},{"Type":"Question","QuestionID":"QID68"}]},"12":{"Type":"Standard","SubType":"","Description":"Intro choice","ID":"BL_37XYac6NxlSWjJP","BlockElements":[{"Type":"Question","QuestionID":"QID69"}]},"13":{"Type":"Standard","SubType":"","Description":"Informed Consent","ID":"BL_e8rDngys6n48tz7","BlockElements":[{"Type":"Question","QuestionID":"QID75"}]},"14":{"Type":"Standard","SubType":"","Description":"Movies","ID":"BL_9vLkzEa6geEpYvH","BlockElements":[{"Type":"Question","QuestionID":"QID76"},{"Type":"Question","QuestionID":"QID81"},{"Type":"Question","QuestionID":"QID82"},{"Type":"Question","QuestionID":"QID83"},{"Type":"Question","QuestionID":"QID80"}]},"15":{"Type":"Standard","SubType":"","Description":"Books","ID":"BL_9ElhxcOM97Spmdv","BlockElements":[{"Type":"Question","QuestionID":"QID84"},{"Type":"Question","QuestionID":"QID89"},{"Type":"Question","QuestionID":"QID91"},{"Type":"Question","QuestionID":"QID92"},{"Type":"Question","QuestionID":"QID88"}]},"16":{"Type":"Standard","SubType":"","Description":"Magazines","ID":"BL_elduOCGIUROmLkN","BlockElements":[{"Type":"Question","QuestionID":"QID93"},{"Type":"Question","QuestionID":"QID98"},{"Type":"Question","QuestionID":"QID99"},{"Type":"Question","QuestionID":"QID100"},{"Type":"Question","QuestionID":"QID97"}]},"17":{"Type":"Standard","SubType":"","Description":"Disqualify","ID":"BL_6yxtGl6CIJppmp7","BlockElements":[{"Type":"Question","QuestionID":"QID101"},{"Type":"Question","QuestionID":"QID102"}]}}},{"SurveyID":"SV_6oo918MMOTTbbmJ","Element":"BR","PrimaryAttribute":"FL_4","SecondaryAttribute":null,"TertiaryAttribute":null,"Payload":{"FL_5":2,"FL_6":3}},{"SurveyID":"SV_6oo918MMOTTbbmJ","Element":"BR","PrimaryAttribute":"FL_7","SecondaryAttribute":null,"TertiaryAttribute":null,"Payload":{"FL_9":2,"FL_8":3}},{"SurveyID":"SV_6oo918MMOTTbbmJ","Element":"BR","PrimaryAttribute":"FL_13","SecondaryAttribute":null,"TertiaryAttribute":null,"Payload":{"FL_15":2,"FL_14":3}},{"SurveyID":"SV_6oo918MMOTTbbmJ","Element":"BR","PrimaryAttribute":"FL_17","SecondaryAttribute":null,"TertiaryAttribute":null,"Payload":{"FL_18":3,"FL_19":2}},{"SurveyID":"SV_6oo918MMOTTbbmJ","Element":"BR","PrimaryAttribute":"FL_20","SecondaryAttribute":null,"TertiaryAttribute":null,"Payload":{"FL_21":3,"FL_22":2}},{"SurveyID":"SV_6oo918MMOTTbbmJ","Element":"BR","PrimaryAttribute":"FL_23","SecondaryAttribute":null,"TertiaryAttribute":null,"Payload":{"FL_11":0,"FL_12":0,"FL_3":0,"FL_16":0}},{"SurveyID":"SV_6oo918MMOTTbbmJ","Element":"BR","PrimaryAttribute":"FL_29","SecondaryAttribute":null,"TertiaryAttribute":null,"Payload":{"FL_27":0,"FL_34":0,"FL_26":0,"FL_28":0}},{"SurveyID":"SV_6oo918MMOTTbbmJ","Element":"BR","PrimaryAttribute":"FL_35","SecondaryAttribute":null,"TertiaryAttribute":null,"Payload":{"FL_36":2,"FL_37":3}},{"SurveyID":"SV_6oo918MMOTTbbmJ","Element":"BR","PrimaryAttribute":"FL_40","SecondaryAttribute":null,"TertiaryAttribute":null,"Payload":{"FL_41":0,"FL_42":0,"FL_44":0,"FL_43":0}},{"SurveyID":"SV_6oo918MMOTTbbmJ","Element":"BR","PrimaryAttribute":"FL_45","SecondaryAttribute":null,"TertiaryAttribute":null,"Payload":{"FL_47":0,"FL_49":0,"FL_48":0,"FL_46":0}},{"SurveyID":"SV_6oo918MMOTTbbmJ","Element":"FL","PrimaryAttribute":"Survey Flow","SecondaryAttribute":null,"TertiaryAttribute":null,"Payload":{"Type":"Root","FlowID":"FL_1","Flow":[{"Type":"Branch","FlowID":"FL_72","Description":"New Branch","BranchLogic":{"0":{"0":{"LogicType":"DeviceType","Operator":"Is","LeftOperand":"mobile","Type":"Expression","Description":"<span class=\"ConjDesc\">If<\/span><span class=\"schema_desc\">Device Type<\/span><span class=\"select_val_desc Operator_desc\">Is<\/span><span class=\"select_val_desc LeftOperand_desc\">Mobile<\/span>"},"Type":"If"},"Type":"BooleanExpression"},"Flow":[{"Type":"Block","ID":"BL_6yxtGl6CIJppmp7","FlowID":"FL_74"}]},{"Type":"EmbeddedData","FlowID":"FL_75","EmbeddedData":[{"Description":"workerId","Type":"Recipient","Field":"workerId","VariableType":"Nominal","DataVisibility":[]},{"Description":"assignmentId","Type":"Recipient","Field":"assignmentId","VariableType":"Nominal","DataVisibility":[]},{"Description":"hitId","Type":"Recipient","Field":"hitId","VariableType":"Nominal","DataVisibility":[]}]},{"Type":"BlockRandomizer","FlowID":"FL_7","SubSet":1,"EvenPresentation":true,"Flow":[{"Type":"EmbeddedData","FlowID":"FL_8","EmbeddedData":[{"Description":"grouped category","Type":"Custom","Field":"grouped category","VariableType":"Nominal","DataVisibility":[],"Value":"bottom"}]},{"Type":"EmbeddedData","FlowID":"FL_9","EmbeddedData":[{"Description":"grouped category","Type":"Custom","Field":"grouped category","VariableType":"Nominal","DataVisibility":[],"Value":"top"}]}]},{"Type":"BlockRandomizer","FlowID":"FL_60","SubSet":1,"EvenPresentation":true,"Flow":[{"Type":"EmbeddedData","FlowID":"FL_61","EmbeddedData":[{"Description":"animal charities","Type":"Custom","Field":"animal charities","VariableType":"Nominal","DataVisibility":[],"Value":"unpacked"}]},{"Type":"EmbeddedData","FlowID":"FL_62","EmbeddedData":[{"Description":"animal charities","Type":"Custom","Field":"animal charities","VariableType":"Nominal","DataVisibility":[],"Value":"packed"}]}]},{"Type":"BlockRandomizer","FlowID":"FL_63","SubSet":1,"EvenPresentation":true,"Flow":[{"Type":"EmbeddedData","FlowID":"FL_64","EmbeddedData":[{"Description":"world news","Type":"Custom","Field":"world news","VariableType":"Nominal","DataVisibility":[],"Value":"unpacked"}]},{"Type":"EmbeddedData","FlowID":"FL_65","EmbeddedData":[{"Description":"world news","Type":"Custom","Field":"world news","VariableType":"Nominal","DataVisibility":[],"Value":"packed"}]}]},{"Type":"BlockRandomizer","FlowID":"FL_66","SubSet":1,"EvenPresentation":true,"Flow":[{"Type":"EmbeddedData","FlowID":"FL_67","EmbeddedData":[{"Description":"life science","Type":"Custom","Field":"life science","VariableType":"Nominal","DataVisibility":[],"Value":"unpacked"}]},{"Type":"EmbeddedData","FlowID":"FL_68","EmbeddedData":[{"Description":"life science","Type":"Custom","Field":"life science","VariableType":"Nominal","DataVisibility":[],"Value":"packed"}]}]},{"Type":"BlockRandomizer","FlowID":"FL_69","SubSet":1,"EvenPresentation":true,"Flow":[{"Type":"EmbeddedData","FlowID":"FL_70","EmbeddedData":[{"Description":"scifi movies","Type":"Custom","Field":"scifi movies","VariableType":"Nominal","DataVisibility":[],"Value":"unpacked"}]},{"Type":"EmbeddedData","FlowID":"FL_71","EmbeddedData":[{"Description":"scifi movies","Type":"Custom","Field":"scifi movies","VariableType":"Nominal","DataVisibility":[],"Value":"packed"}]}]},{"Type":"Standard","ID":"BL_e8rDngys6n48tz7","FlowID":"FL_56"},{"Type":"Standard","ID":"BL_37XYac6NxlSWjJP","FlowID":"FL_52"},{"Type":"BlockRandomizer","FlowID":"FL_23","SubSet":4,"Flow":[{"Type":"Standard","ID":"BL_bPJHk8kHPOVmat7","FlowID":"FL_3"},{"Type":"Standard","ID":"BL_9vLkzEa6geEpYvH","FlowID":"FL_57"},{"Type":"Standard","ID":"BL_9ElhxcOM97Spmdv","FlowID":"FL_58"},{"Type":"Standard","ID":"BL_elduOCGIUROmLkN","FlowID":"FL_59"}]},{"Type":"Standard","ID":"BL_1S9ZrQSl8ysISaN","FlowID":"FL_50"}],"Properties":{"Count":75}}},{"SurveyID":"SV_6oo918MMOTTbbmJ","Element":"NT","PrimaryAttribute":"NT_8AlIZWMYwMyydyl","SecondaryAttribute":null,"TertiaryAttribute":null,"Payload":{"Notes":[{"Message":"Add note on incentives","ID":"NO_9mZxWaotckOU2BT","UserID":"UR_cXZmjKbGrERS5ZX","Timestamp":1500421154,"Removed":true}],"UserStatuses":{"UR_cXZmjKbGrERS5ZX":"Expanded"},"ParentID":"QID69","ID":"NT_8AlIZWMYwMyydyl"}},{"SurveyID":"SV_6oo918MMOTTbbmJ","Element":"SO","PrimaryAttribute":"Survey Options","SecondaryAttribute":null,"TertiaryAttribute":null,"Payload":{"BackButton":"false","SaveAndContinue":"false","SurveyProtection":"PublicSurvey","BallotBoxStuffingPrevention":"true","OneCompletePerIP":"false","SurveyExpiration":null,"SurveyTermination":"DisplayMessage","Header":"","Footer":"","ProgressBarDisplay":"None","PartialData":"+1 week","ValidationMessage":null,"PreviousButton":"  <<  ","NextButton":"  >>  ","SkinLibrary":"Qualtrics","SkinType":"MQ","Skin":"v4qualtrics7","NewScoring":1,"libraryId":"","nextButtonMid":"","previousButtonMid":"","headerMid":"","footerMid":"","QuestionsPerPage":"","ExternalCSS":null,"CustomStyles":{"errorStyles":{"selector":".Skin .ValidationError","styles":{"color":null,"backgroundColor":null,"borderColor":null}},"errorStylesBG":{"selector":".Skin .HeaderValidationError, .Skin .HeaderValidationError li a","styles":{"color":null,"backgroundColor":null}},"pageStyles":{"selector":"#SurveyEngineBody","styles":{"backgroundColor":null}},"textStyles":{"selector":".SkinInner","styles":{"fontFamily":"","fontSize":null,"fontWeight":null,"fontStyle":null,"textDecoration":null,"color":null}},"questionStyles":{"selector":".Skin .QuestionText","styles":{"fontFamily":"","fontSize":"","fontWeight":"","fontStyle":"","textDecoration":"","color":null}},"choiceStyles":{"selector":".Skin .horizontalbar th.ylabel, .Skin .Matrix table td, .Skin .Matrix table th, .Skin .Matrix table thead th, .Skin .Matrix table thead td, .Skin .PGR .DragAndDrop .Items label, .Skin .QuestionBody ul.ChoiceStructure, .Skin .PGR .DragAndDrop .Group ul, .Skin .PGR .DragAndDrop .Group h2, .Skin .PGR .DragAndDrop .Items ul, .Skin .PGR .DragAndDrop .Items h2, .Skin .DD .QuestionBody table.ChoiceStructure, .Skin .PGR .DragAndDrop .NoColumns td.groupsContainerTd div ul, .Skin .PGR .DragAndDrop .NoColumns td.groupsContainerTd div h2, .Skin .SBS thead th, .Skin .SBS td, .Skin .SBS .Answers td, .Skin .SBS .Answers th, .SBS table.ChoiceStructure, .Skin .horizontalbar thead table.LabelDescriptions tr td, .Skin .horizontalbar thead tr td.NotApplicable, .QuestionBody th, .Skin .QuestionBody .MC .MAVR label, .Skin .QuestionBody .MC .SAVR label, .Skin .SBS thead th, .Skin .SBS td, .Skin .RO .DND ul li, .Skin .reg, .SkinInner .ChoiceStructure, .Skin thead, .Skin .GAP .ChoiceStructure thead th, .Skin .GAP .ChoiceStructure .c4, .Skin .GAP .ChoiceStructure th, .Skin .GAP .ChoiceStructure .WhyText, .SkinInner .ChoiceStructure .LightBG, .Skin .QuestionOuter.Highlight .Inner .reg, .Skin .QuestionOuter.Highlight .Inner .alt, .Skin .QuestionOuter.Highlight .Inner .ReadableAlt       ","styles":{"fontFamily":"","fontSize":"","fontWeight":"","fontStyle":"","textDecoration":"","color":null}},"headerStyles":{"selector":".Skin div#Header","styles":{"color":null}},"footerStyles":{"selector":".Skin #Footer","styles":{"color":null}},"questionSeparatorStyles":{"selector":".Skin .Separator","styles":{"backgroundColor":null,"display":"block"}},"highlightStyles":{"selector":".Skin .QuestionOuter.Highlight .Inner, .Skin .QuestionOuter.Highlight .Inner .reg, .Skin .QuestionOuter.Highlight .Inner .alt, .Skin .QuestionOuter.Highlight .Inner .ReadableAlt","styles":{"backgroundColor":null}},"highlightStylesAlt":{"selector":".Skin .QuestionOuter.Highlight .Inner .ReadableAlt, .Skin .QuestionOuter.Highlight .Inner .LightBG","styles":{"backgroundColor":null}},"textEntryStyles":{"selector":".Skin select, .Skin .InputText","styles":{"color":null}},"borderStyles":{"selector":".Skin .CS .horizontalbar table.sliderGrid tr.xlabel th, .Skin .CS .horizontalbar .ylabel, .Skin .CS .horizontalbar table.sliderGrid tr td.value, .Skin .Slider .horizontalbar table.sliderGrid tr.xlabel th, .Skin .BorderColor, .Skin .DarkBorderColor, .Skin .Slider .horizontalbar table.sliderGrid tr td.value, .Skin thead, .Skin .GAP .ChoiceStructure thead th  ","styles":{"borderColor":null}},"altRowStyles":{"selector":".Skin .ReadableAlt, .Skin .LightBG","styles":{"backgroundColor":null}},"customCSS":"\/* Place your CSS here *\/\n\n.Skin #Plug {\n  margin-top: 10pt;\n  text-align: center;\n  font-size: 0%;\n}\n.Skin .SkinInner {\n  margin: 0 auto;\n  width:770px;\n  margin-top: 45px;\n}\nhtml .Skin #Logo {\n  height: 0px;\n}"},"HighlightQuestions":"off","EOSMessage":"MS_0l07VCDJq6Q7DHT","ShowExportTags":"false","CollectGeoLocation":"false","SurveyTitle":"Survey | Qualtrics Survey Software","SurveyMetaDescription":"Survey Software, Enterprise Survey software for enterprise feedback management and CRM solutions. Enables high-quality data collection, panel management and results analysis. Perfect for market research or CRM solution (Customer Relationship Management) integration. Free trial and consultation.","PasswordProtection":"No","AnonymizeResponse":"No","Password":"","RefererCheck":"No","NoIndex":"No","RefererURL":"http:\/\/","EOSMessageLibrary":"UR_cXZmjKbGrERS5ZX","EOSRedirectURL":"http:\/\/baumerdesigns.com\/TurkGate\/\/codes\/generate.php?stamp=10896033&responseID=${e:\/\/Field\/ResponseID}","EmailThankYou":"false","ThankYouEmailMessageLibrary":null,"ThankYouEmailMessage":null,"ValidateMessage":"false","ValidationMessageLibrary":null,"InactiveSurvey":"DefaultMessage","InactiveMessageLibrary":"","InactiveMessage":"","AvailableLanguages":{"EN":[]},"ProtectSelectionIds":true,"PageTransition":"Fade","SecureResponseFiles":"false","PartialDataCloseAfter":"LastActivity","ActiveResponseSet":null}},{"SurveyID":"SV_6oo918MMOTTbbmJ","Element":"SCO","PrimaryAttribute":"Scoring","SecondaryAttribute":null,"TertiaryAttribute":null,"Payload":{"ScoringCategories":[],"ScoringCategoryGroups":[],"ScoringSummaryCategory":null,"ScoringSummaryAfterQuestions":0,"ScoringSummaryAfterSurvey":0,"DefaultScoringCategory":null,"AutoScoringCategory":null}},{"SurveyID":"SV_6oo918MMOTTbbmJ","Element":"STAT","PrimaryAttribute":"Survey Statistics","SecondaryAttribute":null,"TertiaryAttribute":null,"Payload":{"MobileCompatible":true,"ID":"Survey Statistics"}},{"SurveyID":"SV_6oo918MMOTTbbmJ","Element":"QC","PrimaryAttribute":"Survey Question Count","SecondaryAttribute":"103","TertiaryAttribute":null,"Payload":null},{"SurveyID":"SV_6oo918MMOTTbbmJ","Element":"SQ","PrimaryAttribute":"QID101","SecondaryAttribute":"According to our servers, you are trying to complete this survey on a mobile device. This survey...","TertiaryAttribute":null,"Payload":{"QuestionText":"According to our servers, you are trying to complete this survey on a mobile device. This survey can only be completed on a desktop or laptop computer. Please try taking this survey again on a non-mobile device.","DefaultChoices":false,"DataExportTag":"Q1","QuestionType":"DB","Selector":"TB","Configuration":{"QuestionDescriptionOption":"UseText"},"QuestionDescription":"According to our servers, you are trying to complete this survey on a mobile device. This survey...","ChoiceOrder":[],"Validation":{"Settings":{"Type":"None"}},"GradingData":[],"Language":[],"QuestionID":"QID101","QuestionText_Unsafe":"According to our servers, you are trying to complete this survey on a mobile device. This survey can only be completed on a desktop or laptop computer. Please try taking this survey again on a non-mobile device."}},{"SurveyID":"SV_6oo918MMOTTbbmJ","Element":"SQ","PrimaryAttribute":"QID68","SecondaryAttribute":"Any questions, comments, or suggestions for this study?","TertiaryAttribute":null,"Payload":{"QuestionText":"<strong>Any questions, comments, or suggestions for this study?<\/strong><div><strong><br><\/strong><\/div>","DefaultChoices":false,"DataExportTag":"Q29","QuestionType":"TE","Selector":"ML","Configuration":{"QuestionDescriptionOption":"UseText","InputWidth":490,"InputHeight":80},"QuestionDescription":"Any questions, comments, or suggestions for this study?","Validation":{"Settings":{"ForceResponse":"OFF","ForceResponseType":"ON","Type":"None"}},"GradingData":[],"Language":[],"QuestionID":"QID68","QuestionText_Unsafe":"<strong>Any questions, comments, or suggestions for this study?<\/strong><div><strong><br><\/strong><\/div>"}},{"SurveyID":"SV_6oo918MMOTTbbmJ","Element":"SQ","PrimaryAttribute":"QID75","SecondaryAttribute":"Consent Form This research study is designed to examine how people make judgments and decisions....","TertiaryAttribute":null,"Payload":{"QuestionText":"<div style=\"text-align: center;\"><strong>Consent Form<\/strong><\/div>\n<br>\nThis research study is designed to examine how people make judgments and decisions. You will be asked to answer questions that will help us discover some of the systematic patterns of judgment and decision making.\n<div><br>\nYou will be asked questions about your attitudes, beliefs, and preferences. Some of the questions may involve sensitive topics, but there are no foreseeable risks to participating in this study.<br>\n<br>\nIt should take you 5 minutes or less to complete this survey. Participation in this study is voluntary. You can choose not to take part. You can choose not to finish the questionnaire or omit any question you prefer not to answer without penalty or loss of benefits.<br>\n<br>\nYour participation in this study will be confidential and purely voluntary. Your responses to these questions will remain anonymous, and the data will be analyzed in aggregate form.<br>\n<br>\nIf you have any questions or complaints please contact David Tannenbaum, Department of Management, University of Utah, by email at david.tannenbaum@utah.edu. You can also contact the Institutional Review Board (IRB) if you have questions regarding your rights as a research participant, or if you have questions, complaints or concerns which you do not feel you can discuss with the investigator. The University of Utah IRB may be reached by phone at (801) 581-3655 or by e-mail at irb@hsc.utah.edu.<\/div><div><br>By clicking the button below, you are providing consent to participate in this study<\/div>","QuestionJS":false,"DefaultChoices":false,"DataExportTag":"Q3","QuestionType":"DB","Selector":"TB","Configuration":{"QuestionDescriptionOption":"UseText"},"QuestionDescription":"Consent Form This research study is designed to examine how people make judgments and decisions....","ChoiceOrder":[],"Validation":{"Settings":{"Type":"None"}},"GradingData":[],"Language":[],"QuestionID":"QID75","QuestionText_Unsafe":"<div style=\"text-align: center;\"><strong>Consent Form<\/strong><\/div>\n<br>\nThis research study is designed to examine how people make judgments and decisions. You will be asked to answer questions that will help us discover some of the systematic patterns of judgment and decision making.\n<div><br>\nYou will be asked questions about your attitudes, beliefs, and preferences. Some of the questions may involve sensitive topics, but there are no foreseeable risks to participating in this study.<br>\n<br>\nIt should take you 5 minutes or less to complete this survey. Participation in this study is voluntary. You can choose not to take part. You can choose not to finish the questionnaire or omit any question you prefer not to answer without penalty or loss of benefits.<br>\n<br>\nYour participation in this study will be confidential and purely voluntary. Your responses to these questions will remain anonymous, and the data will be analyzed in aggregate form.<br>\n<br>\nIf you have any questions or complaints please contact David Tannenbaum, Department of Management, University of Utah, by email at david.tannenbaum@utah.edu. You can also contact the Institutional Review Board (IRB) if you have questions regarding your rights as a research participant, or if you have questions, complaints or concerns which you do not feel you can discuss with the investigator. The University of Utah IRB may be reached by phone at (801) 581-3655 or by e-mail at irb@hsc.utah.edu.<\/div><div><br>By clicking the button below, you are providing consent to participate in this study<\/div>"}},{"SurveyID":"SV_6oo918MMOTTbbmJ","Element":"RS","PrimaryAttribute":"RS_5pXjsfuA7H1MyAR","SecondaryAttribute":"Default Response Set","TertiaryAttribute":null,"Payload":null},{"SurveyID":"SV_6oo918MMOTTbbmJ","Element":"SQ","PrimaryAttribute":"QID88","SecondaryAttribute":"From the list above, please write down one book:","TertiaryAttribute":null,"Payload":{"QuestionText":"<p>From the list above, please write down <u>one<\/u> book:<\/p>","DefaultChoices":false,"QuestionType":"TE","Selector":"SL","Configuration":{"QuestionDescriptionOption":"UseText","InputWidth":230},"QuestionDescription":"From the list above, please write down one book:","Validation":{"Settings":{"ForceResponse":"RequestResponse","ForceResponseType":"RequestResponse","Type":"None","ValidDateType":"DateWithFormat","ValidPhoneType":"ValidUSPhone","ValidZipType":"ValidUSZip","CustomValidation":{"Logic":{"0":{"0":{"QuestionID":"QID88","QuestionIsInLoop":"no","ChoiceLocator":"q:\/\/QID88\/ChoiceTextEntryValue","Operator":"EqualTo","QuestionIDFromLocator":"QID88","LeftOperand":"q:\/\/QID88\/ChoiceTextEntryValue","RightOperand":"France","IgnoreCase":1,"Type":"Expression","LogicType":"Question","Description":"<span class=\"ConjDesc\">If<\/span> <span class=\"QuestionDesc\">\n\tWhich country would you choose?&amp;nbsp; (Please list one ...<\/span> <span class=\"LeftOpDesc\">Text Response<\/span> Is <span class=\"OpDesc\">Equal to<\/span> <span class=\"RightOpDesc\"> France <\/span>"},"1":{"QuestionID":"QID88","QuestionIsInLoop":"no","ChoiceLocator":"q:\/\/QID88\/ChoiceTextEntryValue","Operator":"EqualTo","QuestionIDFromLocator":"QID88","LeftOperand":"q:\/\/QID88\/ChoiceTextEntryValue","RightOperand":"Germany","IgnoreCase":1,"Type":"Expression","LogicType":"Question","Description":"<span class=\"ConjDesc\">Or<\/span> <span class=\"QuestionDesc\">\n\tWhich country would you choose?&amp;nbsp; (Please list one ...<\/span> <span class=\"LeftOpDesc\">Text Response<\/span> Is <span class=\"OpDesc\">Equal to<\/span> <span class=\"RightOpDesc\"> Germany <\/span>","Conjuction":"Or"},"2":{"QuestionID":"QID88","QuestionIsInLoop":"no","ChoiceLocator":"q:\/\/QID88\/ChoiceTextEntryValue","Operator":"EqualTo","QuestionIDFromLocator":"QID88","LeftOperand":"q:\/\/QID88\/ChoiceTextEntryValue","RightOperand":"Italy","IgnoreCase":1,"Type":"Expression","LogicType":"Question","Description":"<span class=\"ConjDesc\">Or<\/span> <span class=\"QuestionDesc\">\n\tWhich country would you choose?&amp;nbsp; (Please list one ...<\/span> <span class=\"LeftOpDesc\">Text Response<\/span> Is <span class=\"OpDesc\">Equal to<\/span> <span class=\"RightOpDesc\"> Italy <\/span>","Conjuction":"Or"},"3":{"QuestionID":"QID88","QuestionIsInLoop":"no","ChoiceLocator":"q:\/\/QID88\/ChoiceTextEntryValue","Operator":"EqualTo","QuestionIDFromLocator":"QID88","LeftOperand":"q:\/\/QID88\/ChoiceTextEntryValue","RightOperand":"China","IgnoreCase":1,"Type":"Expression","LogicType":"Question","Description":"<span class=\"ConjDesc\">Or<\/span> <span class=\"QuestionDesc\">\n\tWhich country would you choose?&amp;nbsp; (Please list one ...<\/span> <span class=\"LeftOpDesc\">Text Response<\/span> Is <span class=\"OpDesc\">Equal to<\/span> <span class=\"RightOpDesc\"> China <\/span>","Conjuction":"Or"},"4":{"QuestionID":"QID88","QuestionIsInLoop":"no","ChoiceLocator":"q:\/\/QID88\/ChoiceTextEntryValue","Operator":"EqualTo","QuestionIDFromLocator":"QID88","LeftOperand":"q:\/\/QID88\/ChoiceTextEntryValue","RightOperand":"Japan","IgnoreCase":1,"Type":"Expression","LogicType":"Question","Description":"<span class=\"ConjDesc\">Or<\/span> <span class=\"QuestionDesc\">\n\tWhich country would you choose?&amp;nbsp; (Please list one ...<\/span> <span class=\"LeftOpDesc\">Text Response<\/span> Is <span class=\"OpDesc\">Equal to<\/span> <span class=\"RightOpDesc\"> Japan <\/span>","Conjuction":"Or"},"5":{"QuestionID":"QID88","QuestionIsInLoop":"no","ChoiceLocator":"q:\/\/QID88\/ChoiceTextEntryValue","Operator":"EqualTo","QuestionIDFromLocator":"QID88","LeftOperand":"q:\/\/QID88\/ChoiceTextEntryValue","RightOperand":"Vietnam","IgnoreCase":1,"Type":"Expression","LogicType":"Question","Description":"<span class=\"ConjDesc\">Or<\/span> <span class=\"QuestionDesc\">\n\tWhich country would you choose?&amp;nbsp; (Please list one ...<\/span> <span class=\"LeftOpDesc\">Text Response<\/span> Is <span class=\"OpDesc\">Equal to<\/span> <span class=\"RightOpDesc\"> Vietnam <\/span>","Conjuction":"Or"},"Type":"If"},"Type":"BooleanExpression"},"Message":{"messageID":"MS_9GFXKqeSNeYbkR7","subMessageID":"VE_FORCE_RESPONSE","libraryID":"URH_9nOgBhIVsJKAsfO","description":"Require response"}}}},"GradingData":[],"Language":[],"QuestionText_Unsafe":"<p>From the list above, please write down <u>one<\/u> book:<\/p>","DataExportTag":"Q19","QuestionID":"QID88"}},{"SurveyID":"SV_6oo918MMOTTbbmJ","Element":"SQ","PrimaryAttribute":"QID97","SecondaryAttribute":"From the list above, please write down one magazine:","TertiaryAttribute":null,"Payload":{"QuestionText":"<p>From the list above, please write down <u>one<\/u> magazine:<\/p>","DefaultChoices":false,"QuestionType":"TE","Selector":"SL","Configuration":{"QuestionDescriptionOption":"UseText","InputWidth":230},"QuestionDescription":"From the list above, please write down one magazine:","Validation":{"Settings":{"ForceResponse":"RequestResponse","ForceResponseType":"RequestResponse","Type":"None","ValidDateType":"DateWithFormat","ValidPhoneType":"ValidUSPhone","ValidZipType":"ValidUSZip","CustomValidation":{"Logic":{"0":{"0":{"QuestionID":"QID97","QuestionIsInLoop":"no","ChoiceLocator":"q:\/\/QID97\/ChoiceTextEntryValue","Operator":"EqualTo","QuestionIDFromLocator":"QID97","LeftOperand":"q:\/\/QID97\/ChoiceTextEntryValue","RightOperand":"France","IgnoreCase":1,"Type":"Expression","LogicType":"Question","Description":"<span class=\"ConjDesc\">If<\/span> <span class=\"QuestionDesc\">\n\tWhich country would you choose?&amp;nbsp; (Please list one ...<\/span> <span class=\"LeftOpDesc\">Text Response<\/span> Is <span class=\"OpDesc\">Equal to<\/span> <span class=\"RightOpDesc\"> France <\/span>"},"1":{"QuestionID":"QID97","QuestionIsInLoop":"no","ChoiceLocator":"q:\/\/QID97\/ChoiceTextEntryValue","Operator":"EqualTo","QuestionIDFromLocator":"QID97","LeftOperand":"q:\/\/QID97\/ChoiceTextEntryValue","RightOperand":"Germany","IgnoreCase":1,"Type":"Expression","LogicType":"Question","Description":"<span class=\"ConjDesc\">Or<\/span> <span class=\"QuestionDesc\">\n\tWhich country would you choose?&amp;nbsp; (Please list one ...<\/span> <span class=\"LeftOpDesc\">Text Response<\/span> Is <span class=\"OpDesc\">Equal to<\/span> <span class=\"RightOpDesc\"> Germany <\/span>","Conjuction":"Or"},"2":{"QuestionID":"QID97","QuestionIsInLoop":"no","ChoiceLocator":"q:\/\/QID97\/ChoiceTextEntryValue","Operator":"EqualTo","QuestionIDFromLocator":"QID97","LeftOperand":"q:\/\/QID97\/ChoiceTextEntryValue","RightOperand":"Italy","IgnoreCase":1,"Type":"Expression","LogicType":"Question","Description":"<span class=\"ConjDesc\">Or<\/span> <span class=\"QuestionDesc\">\n\tWhich country would you choose?&amp;nbsp; (Please list one ...<\/span> <span class=\"LeftOpDesc\">Text Response<\/span> Is <span class=\"OpDesc\">Equal to<\/span> <span class=\"RightOpDesc\"> Italy <\/span>","Conjuction":"Or"},"3":{"QuestionID":"QID97","QuestionIsInLoop":"no","ChoiceLocator":"q:\/\/QID97\/ChoiceTextEntryValue","Operator":"EqualTo","QuestionIDFromLocator":"QID97","LeftOperand":"q:\/\/QID97\/ChoiceTextEntryValue","RightOperand":"China","IgnoreCase":1,"Type":"Expression","LogicType":"Question","Description":"<span class=\"ConjDesc\">Or<\/span> <span class=\"QuestionDesc\">\n\tWhich country would you choose?&amp;nbsp; (Please list one ...<\/span> <span class=\"LeftOpDesc\">Text Response<\/span> Is <span class=\"OpDesc\">Equal to<\/span> <span class=\"RightOpDesc\"> China <\/span>","Conjuction":"Or"},"4":{"QuestionID":"QID97","QuestionIsInLoop":"no","ChoiceLocator":"q:\/\/QID97\/ChoiceTextEntryValue","Operator":"EqualTo","QuestionIDFromLocator":"QID97","LeftOperand":"q:\/\/QID97\/ChoiceTextEntryValue","RightOperand":"Japan","IgnoreCase":1,"Type":"Expression","LogicType":"Question","Description":"<span class=\"ConjDesc\">Or<\/span> <span class=\"QuestionDesc\">\n\tWhich country would you choose?&amp;nbsp; (Please list one ...<\/span> <span class=\"LeftOpDesc\">Text Response<\/span> Is <span class=\"OpDesc\">Equal to<\/span> <span class=\"RightOpDesc\"> Japan <\/span>","Conjuction":"Or"},"5":{"QuestionID":"QID97","QuestionIsInLoop":"no","ChoiceLocator":"q:\/\/QID97\/ChoiceTextEntryValue","Operator":"EqualTo","QuestionIDFromLocator":"QID97","LeftOperand":"q:\/\/QID97\/ChoiceTextEntryValue","RightOperand":"Vietnam","IgnoreCase":1,"Type":"Expression","LogicType":"Question","Description":"<span class=\"ConjDesc\">Or<\/span> <span class=\"QuestionDesc\">\n\tWhich country would you choose?&amp;nbsp; (Please list one ...<\/span> <span class=\"LeftOpDesc\">Text Response<\/span> Is <span class=\"OpDesc\">Equal to<\/span> <span class=\"RightOpDesc\"> Vietnam <\/span>","Conjuction":"Or"},"Type":"If"},"Type":"BooleanExpression"},"Message":{"messageID":"MS_9GFXKqeSNeYbkR7","subMessageID":"VE_FORCE_RESPONSE","libraryID":"URH_9nOgBhIVsJKAsfO","description":"Require response"}}}},"GradingData":[],"Language":[],"QuestionText_Unsafe":"<p>From the list above, please write down <u>one<\/u> magazine:<\/p>","DataExportTag":"Q24","QuestionID":"QID97"}},{"SurveyID":"SV_6oo918MMOTTbbmJ","Element":"SQ","PrimaryAttribute":"QID80","SecondaryAttribute":"From the list above, please write down one movie:","TertiaryAttribute":null,"Payload":{"QuestionText":"<p>From the list above, please write down <u>one<\/u> movie:<\/p>","DefaultChoices":false,"QuestionType":"TE","Selector":"SL","Configuration":{"QuestionDescriptionOption":"UseText","InputWidth":230},"QuestionDescription":"From the list above, please write down one movie:","Validation":{"Settings":{"ForceResponse":"RequestResponse","ForceResponseType":"RequestResponse","Type":"None","ValidDateType":"DateWithFormat","ValidPhoneType":"ValidUSPhone","ValidZipType":"ValidUSZip","CustomValidation":{"Logic":{"0":{"0":{"QuestionID":"QID80","QuestionIsInLoop":"no","ChoiceLocator":"q:\/\/QID80\/ChoiceTextEntryValue","Operator":"EqualTo","QuestionIDFromLocator":"QID80","LeftOperand":"q:\/\/QID80\/ChoiceTextEntryValue","RightOperand":"France","IgnoreCase":1,"Type":"Expression","LogicType":"Question","Description":"<span class=\"ConjDesc\">If<\/span> <span class=\"QuestionDesc\">\n\tWhich country would you choose?&amp;nbsp; (Please list one ...<\/span> <span class=\"LeftOpDesc\">Text Response<\/span> Is <span class=\"OpDesc\">Equal to<\/span> <span class=\"RightOpDesc\"> France <\/span>"},"1":{"QuestionID":"QID80","QuestionIsInLoop":"no","ChoiceLocator":"q:\/\/QID80\/ChoiceTextEntryValue","Operator":"EqualTo","QuestionIDFromLocator":"QID80","LeftOperand":"q:\/\/QID80\/ChoiceTextEntryValue","RightOperand":"Germany","IgnoreCase":1,"Type":"Expression","LogicType":"Question","Description":"<span class=\"ConjDesc\">Or<\/span> <span class=\"QuestionDesc\">\n\tWhich country would you choose?&amp;nbsp; (Please list one ...<\/span> <span class=\"LeftOpDesc\">Text Response<\/span> Is <span class=\"OpDesc\">Equal to<\/span> <span class=\"RightOpDesc\"> Germany <\/span>","Conjuction":"Or"},"2":{"QuestionID":"QID80","QuestionIsInLoop":"no","ChoiceLocator":"q:\/\/QID80\/ChoiceTextEntryValue","Operator":"EqualTo","QuestionIDFromLocator":"QID80","LeftOperand":"q:\/\/QID80\/ChoiceTextEntryValue","RightOperand":"Italy","IgnoreCase":1,"Type":"Expression","LogicType":"Question","Description":"<span class=\"ConjDesc\">Or<\/span> <span class=\"QuestionDesc\">\n\tWhich country would you choose?&amp;nbsp; (Please list one ...<\/span> <span class=\"LeftOpDesc\">Text Response<\/span> Is <span class=\"OpDesc\">Equal to<\/span> <span class=\"RightOpDesc\"> Italy <\/span>","Conjuction":"Or"},"3":{"QuestionID":"QID80","QuestionIsInLoop":"no","ChoiceLocator":"q:\/\/QID80\/ChoiceTextEntryValue","Operator":"EqualTo","QuestionIDFromLocator":"QID80","LeftOperand":"q:\/\/QID80\/ChoiceTextEntryValue","RightOperand":"China","IgnoreCase":1,"Type":"Expression","LogicType":"Question","Description":"<span class=\"ConjDesc\">Or<\/span> <span class=\"QuestionDesc\">\n\tWhich country would you choose?&amp;nbsp; (Please list one ...<\/span> <span class=\"LeftOpDesc\">Text Response<\/span> Is <span class=\"OpDesc\">Equal to<\/span> <span class=\"RightOpDesc\"> China <\/span>","Conjuction":"Or"},"4":{"QuestionID":"QID80","QuestionIsInLoop":"no","ChoiceLocator":"q:\/\/QID80\/ChoiceTextEntryValue","Operator":"EqualTo","QuestionIDFromLocator":"QID80","LeftOperand":"q:\/\/QID80\/ChoiceTextEntryValue","RightOperand":"Japan","IgnoreCase":1,"Type":"Expression","LogicType":"Question","Description":"<span class=\"ConjDesc\">Or<\/span> <span class=\"QuestionDesc\">\n\tWhich country would you choose?&amp;nbsp; (Please list one ...<\/span> <span class=\"LeftOpDesc\">Text Response<\/span> Is <span class=\"OpDesc\">Equal to<\/span> <span class=\"RightOpDesc\"> Japan <\/span>","Conjuction":"Or"},"5":{"QuestionID":"QID80","QuestionIsInLoop":"no","ChoiceLocator":"q:\/\/QID80\/ChoiceTextEntryValue","Operator":"EqualTo","QuestionIDFromLocator":"QID80","LeftOperand":"q:\/\/QID80\/ChoiceTextEntryValue","RightOperand":"Vietnam","IgnoreCase":1,"Type":"Expression","LogicType":"Question","Description":"<span class=\"ConjDesc\">Or<\/span> <span class=\"QuestionDesc\">\n\tWhich country would you choose?&amp;nbsp; (Please list one ...<\/span> <span class=\"LeftOpDesc\">Text Response<\/span> Is <span class=\"OpDesc\">Equal to<\/span> <span class=\"RightOpDesc\"> Vietnam <\/span>","Conjuction":"Or"},"Type":"If"},"Type":"BooleanExpression"},"Message":{"messageID":"MS_9GFXKqeSNeYbkR7","subMessageID":"VE_FORCE_RESPONSE","libraryID":"URH_9nOgBhIVsJKAsfO","description":"Require response"}}}},"GradingData":[],"Language":[],"QuestionText_Unsafe":"<p>From the list above, please write down <u>one<\/u> movie:<\/p>","DataExportTag":"Q14","QuestionID":"QID80"}},{"SurveyID":"SV_6oo918MMOTTbbmJ","Element":"SQ","PrimaryAttribute":"QID3","SecondaryAttribute":"From the list above, please write down one organization to receive your donation:","TertiaryAttribute":null,"Payload":{"QuestionText":"<p>From the list above, please write down <u>one<\/u> organization to receive your donation:<\/p>","DefaultChoices":false,"DataExportTag":"Q9","QuestionType":"TE","Selector":"SL","Configuration":{"QuestionDescriptionOption":"UseText","InputWidth":230},"QuestionDescription":"From the list above, please write down one organization to receive your donation:","Validation":{"Settings":{"ForceResponse":"RequestResponse","ForceResponseType":"RequestResponse","Type":"None","ValidDateType":"DateWithFormat","ValidPhoneType":"ValidUSPhone","ValidZipType":"ValidUSZip","CustomValidation":{"Logic":{"0":{"0":{"QuestionID":"QID3","QuestionIsInLoop":"no","ChoiceLocator":"q:\/\/QID3\/ChoiceTextEntryValue","Operator":"EqualTo","QuestionIDFromLocator":"QID3","LeftOperand":"q:\/\/QID3\/ChoiceTextEntryValue","RightOperand":"France","IgnoreCase":1,"Type":"Expression","LogicType":"Question","Description":"<span class=\"ConjDesc\">If<\/span> <span class=\"QuestionDesc\">\n\tWhich country would you choose?&amp;nbsp; (Please list one ...<\/span> <span class=\"LeftOpDesc\">Text Response<\/span> Is <span class=\"OpDesc\">Equal to<\/span> <span class=\"RightOpDesc\"> France <\/span>"},"1":{"QuestionID":"QID3","QuestionIsInLoop":"no","ChoiceLocator":"q:\/\/QID3\/ChoiceTextEntryValue","Operator":"EqualTo","QuestionIDFromLocator":"QID3","LeftOperand":"q:\/\/QID3\/ChoiceTextEntryValue","RightOperand":"Germany","IgnoreCase":1,"Type":"Expression","LogicType":"Question","Description":"<span class=\"ConjDesc\">Or<\/span> <span class=\"QuestionDesc\">\n\tWhich country would you choose?&amp;nbsp; (Please list one ...<\/span> <span class=\"LeftOpDesc\">Text Response<\/span> Is <span class=\"OpDesc\">Equal to<\/span> <span class=\"RightOpDesc\"> Germany <\/span>","Conjuction":"Or"},"2":{"QuestionID":"QID3","QuestionIsInLoop":"no","ChoiceLocator":"q:\/\/QID3\/ChoiceTextEntryValue","Operator":"EqualTo","QuestionIDFromLocator":"QID3","LeftOperand":"q:\/\/QID3\/ChoiceTextEntryValue","RightOperand":"Italy","IgnoreCase":1,"Type":"Expression","LogicType":"Question","Description":"<span class=\"ConjDesc\">Or<\/span> <span class=\"QuestionDesc\">\n\tWhich country would you choose?&amp;nbsp; (Please list one ...<\/span> <span class=\"LeftOpDesc\">Text Response<\/span> Is <span class=\"OpDesc\">Equal to<\/span> <span class=\"RightOpDesc\"> Italy <\/span>","Conjuction":"Or"},"3":{"QuestionID":"QID3","QuestionIsInLoop":"no","ChoiceLocator":"q:\/\/QID3\/ChoiceTextEntryValue","Operator":"EqualTo","QuestionIDFromLocator":"QID3","LeftOperand":"q:\/\/QID3\/ChoiceTextEntryValue","RightOperand":"China","IgnoreCase":1,"Type":"Expression","LogicType":"Question","Description":"<span class=\"ConjDesc\">Or<\/span> <span class=\"QuestionDesc\">\n\tWhich country would you choose?&amp;nbsp; (Please list one ...<\/span> <span class=\"LeftOpDesc\">Text Response<\/span> Is <span class=\"OpDesc\">Equal to<\/span> <span class=\"RightOpDesc\"> China <\/span>","Conjuction":"Or"},"4":{"QuestionID":"QID3","QuestionIsInLoop":"no","ChoiceLocator":"q:\/\/QID3\/ChoiceTextEntryValue","Operator":"EqualTo","QuestionIDFromLocator":"QID3","LeftOperand":"q:\/\/QID3\/ChoiceTextEntryValue","RightOperand":"Japan","IgnoreCase":1,"Type":"Expression","LogicType":"Question","Description":"<span class=\"ConjDesc\">Or<\/span> <span class=\"QuestionDesc\">\n\tWhich country would you choose?&amp;nbsp; (Please list one ...<\/span> <span class=\"LeftOpDesc\">Text Response<\/span> Is <span class=\"OpDesc\">Equal to<\/span> <span class=\"RightOpDesc\"> Japan <\/span>","Conjuction":"Or"},"5":{"QuestionID":"QID3","QuestionIsInLoop":"no","ChoiceLocator":"q:\/\/QID3\/ChoiceTextEntryValue","Operator":"EqualTo","QuestionIDFromLocator":"QID3","LeftOperand":"q:\/\/QID3\/ChoiceTextEntryValue","RightOperand":"Vietnam","IgnoreCase":1,"Type":"Expression","LogicType":"Question","Description":"<span class=\"ConjDesc\">Or<\/span> <span class=\"QuestionDesc\">\n\tWhich country would you choose?&amp;nbsp; (Please list one ...<\/span> <span class=\"LeftOpDesc\">Text Response<\/span> Is <span class=\"OpDesc\">Equal to<\/span> <span class=\"RightOpDesc\"> Vietnam <\/span>","Conjuction":"Or"},"Type":"If"},"Type":"BooleanExpression"},"Message":{"messageID":"MS_9GFXKqeSNeYbkR7","subMessageID":"VE_FORCE_RESPONSE","libraryID":"URH_9nOgBhIVsJKAsfO","description":"Require response"}}}},"GradingData":[],"Language":[],"QuestionID":"QID3","QuestionText_Unsafe":"<p>From the list above, please write down <u>one<\/u> organization to receive your donation:<\/p>","DataVisibility":{"Private":false,"Hidden":false}}},{"SurveyID":"SV_6oo918MMOTTbbmJ","Element":"SQ","PrimaryAttribute":"QID73","SecondaryAttribute":"From the list below, choose one charitable organization to receive a $10 donation in your name: A...","TertiaryAttribute":null,"Payload":{"QuestionText":"<p>From the list below, choose <u>one<\/u> charitable organization to receive a $10 donation in your name:<\/p>\n\n<ul>\n\t<li>An environment-based charity: your choice of either the Natural Resource Defense Council, Sierra Club, or Environmental Defense Fund<\/li>\n\t<li>Humane Society<\/li>\n\t<li>Animal Legal Defense Fund<\/li>\n\t<li>Society for the Prevention of Cruelty to Animals (SPCA)<\/li>\n<\/ul>","DefaultChoices":false,"DataExportTag":"Q7","QuestionType":"DB","Selector":"TB","Configuration":{"QuestionDescriptionOption":"UseText"},"QuestionDescription":"From the list below, choose one charitable organization to receive a $10 donation in your name: A...","DisplayLogic":{"0":{"0":{"LogicType":"EmbeddedField","LeftOperand":"animal charities","Operator":"EqualTo","RightOperand":"unpacked","_HiddenExpression":false,"Type":"Expression","Description":"<span class=\"ConjDesc\">If<\/span>  <span class=\"LeftOpDesc\">animal charities<\/span> <span class=\"OpDesc\">Is Equal to<\/span> <span class=\"RightOpDesc\"> unpacked <\/span>"},"1":{"LogicType":"EmbeddedField","LeftOperand":"grouped category","Operator":"EqualTo","RightOperand":"top","_HiddenExpression":false,"Type":"Expression","Description":"<span class=\"ConjDesc\">And<\/span>  <span class=\"LeftOpDesc\">grouped category<\/span> <span class=\"OpDesc\">Is Equal to<\/span> <span class=\"RightOpDesc\"> top <\/span>","Conjuction":"And"},"Type":"If"},"Type":"BooleanExpression","inPage":false},"ChoiceOrder":[],"Validation":{"Settings":{"Type":"None"}},"GradingData":[],"Language":[],"QuestionID":"QID73","QuestionText_Unsafe":"<p>From the list below, choose <u>one<\/u> charitable organization to receive a $10 donation in your name:<\/p>\n\n<ul>\n\t<li>An environment-based charity: your choice of either the Natural Resource Defense Council, Sierra Club, or Environmental Defense Fund<\/li>\n\t<li>Humane Society<\/li>\n\t<li>Animal Legal Defense Fund<\/li>\n\t<li>Society for the Prevention of Cruelty to Animals (SPCA)<\/li>\n<\/ul>"}},{"SurveyID":"SV_6oo918MMOTTbbmJ","Element":"SQ","PrimaryAttribute":"QID74","SecondaryAttribute":"From the list below, choose one charitable organization to receive a $10 donation in your name: A...","TertiaryAttribute":null,"Payload":{"QuestionText":"<p>From the list below, choose <u>one<\/u> charitable organization to receive a $10 donation in your name:<\/p>\n\n<ul>\n\t<li>An animal-based charity: your choice of either the Humane Society, Animal Legal Defense Fund, or the Society for the Prevention of Cruelty to Animals (SPCA)<\/li>\n\t<li>Natural Resource Defense Council<\/li>\n\t<li>Sierra Club<\/li>\n\t<li>Environmental Defense Fund<\/li>\n<\/ul>","DefaultChoices":false,"DataExportTag":"Q8","QuestionType":"DB","Selector":"TB","Configuration":{"QuestionDescriptionOption":"UseText"},"QuestionDescription":"From the list below, choose one charitable organization to receive a $10 donation in your name: A...","DisplayLogic":{"0":{"0":{"LogicType":"EmbeddedField","LeftOperand":"animal charities","Operator":"EqualTo","RightOperand":"packed","_HiddenExpression":false,"Type":"Expression","Description":"<span class=\"ConjDesc\">If<\/span>  <span class=\"LeftOpDesc\">animal charities<\/span> <span class=\"OpDesc\">Is Equal to<\/span> <span class=\"RightOpDesc\"> packed <\/span>"},"1":{"LogicType":"EmbeddedField","LeftOperand":"grouped category","Operator":"EqualTo","RightOperand":"top","_HiddenExpression":false,"Type":"Expression","Description":"<span class=\"ConjDesc\">And<\/span>  <span class=\"LeftOpDesc\">grouped category<\/span> <span class=\"OpDesc\">Is Equal to<\/span> <span class=\"RightOpDesc\"> top <\/span>","Conjuction":"And"},"Type":"If"},"Type":"BooleanExpression","inPage":false},"ChoiceOrder":[],"Validation":{"Settings":{"Type":"None"}},"GradingData":[],"Language":[],"QuestionID":"QID74","QuestionText_Unsafe":"<p>From the list below, choose <u>one<\/u> charitable organization to receive a $10 donation in your name:<\/p>\n\n<ul>\n\t<li>An animal-based charity: your choice of either the Humane Society, Animal Legal Defense Fund, or the Society for the Prevention of Cruelty to Animals (SPCA)<\/li>\n\t<li>Natural Resource Defense Council<\/li>\n\t<li>Sierra Club<\/li>\n\t<li>Environmental Defense Fund<\/li>\n<\/ul>"}},{"SurveyID":"SV_6oo918MMOTTbbmJ","Element":"SQ","PrimaryAttribute":"QID2","SecondaryAttribute":"From the list below, choose one charitable organization to receive a $10 donation in your name: H...","TertiaryAttribute":null,"Payload":{"QuestionText":"<p>From the list below, choose <u>one<\/u> charitable organization to receive a $10 donation in your name:<\/p>\n\n<ul>\n\t<li>Humane Society<\/li>\n\t<li>Animal Legal Defense Fund<\/li>\n\t<li>Society for the Prevention of Cruelty to Animals (SPCA)<\/li>\n\t<li>An environment-based charity: your choice of either the Natural Resource Defense Council, Sierra Club, or Environmental Defense Fund<\/li>\n<\/ul>","DefaultChoices":false,"DataExportTag":"Q5","QuestionID":"QID2","QuestionType":"DB","Selector":"TB","Configuration":{"QuestionDescriptionOption":"UseText"},"QuestionDescription":"From the list below, choose one charitable organization to receive a $10 donation in your name: H...","ChoiceOrder":[],"Validation":{"Settings":{"Type":"None"}},"GradingData":[],"Language":[],"DisplayLogic":{"0":{"0":{"LogicType":"EmbeddedField","LeftOperand":"animal charities","Operator":"EqualTo","RightOperand":"unpacked","_HiddenExpression":false,"Type":"Expression","Description":"<span class=\"ConjDesc\">If<\/span>  <span class=\"LeftOpDesc\">animal charities<\/span> <span class=\"OpDesc\">Is Equal to<\/span> <span class=\"RightOpDesc\"> unpacked <\/span>"},"1":{"LogicType":"EmbeddedField","LeftOperand":"grouped category","Operator":"EqualTo","RightOperand":"bottom","_HiddenExpression":false,"Type":"Expression","Description":"<span class=\"ConjDesc\">And<\/span>  <span class=\"LeftOpDesc\">grouped category<\/span> <span class=\"OpDesc\">Is Equal to<\/span> <span class=\"RightOpDesc\"> bottom <\/span>","Conjuction":"And"},"Type":"If"},"Type":"BooleanExpression","inPage":false},"QuestionText_Unsafe":"<p>From the list below, choose <u>one<\/u> charitable organization to receive a $10 donation in your name:<\/p>\n\n<ul>\n\t<li>Humane Society<\/li>\n\t<li>Animal Legal Defense Fund<\/li>\n\t<li>Society for the Prevention of Cruelty to Animals (SPCA)<\/li>\n\t<li>An environment-based charity: your choice of either the Natural Resource Defense Council, Sierra Club, or Environmental Defense Fund<\/li>\n<\/ul>","DataVisibility":{"Private":false,"Hidden":false}}},{"SurveyID":"SV_6oo918MMOTTbbmJ","Element":"SQ","PrimaryAttribute":"QID72","SecondaryAttribute":"From the list below, choose one charitable organization to receive a $10 donation in your name: N...","TertiaryAttribute":null,"Payload":{"QuestionText":"<p>From the list below, choose <u>one<\/u> charitable organization to receive a $10 donation in your name:<\/p>\n\n<ul>\n\t<li>Natural Resource Defense Council<\/li>\n\t<li>Sierra Club<\/li>\n\t<li>Environmental Defense Fund<\/li>\n\t<li>An animal-based charity: your choice of either the Humane Society, Animal Legal Defense Fund, or the Society for the Prevention of Cruelty to Animals (SPCA)<\/li>\n<\/ul>","DefaultChoices":false,"DataExportTag":"Q6","QuestionType":"DB","Selector":"TB","Configuration":{"QuestionDescriptionOption":"UseText"},"QuestionDescription":"From the list below, choose one charitable organization to receive a $10 donation in your name: N...","DisplayLogic":{"0":{"0":{"LogicType":"EmbeddedField","LeftOperand":"animal charities","Operator":"EqualTo","RightOperand":"packed","_HiddenExpression":false,"Type":"Expression","Description":"<span class=\"ConjDesc\">If<\/span>  <span class=\"LeftOpDesc\">animal charities<\/span> <span class=\"OpDesc\">Is Equal to<\/span> <span class=\"RightOpDesc\"> packed <\/span>"},"1":{"LogicType":"EmbeddedField","LeftOperand":"grouped category","Operator":"EqualTo","RightOperand":"bottom","_HiddenExpression":false,"Type":"Expression","Description":"<span class=\"ConjDesc\">And<\/span>  <span class=\"LeftOpDesc\">grouped category<\/span> <span class=\"OpDesc\">Is Equal to<\/span> <span class=\"RightOpDesc\"> bottom <\/span>","Conjuction":"And"},"Type":"If"},"Type":"BooleanExpression","inPage":false},"ChoiceOrder":[],"Validation":{"Settings":{"Type":"None"}},"GradingData":[],"Language":[],"QuestionID":"QID72","QuestionText_Unsafe":"<p>From the list below, choose <u>one<\/u> charitable organization to receive a $10 donation in your name:<\/p>\n\n<ul>\n\t<li>Natural Resource Defense Council<\/li>\n\t<li>Sierra Club<\/li>\n\t<li>Environmental Defense Fund<\/li>\n\t<li>An animal-based charity: your choice of either the Humane Society, Animal Legal Defense Fund, or the Society for the Prevention of Cruelty to Animals (SPCA)<\/li>\n<\/ul>","DataVisibility":{"Private":false,"Hidden":false}}},{"SurveyID":"SV_6oo918MMOTTbbmJ","Element":"SQ","PrimaryAttribute":"QID99","SecondaryAttribute":"From the list below, Please choose one 12-month magazine subscription: Popular Science magazine:...","TertiaryAttribute":null,"Payload":{"QuestionText":"<p>From the list below, Please choose <u>one<\/u> 12-month magazine subscription:<\/p>\n\n<ul>\n\t<li>Popular Science magazine: your choice of&nbsp;Scientific American,&nbsp;Discover, or New Scientist<\/li>\n\t<li>Time magazine<\/li>\n\t<li>Newsweek<\/li>\n\t<li>The Atlantic<\/li>\n<\/ul>","DefaultChoices":false,"DataExportTag":"Q22","QuestionType":"DB","Selector":"TB","Configuration":{"QuestionDescriptionOption":"UseText"},"QuestionDescription":"From the list below, Please choose one 12-month magazine subscription: Popular Science magazine:...","DisplayLogic":{"0":{"0":{"LogicType":"EmbeddedField","LeftOperand":"world news","Operator":"EqualTo","RightOperand":"unpacked","_HiddenExpression":false,"Type":"Expression","Description":"<span class=\"ConjDesc\">If<\/span>  <span class=\"LeftOpDesc\">world news<\/span> <span class=\"OpDesc\">Is Equal to<\/span> <span class=\"RightOpDesc\"> unpacked <\/span>"},"1":{"LogicType":"EmbeddedField","LeftOperand":"grouped category","Operator":"EqualTo","RightOperand":"top","_HiddenExpression":false,"Type":"Expression","Description":"<span class=\"ConjDesc\">And<\/span>  <span class=\"LeftOpDesc\">grouped category<\/span> <span class=\"OpDesc\">Is Equal to<\/span> <span class=\"RightOpDesc\"> top <\/span>","Conjuction":"And"},"Type":"If"},"Type":"BooleanExpression","inPage":false},"ChoiceOrder":[],"Validation":{"Settings":{"Type":"None"}},"GradingData":[],"Language":[],"QuestionID":"QID99","QuestionText_Unsafe":"<p>From the list below, Please choose <u>one<\/u> 12-month magazine subscription:<\/p>\n\n<ul>\n\t<li>Popular Science magazine: your choice of&nbsp;Scientific American,&nbsp;Discover, or New Scientist<\/li>\n\t<li>Time magazine<\/li>\n\t<li>Newsweek<\/li>\n\t<li>The Atlantic<\/li>\n<\/ul>"}},{"SurveyID":"SV_6oo918MMOTTbbmJ","Element":"SQ","PrimaryAttribute":"QID98","SecondaryAttribute":"From the list below, Please choose one 12-month magazine subscription: Scientific American Discov...","TertiaryAttribute":null,"Payload":{"QuestionText":"<p>From the list below, Please choose <u>one<\/u> 12-month magazine subscription:<\/p>\n\n<ul>\n\t<li>Scientific American<\/li>\n\t<li>Discover<\/li>\n\t<li>New Scientist<\/li>\n\t<li>World News magazine: your choice of Time magazine, Newsweek, or The Atlantic<br \/>\n\t<\/li>\n<\/ul>","DefaultChoices":false,"DataExportTag":"Q21","QuestionType":"DB","Selector":"TB","Configuration":{"QuestionDescriptionOption":"UseText"},"QuestionDescription":"From the list below, Please choose one 12-month magazine subscription: Scientific American Discov...","DisplayLogic":{"0":{"0":{"LogicType":"EmbeddedField","LeftOperand":"world news","Operator":"EqualTo","RightOperand":"packed","_HiddenExpression":false,"Type":"Expression","Description":"<span class=\"ConjDesc\">If<\/span>  <span class=\"LeftOpDesc\">world news<\/span> <span class=\"OpDesc\">Is Equal to<\/span> <span class=\"RightOpDesc\"> packed <\/span>"},"1":{"LogicType":"EmbeddedField","LeftOperand":"grouped category","Operator":"EqualTo","RightOperand":"bottom","_HiddenExpression":false,"Type":"Expression","Description":"<span class=\"ConjDesc\">And<\/span>  <span class=\"LeftOpDesc\">grouped category<\/span> <span class=\"OpDesc\">Is Equal to<\/span> <span class=\"RightOpDesc\"> bottom <\/span>","Conjuction":"And"},"Type":"If"},"Type":"BooleanExpression","inPage":false},"ChoiceOrder":[],"Validation":{"Settings":{"Type":"None"}},"GradingData":[],"Language":[],"QuestionID":"QID98","QuestionText_Unsafe":"<p>From the list below, Please choose <u>one<\/u> 12-month magazine subscription:<\/p>\n\n<ul>\n\t<li>Scientific American<\/li>\n\t<li>Discover<\/li>\n\t<li>New Scientist<\/li>\n\t<li>World News magazine: your choice of Time magazine, Newsweek, or The Atlantic<br \/>\n\t<\/li>\n<\/ul>"}},{"SurveyID":"SV_6oo918MMOTTbbmJ","Element":"SQ","PrimaryAttribute":"QID93","SecondaryAttribute":"From the list below, Please choose one 12-month magazine subscription: Time magazine Newsweek The...","TertiaryAttribute":null,"Payload":{"QuestionText":"<p>From the list below, Please choose <u>one<\/u> 12-month magazine subscription:<\/p>\n\n<ul>\n\t<li>Time magazine<\/li>\n\t<li>Newsweek<\/li>\n\t<li>The Atlantic<\/li>\n\t<li>Popular Science magazine: your choice of&nbsp;Scientific American,&nbsp;Discover, or New Scientist<\/li>\n<\/ul>","DefaultChoices":false,"QuestionType":"DB","Selector":"TB","Configuration":{"QuestionDescriptionOption":"UseText"},"QuestionDescription":"From the list below, Please choose one 12-month magazine subscription: Time magazine Newsweek The...","ChoiceOrder":[],"Validation":{"Settings":{"Type":"None"}},"GradingData":[],"Language":[],"DisplayLogic":{"0":{"0":{"LogicType":"EmbeddedField","LeftOperand":"world news","Operator":"EqualTo","RightOperand":"unpacked","_HiddenExpression":false,"Type":"Expression","Description":"<span class=\"ConjDesc\">If<\/span>  <span class=\"LeftOpDesc\">world news<\/span> <span class=\"OpDesc\">Is Equal to<\/span> <span class=\"RightOpDesc\"> unpacked <\/span>"},"1":{"LogicType":"EmbeddedField","LeftOperand":"grouped category","Operator":"EqualTo","RightOperand":"bottom","_HiddenExpression":false,"Type":"Expression","Description":"<span class=\"ConjDesc\">And<\/span>  <span class=\"LeftOpDesc\">grouped category<\/span> <span class=\"OpDesc\">Is Equal to<\/span> <span class=\"RightOpDesc\"> bottom <\/span>","Conjuction":"And"},"Type":"If"},"Type":"BooleanExpression","inPage":false},"QuestionText_Unsafe":"<p>From the list below, Please choose <u>one<\/u> 12-month magazine subscription:<\/p>\n\n<ul>\n\t<li>Time magazine<\/li>\n\t<li>Newsweek<\/li>\n\t<li>The Atlantic<\/li>\n\t<li>Popular Science magazine: your choice of&nbsp;Scientific American,&nbsp;Discover, or New Scientist<\/li>\n<\/ul>","DataExportTag":"Q20","QuestionID":"QID93"}},{"SurveyID":"SV_6oo918MMOTTbbmJ","Element":"SQ","PrimaryAttribute":"QID100","SecondaryAttribute":"From the list below, Please choose one 12-month magazine subscription: World News magazine: your...","TertiaryAttribute":null,"Payload":{"QuestionText":"<p>From the list below, Please choose <u>one<\/u> 12-month magazine subscription:<\/p>\n\n<ul>\n\t<li>World News magazine: your choice of Time magazine, Newsweek, or The Atlantic<\/li>\n\t<li>Scientific American<\/li>\n\t<li>Discover<\/li>\n\t<li>New Scientist<\/li>\n<\/ul>","DefaultChoices":false,"DataExportTag":"Q23","QuestionType":"DB","Selector":"TB","Configuration":{"QuestionDescriptionOption":"UseText"},"QuestionDescription":"From the list below, Please choose one 12-month magazine subscription: World News magazine: your...","DisplayLogic":{"0":{"0":{"LogicType":"EmbeddedField","LeftOperand":"world news","Operator":"EqualTo","RightOperand":"packed","_HiddenExpression":false,"Type":"Expression","Description":"<span class=\"ConjDesc\">If<\/span>  <span class=\"LeftOpDesc\">world news<\/span> <span class=\"OpDesc\">Is Equal to<\/span> <span class=\"RightOpDesc\"> packed <\/span>"},"1":{"LogicType":"EmbeddedField","LeftOperand":"grouped category","Operator":"EqualTo","RightOperand":"top","_HiddenExpression":false,"Type":"Expression","Description":"<span class=\"ConjDesc\">And<\/span>  <span class=\"LeftOpDesc\">grouped category<\/span> <span class=\"OpDesc\">Is Equal to<\/span> <span class=\"RightOpDesc\"> top <\/span>","Conjuction":"And"},"Type":"If"},"Type":"BooleanExpression","inPage":false},"ChoiceOrder":[],"Validation":{"Settings":{"Type":"None"}},"GradingData":[],"Language":[],"QuestionID":"QID100","QuestionText_Unsafe":"<p>From the list below, Please choose <u>one<\/u> 12-month magazine subscription:<\/p>\n\n<ul>\n\t<li>World News magazine: your choice of Time magazine, Newsweek, or The Atlantic<\/li>\n\t<li>Scientific American<\/li>\n\t<li>Discover<\/li>\n\t<li>New Scientist<\/li>\n<\/ul>"}},{"SurveyID":"SV_6oo918MMOTTbbmJ","Element":"SQ","PrimaryAttribute":"QID84","SecondaryAttribute":"From the list below, Please choose one hardcover book to own: \u201cGuns, Germs, and Steel\u201d (by Jared","TertiaryAttribute":null,"Payload":{"QuestionText":"<p>From the list below, Please choose <u>one<\/u> hardcover book to own:<\/p>\n\n<ul>\n\t<li>\u201cGuns, Germs, and Steel\u201d (by Jared Diamond)<\/li>\n\t<li>\u201cThe Selfish Gene\u201d (by Richard Dawkins)<\/li>\n\t<li>\u201cA Short History of Nearly Everything\u201d (by Bill Bryson)<\/li>\n\t<li>Social Science book: your choice of&nbsp;\u201cOutliers\u201d (by Malcolm Gladwell),&nbsp;\u201cSuperFreakonomics\u201d (by Stephen Levitt), or&nbsp;\u201cThe Wisdom of Crowds\u201d (by James Surowiecki)<\/li>\n<\/ul>","DefaultChoices":false,"QuestionType":"DB","Selector":"TB","Configuration":{"QuestionDescriptionOption":"UseText"},"QuestionDescription":"From the list below, Please choose one hardcover book to own: \u201cGuns, Germs, and Steel\u201d (by Jared...","ChoiceOrder":[],"Validation":{"Settings":{"Type":"None"}},"GradingData":[],"Language":[],"DisplayLogic":{"0":{"0":{"LogicType":"EmbeddedField","LeftOperand":"life science","Operator":"EqualTo","RightOperand":"unpacked","_HiddenExpression":false,"Type":"Expression","Description":"<span class=\"ConjDesc\">If<\/span>  <span class=\"LeftOpDesc\">life science<\/span> <span class=\"OpDesc\">Is Equal to<\/span> <span class=\"RightOpDesc\"> unpacked <\/span>"},"1":{"LogicType":"EmbeddedField","LeftOperand":"grouped category","Operator":"EqualTo","RightOperand":"bottom","_HiddenExpression":false,"Type":"Expression","Description":"<span class=\"ConjDesc\">And<\/span>  <span class=\"LeftOpDesc\">grouped category<\/span> <span class=\"OpDesc\">Is Equal to<\/span> <span class=\"RightOpDesc\"> bottom <\/span>","Conjuction":"And"},"Type":"If"},"Type":"BooleanExpression","inPage":false},"QuestionText_Unsafe":"<p>From the list below, Please choose <u>one<\/u> hardcover book to own:<\/p>\n\n<ul>\n\t<li>&ldquo;Guns, Germs, and Steel&rdquo; (by Jared Diamond)<\/li>\n\t<li>&ldquo;The Selfish Gene&rdquo; (by Richard Dawkins)<\/li>\n\t<li>&ldquo;A Short History of Nearly Everything&rdquo; (by Bill Bryson)<\/li>\n\t<li>Social Science book: your choice of&nbsp;&ldquo;Outliers&rdquo; (by Malcolm Gladwell),&nbsp;&ldquo;SuperFreakonomics&rdquo; (by Stephen Levitt), or&nbsp;&ldquo;The Wisdom of Crowds&rdquo; (by James Surowiecki)<\/li>\n<\/ul>","DataExportTag":"Q15","QuestionID":"QID84"}},{"SurveyID":"SV_6oo918MMOTTbbmJ","Element":"SQ","PrimaryAttribute":"QID89","SecondaryAttribute":"From the list below, Please choose one hardcover book to own: \u201cOutliers\u201d (by Malcolm Gladwell) ","TertiaryAttribute":null,"Payload":{"QuestionText":"<p>From the list below, Please choose <u>one<\/u> hardcover book to own:<\/p>\n\n<ul>\n\t<li>&ldquo;Outliers&rdquo; (by Malcolm Gladwell)<\/li>\n\t<li>&ldquo;SuperFreakonomics&rdquo; (by Stephen Levitt)<\/li>\n\t<li>&ldquo;The Wisdom of Crowds&rdquo; (by James Surowiecki)<\/li>\n\t<li>Life Science book: your choice of &ldquo;Guns, Germs, and Steel&rdquo; (by Jared Diamond), &ldquo;The Selfish Gene&rdquo; (by Richard Dawkins), or &ldquo;A Short History of Nearly Everything&rdquo; (by Bill Bryson)<br \/>\n\t<\/li>\n<\/ul>","DefaultChoices":false,"DataExportTag":"Q16","QuestionType":"DB","Selector":"TB","Configuration":{"QuestionDescriptionOption":"UseText"},"QuestionDescription":"From the list below, Please choose one hardcover book to own: \u201cOutliers\u201d (by Malcolm Gladwell) \u201cS...","DisplayLogic":{"0":{"0":{"LogicType":"EmbeddedField","LeftOperand":"life science","Operator":"EqualTo","RightOperand":"packed","_HiddenExpression":false,"Type":"Expression","Description":"<span class=\"ConjDesc\">If<\/span>  <span class=\"LeftOpDesc\">life science<\/span> <span class=\"OpDesc\">Is Equal to<\/span> <span class=\"RightOpDesc\"> packed <\/span>"},"1":{"LogicType":"EmbeddedField","LeftOperand":"grouped category","Operator":"EqualTo","RightOperand":"bottom","_HiddenExpression":false,"Type":"Expression","Description":"<span class=\"ConjDesc\">And<\/span>  <span class=\"LeftOpDesc\">grouped category<\/span> <span class=\"OpDesc\">Is Equal to<\/span> <span class=\"RightOpDesc\"> bottom <\/span>","Conjuction":"And"},"Type":"If"},"Type":"BooleanExpression","inPage":false},"ChoiceOrder":[],"Validation":{"Settings":{"Type":"None"}},"GradingData":[],"Language":[],"QuestionID":"QID89","QuestionText_Unsafe":"<p>From the list below, Please choose <u>one<\/u> hardcover book to own:<\/p>\n\n<ul>\n\t<li>&ldquo;Outliers&rdquo; (by Malcolm Gladwell)<\/li>\n\t<li>&ldquo;SuperFreakonomics&rdquo; (by Stephen Levitt)<\/li>\n\t<li>&ldquo;The Wisdom of Crowds&rdquo; (by James Surowiecki)<\/li>\n\t<li>Life Science book: your choice of &ldquo;Guns, Germs, and Steel&rdquo; (by Jared Diamond), &ldquo;The Selfish Gene&rdquo; (by Richard Dawkins), or &ldquo;A Short History of Nearly Everything&rdquo; (by Bill Bryson)<br \/>\n\t<\/li>\n<\/ul>"}},{"SurveyID":"SV_6oo918MMOTTbbmJ","Element":"SQ","PrimaryAttribute":"QID92","SecondaryAttribute":"From the list below, Please choose one hardcover book to own: Life Science book: your choice of \u201c.","TertiaryAttribute":null,"Payload":{"QuestionText":"<p>From the list below, Please choose <u>one<\/u> hardcover book to own:<\/p>\n\n<ul>\n\t<li>Life Science book: your choice of &ldquo;Guns, Germs, and Steel&rdquo; (by Jared Diamond), &ldquo;The Selfish Gene&rdquo; (by Richard Dawkins), or &ldquo;A Short History of Nearly Everything&rdquo; (by Bill Bryson)<\/li>\n\t<li>&ldquo;Outliers&rdquo; (by Malcolm Gladwell)<\/li>\n\t<li>&ldquo;SuperFreakonomics&rdquo; (by Stephen Levitt)<\/li>\n\t<li>&ldquo;The Wisdom of Crowds&rdquo; (by James Surowiecki)<\/li>\n<\/ul>","DefaultChoices":false,"DataExportTag":"Q18","QuestionType":"DB","Selector":"TB","Configuration":{"QuestionDescriptionOption":"UseText"},"QuestionDescription":"From the list below, Please choose one hardcover book to own: Life Science book: your choice of \u201c...","DisplayLogic":{"0":{"0":{"LogicType":"EmbeddedField","LeftOperand":"life science","Operator":"EqualTo","RightOperand":"packed","_HiddenExpression":false,"Type":"Expression","Description":"<span class=\"ConjDesc\">If<\/span>  <span class=\"LeftOpDesc\">life science<\/span> <span class=\"OpDesc\">Is Equal to<\/span> <span class=\"RightOpDesc\"> packed <\/span>"},"1":{"LogicType":"EmbeddedField","LeftOperand":"grouped category","Operator":"EqualTo","RightOperand":"top","_HiddenExpression":false,"Type":"Expression","Description":"<span class=\"ConjDesc\">And<\/span>  <span class=\"LeftOpDesc\">grouped category<\/span> <span class=\"OpDesc\">Is Equal to<\/span> <span class=\"RightOpDesc\"> top <\/span>","Conjuction":"And"},"Type":"If"},"Type":"BooleanExpression","inPage":false},"ChoiceOrder":[],"Validation":{"Settings":{"Type":"None"}},"GradingData":[],"Language":[],"QuestionID":"QID92","QuestionText_Unsafe":"<p>From the list below, Please choose <u>one<\/u> hardcover book to own:<\/p>\n\n<ul>\n\t<li>Life Science book: your choice of &ldquo;Guns, Germs, and Steel&rdquo; (by Jared Diamond), &ldquo;The Selfish Gene&rdquo; (by Richard Dawkins), or &ldquo;A Short History of Nearly Everything&rdquo; (by Bill Bryson)<\/li>\n\t<li>&ldquo;Outliers&rdquo; (by Malcolm Gladwell)<\/li>\n\t<li>&ldquo;SuperFreakonomics&rdquo; (by Stephen Levitt)<\/li>\n\t<li>&ldquo;The Wisdom of Crowds&rdquo; (by James Surowiecki)<\/li>\n<\/ul>"}},{"SurveyID":"SV_6oo918MMOTTbbmJ","Element":"SQ","PrimaryAttribute":"QID91","SecondaryAttribute":"From the list below, Please choose one hardcover book to own: Social Science book: your choice of...","TertiaryAttribute":null,"Payload":{"QuestionText":"<p>From the list below, Please choose <u>one<\/u> hardcover book to own:<\/p>\n\n<ul>\n\t<li>Social Science book: your choice of&nbsp;&ldquo;Outliers&rdquo; (by Malcolm Gladwell),&nbsp;&ldquo;SuperFreakonomics&rdquo; (by Stephen Levitt), or&nbsp;&ldquo;The Wisdom of Crowds&rdquo; (by James Surowiecki)<\/li>\n\t<li>&ldquo;Guns, Germs, and Steel&rdquo; (by Jared Diamond)<\/li>\n\t<li>&ldquo;The Selfish Gene&rdquo; (by Richard Dawkins)<\/li>\n\t<li>&ldquo;A Short History of Nearly Everything&rdquo; (by Bill Bryson)<\/li>\n<\/ul>","DefaultChoices":false,"DataExportTag":"Q17","QuestionType":"DB","Selector":"TB","Configuration":{"QuestionDescriptionOption":"UseText"},"QuestionDescription":"From the list below, Please choose one hardcover book to own: Social Science book: your choice of...","DisplayLogic":{"0":{"0":{"LogicType":"EmbeddedField","LeftOperand":"life science","Operator":"EqualTo","RightOperand":"unpacked","_HiddenExpression":false,"Type":"Expression","Description":"<span class=\"ConjDesc\">If<\/span>  <span class=\"LeftOpDesc\">life science<\/span> <span class=\"OpDesc\">Is Equal to<\/span> <span class=\"RightOpDesc\"> unpacked <\/span>"},"1":{"LogicType":"EmbeddedField","LeftOperand":"grouped category","Operator":"EqualTo","RightOperand":"top","_HiddenExpression":false,"Type":"Expression","Description":"<span class=\"ConjDesc\">And<\/span>  <span class=\"LeftOpDesc\">grouped category<\/span> <span class=\"OpDesc\">Is Equal to<\/span> <span class=\"RightOpDesc\"> top <\/span>","Conjuction":"And"},"Type":"If"},"Type":"BooleanExpression","inPage":false},"ChoiceOrder":[],"Validation":{"Settings":{"Type":"None"}},"GradingData":[],"Language":[],"QuestionID":"QID91","QuestionText_Unsafe":"<p>From the list below, Please choose <u>one<\/u> hardcover book to own:<\/p>\n\n<ul>\n\t<li>Social Science book: your choice of&nbsp;&ldquo;Outliers&rdquo; (by Malcolm Gladwell),&nbsp;&ldquo;SuperFreakonomics&rdquo; (by Stephen Levitt), or&nbsp;&ldquo;The Wisdom of Crowds&rdquo; (by James Surowiecki)<\/li>\n\t<li>&ldquo;Guns, Germs, and Steel&rdquo; (by Jared Diamond)<\/li>\n\t<li>&ldquo;The Selfish Gene&rdquo; (by Richard Dawkins)<\/li>\n\t<li>&ldquo;A Short History of Nearly Everything&rdquo; (by Bill Bryson)<\/li>\n<\/ul>"}},{"SurveyID":"SV_6oo918MMOTTbbmJ","Element":"SQ","PrimaryAttribute":"QID76","SecondaryAttribute":"From the list below, please choose one movie to own: 2001: A Space Odyssey Star Wars: Episode IV...","TertiaryAttribute":null,"Payload":{"QuestionText":"<p>From the list below, please choose <u>one<\/u> movie to own:<\/p>\n\n<ul>\n\t<li>2001: A Space Odyssey<\/li>\n\t<li>Star Wars: Episode IV<\/li>\n\t<li>E.T.: The Extra Terrestrial<\/li>\n\t<li>Romantic Comedies: your choice of either Sleepless in Seattle, You\u2019ve Got Mail, or When Harry Met Sally<\/li>\n<\/ul>","DefaultChoices":false,"QuestionType":"DB","Selector":"TB","Configuration":{"QuestionDescriptionOption":"UseText"},"QuestionDescription":"From the list below, please choose one movie to own: 2001: A Space Odyssey Star Wars: Episode IV...","ChoiceOrder":[],"Validation":{"Settings":{"Type":"None"}},"GradingData":[],"Language":[],"DisplayLogic":{"0":{"0":{"LogicType":"EmbeddedField","LeftOperand":"scifi movies","Operator":"EqualTo","RightOperand":"unpacked","_HiddenExpression":false,"Type":"Expression","Description":"<span class=\"ConjDesc\">If<\/span>  <span class=\"LeftOpDesc\">scifi movies<\/span> <span class=\"OpDesc\">Is Equal to<\/span> <span class=\"RightOpDesc\"> unpacked <\/span>"},"1":{"LogicType":"EmbeddedField","LeftOperand":"grouped category","Operator":"EqualTo","RightOperand":"bottom","_HiddenExpression":false,"Type":"Expression","Description":"<span class=\"ConjDesc\">And<\/span>  <span class=\"LeftOpDesc\">grouped category<\/span> <span class=\"OpDesc\">Is Equal to<\/span> <span class=\"RightOpDesc\"> bottom <\/span>","Conjuction":"And"},"Type":"If"},"Type":"BooleanExpression","inPage":false},"QuestionText_Unsafe":"<p>From the list below, please choose <u>one<\/u> movie to own:<\/p>\n\n<ul>\n\t<li>2001: A Space Odyssey<\/li>\n\t<li>Star Wars: Episode IV<\/li>\n\t<li>E.T.: The Extra Terrestrial<\/li>\n\t<li>Romantic Comedies: your choice of either Sleepless in Seattle, You&rsquo;ve Got Mail, or When Harry Met Sally<\/li>\n<\/ul>","DataExportTag":"Q10","QuestionID":"QID76"}},{"SurveyID":"SV_6oo918MMOTTbbmJ","Element":"SQ","PrimaryAttribute":"QID82","SecondaryAttribute":"From the list below, please choose one movie to own: Romantic Comedies: your choice of either Sle...","TertiaryAttribute":null,"Payload":{"QuestionText":"<p>From the list below, please choose <u>one<\/u> movie to own:<\/p>\n\n<ul>\n\t<li>Romantic Comedies: your choice of either Sleepless in Seattle, You&rsquo;ve Got Mail, or When Harry Met Sally<\/li>\n\t<li>2001: A Space Odyssey<\/li>\n\t<li>Star Wars: Episode IV<\/li>\n\t<li>E.T.: The Extra Terrestrial<\/li>\n<\/ul>","DefaultChoices":false,"DataExportTag":"Q12","QuestionType":"DB","Selector":"TB","Configuration":{"QuestionDescriptionOption":"UseText"},"QuestionDescription":"From the list below, please choose one movie to own: Romantic Comedies: your choice of either Sle...","DisplayLogic":{"0":{"0":{"LogicType":"EmbeddedField","LeftOperand":"scifi movies","Operator":"EqualTo","RightOperand":"unpacked","_HiddenExpression":false,"Type":"Expression","Description":"<span class=\"ConjDesc\">If<\/span>  <span class=\"LeftOpDesc\">scifi movies<\/span> <span class=\"OpDesc\">Is Equal to<\/span> <span class=\"RightOpDesc\"> unpacked <\/span>"},"1":{"LogicType":"EmbeddedField","LeftOperand":"grouped category","Operator":"EqualTo","RightOperand":"top","_HiddenExpression":false,"Type":"Expression","Description":"<span class=\"ConjDesc\">And<\/span>  <span class=\"LeftOpDesc\">grouped category<\/span> <span class=\"OpDesc\">Is Equal to<\/span> <span class=\"RightOpDesc\"> top <\/span>","Conjuction":"And"},"Type":"If"},"Type":"BooleanExpression","inPage":false},"ChoiceOrder":[],"Validation":{"Settings":{"Type":"None"}},"GradingData":[],"Language":[],"QuestionID":"QID82","QuestionText_Unsafe":"<p>From the list below, please choose <u>one<\/u> movie to own:<\/p>\n\n<ul>\n\t<li>Romantic Comedies: your choice of either Sleepless in Seattle, You&rsquo;ve Got Mail, or When Harry Met Sally<\/li>\n\t<li>2001: A Space Odyssey<\/li>\n\t<li>Star Wars: Episode IV<\/li>\n\t<li>E.T.: The Extra Terrestrial<\/li>\n<\/ul>"}},{"SurveyID":"SV_6oo918MMOTTbbmJ","Element":"SQ","PrimaryAttribute":"QID83","SecondaryAttribute":"From the list below, please choose one movie to own: Science Fiction: your choice of either\u00a0E.T.:..","TertiaryAttribute":null,"Payload":{"QuestionText":"<p>From the list below, please choose <u>one<\/u> movie to own:<\/p>\n\n<ul>\n\t<li>Science Fiction: your choice of either&nbsp;E.T.: The Extra Terrestrial,&nbsp;2001: A Space Odyssey, or&nbsp;Star Wars: Episode IV<\/li>\n\t<li>Sleepless in Seattle<\/li>\n\t<li>You&rsquo;ve Got Mail<\/li>\n\t<li>When Harry Met Sally<\/li>\n<\/ul>","DefaultChoices":false,"DataExportTag":"Q13","QuestionType":"DB","Selector":"TB","Configuration":{"QuestionDescriptionOption":"UseText"},"QuestionDescription":"From the list below, please choose one movie to own: Science Fiction: your choice of either\u00a0E.T.:...","DisplayLogic":{"0":{"0":{"LogicType":"EmbeddedField","LeftOperand":"scifi movies","Operator":"EqualTo","RightOperand":"packed","_HiddenExpression":false,"Type":"Expression","Description":"<span class=\"ConjDesc\">If<\/span>  <span class=\"LeftOpDesc\">scifi movies<\/span> <span class=\"OpDesc\">Is Equal to<\/span> <span class=\"RightOpDesc\"> packed <\/span>"},"1":{"LogicType":"EmbeddedField","LeftOperand":"grouped category","Operator":"EqualTo","RightOperand":"top","_HiddenExpression":false,"Type":"Expression","Description":"<span class=\"ConjDesc\">And<\/span>  <span class=\"LeftOpDesc\">grouped category<\/span> <span class=\"OpDesc\">Is Equal to<\/span> <span class=\"RightOpDesc\"> top <\/span>","Conjuction":"And"},"Type":"If"},"Type":"BooleanExpression","inPage":false},"ChoiceOrder":[],"Validation":{"Settings":{"Type":"None"}},"GradingData":[],"Language":[],"QuestionID":"QID83","QuestionText_Unsafe":"<p>From the list below, please choose <u>one<\/u> movie to own:<\/p>\n\n<ul>\n\t<li>Science Fiction: your choice of either&nbsp;E.T.: The Extra Terrestrial,&nbsp;2001: A Space Odyssey, or&nbsp;Star Wars: Episode IV<\/li>\n\t<li>Sleepless in Seattle<\/li>\n\t<li>You&rsquo;ve Got Mail<\/li>\n\t<li>When Harry Met Sally<\/li>\n<\/ul>"}},{"SurveyID":"SV_6oo918MMOTTbbmJ","Element":"SQ","PrimaryAttribute":"QID81","SecondaryAttribute":"From the list below, please choose one movie to own: Sleepless in Seattle You\u2019ve Got Mail When Ha.","TertiaryAttribute":null,"Payload":{"QuestionText":"<p>From the list below, please choose <u>one<\/u> movie to own:<\/p>\n\n<ul>\n\t<li>Sleepless in Seattle<\/li>\n\t<li>You&rsquo;ve Got Mail<\/li>\n\t<li>When Harry Met Sally<\/li>\n\t<li>Science Fiction: your choice of either&nbsp;E.T.: The Extra Terrestrial,&nbsp;2001: A Space Odyssey, or&nbsp;Star Wars: Episode IV<\/li>\n<\/ul>","DefaultChoices":false,"DataExportTag":"Q11","QuestionType":"DB","Selector":"TB","Configuration":{"QuestionDescriptionOption":"UseText"},"QuestionDescription":"From the list below, please choose one movie to own: Sleepless in Seattle You\u2019ve Got Mail When Ha...","DisplayLogic":{"0":{"0":{"LogicType":"EmbeddedField","LeftOperand":"scifi movies","Operator":"EqualTo","RightOperand":"packed","_HiddenExpression":false,"Type":"Expression","Description":"<span class=\"ConjDesc\">If<\/span>  <span class=\"LeftOpDesc\">scifi movies<\/span> <span class=\"OpDesc\">Is Equal to<\/span> <span class=\"RightOpDesc\"> packed <\/span>"},"1":{"LogicType":"EmbeddedField","LeftOperand":"grouped category","Operator":"EqualTo","RightOperand":"bottom","_HiddenExpression":false,"Type":"Expression","Description":"<span class=\"ConjDesc\">And<\/span>  <span class=\"LeftOpDesc\">grouped category<\/span> <span class=\"OpDesc\">Is Equal to<\/span> <span class=\"RightOpDesc\"> bottom <\/span>","Conjuction":"And"},"Type":"If"},"Type":"BooleanExpression","inPage":false},"ChoiceOrder":[],"Validation":{"Settings":{"Type":"None"}},"GradingData":[],"Language":[],"QuestionID":"QID81","QuestionText_Unsafe":"<p>From the list below, please choose <u>one<\/u> movie to own:<\/p>\n\n<ul>\n\t<li>Sleepless in Seattle<\/li>\n\t<li>You&rsquo;ve Got Mail<\/li>\n\t<li>When Harry Met Sally<\/li>\n\t<li>Science Fiction: your choice of either&nbsp;E.T.: The Extra Terrestrial,&nbsp;2001: A Space Odyssey, or&nbsp;Star Wars: Episode IV<\/li>\n<\/ul>"}},{"SurveyID":"SV_6oo918MMOTTbbmJ","Element":"SQ","PrimaryAttribute":"QID66","SecondaryAttribute":"How old are you?","TertiaryAttribute":null,"Payload":{"QuestionText":"<strong>How old are you?<\/strong>\n<div><br><\/div>","QuestionJS":"Qualtrics.SurveyEngine.addOnload(function()\n{\n\tvar inputs = $(this.getQuestionContainer()).select('input[type=\"text\"]');\n\tfor (var i = 0; i < inputs.length; i++) {\n  \t\tvar input = inputs[i];\n\t  \t$(input).insert({after: '&nbsp; years old'});\n\t};\n\n});","DefaultChoices":false,"DataExportTag":"Q27","QuestionID":"QID66","QuestionType":"TE","Selector":"SL","Configuration":{"QuestionDescriptionOption":"UseText","InputWidth":60},"QuestionDescription":"How old are you?","Validation":{"Settings":{"ForceResponse":"OFF","ForceResponseType":"ON","Type":"ContentType","ContentType":"ValidNumber","ValidDateType":"DateWithFormat","ValidPhoneType":"ValidUSPhone","ValidZipType":"ValidUSZip","ValidNumber":{"Min":"18","Max":"100"}}},"GradingData":[],"Language":[],"QuestionText_Unsafe":"<strong>How old are you?<\/strong>\n<div><br><\/div>"}},{"SurveyID":"SV_6oo918MMOTTbbmJ","Element":"SQ","PrimaryAttribute":"QID65","SecondaryAttribute":"Please indicate your sex:\n\n\t\u00a0","TertiaryAttribute":null,"Payload":{"QuestionText":"<strong>Please indicate your sex:<\/strong>\n<div>\n\t&nbsp;<\/div>","DataExportTag":"Q26","QuestionType":"MC","Selector":"SAVR","SubSelector":"TX","Configuration":{"QuestionDescriptionOption":"UseText"},"QuestionDescription":"Please indicate your sex:\n\n\t\u00a0","Choices":{"1":{"Display":"Male"},"2":{"Display":"Female"}},"ChoiceOrder":["1","2"],"Validation":{"Settings":{"ForceResponse":"ON","ForceResponseType":"ON","Type":"None"}},"Language":[],"QuestionID":"QID65","QuestionText_Unsafe":"<strong>Please indicate your sex:<\/strong>\n<div>\n\t&nbsp;<\/div>"}},{"SurveyID":"SV_6oo918MMOTTbbmJ","Element":"SQ","PrimaryAttribute":"QID103","SecondaryAttribute":"Please provide your email address in case you are selected to receive one of your choices from be...","TertiaryAttribute":null,"Payload":{"QuestionText":"<strong>Please provide your email address in case you are selected to receive one of your choices from before. (After giving out prizes, we will delete all email addresses from our records).<\/strong>\n\n<div>&nbsp;<\/div>","DefaultChoices":false,"DataExportTag":"Q28","QuestionType":"TE","Selector":"SL","Configuration":{"QuestionDescriptionOption":"UseText"},"QuestionDescription":"Please provide your email address in case you are selected to receive one of your choices from be...","Validation":{"Settings":{"ForceResponse":"OFF","ForceResponseType":"ON","Type":"ContentType","ContentType":"ValidEmail","ValidDateType":"DateWithFormat","ValidPhoneType":"ValidUSPhone","ValidZipType":"ValidUSZip"}},"GradingData":[],"Language":[],"QuestionID":"QID103","QuestionText_Unsafe":"<strong>Please provide your email address in case you are selected to receive one of your choices from before. (After giving out prizes, we will delete all email addresses from our records).<\/strong>\n\n<div>&nbsp;<\/div>"}},{"SurveyID":"SV_6oo918MMOTTbbmJ","Element":"SQ","PrimaryAttribute":"QID102","SecondaryAttribute":"Timing","TertiaryAttribute":null,"Payload":{"QuestionText":"Timing","DefaultChoices":false,"DataExportTag":"Q2","QuestionType":"Timing","Selector":"PageTimer","Configuration":{"QuestionDescriptionOption":"UseText","MinSeconds":9999,"MaxSeconds":"0"},"QuestionDescription":"Timing","Choices":{"1":{"Display":"First Click"},"2":{"Display":"Last Click"},"3":{"Display":"Page Submit"},"4":{"Display":"Click Count"}},"GradingData":[],"Language":[],"QuestionID":"QID102","QuestionText_Unsafe":"Timing"}},{"SurveyID":"SV_6oo918MMOTTbbmJ","Element":"SQ","PrimaryAttribute":"QID71","SecondaryAttribute":"Very \u00a0good. Some final questions before you complete the survey:","TertiaryAttribute":null,"Payload":{"QuestionText":"<strong>Very &nbsp;good. Some final questions before you complete the survey:<\/strong><br \/>\n<br \/>","DefaultChoices":false,"DataExportTag":"Q25","QuestionType":"DB","Selector":"TB","Configuration":{"QuestionDescriptionOption":"UseText"},"QuestionDescription":"Very \u00a0good. Some final questions before you complete the survey:","ChoiceOrder":[],"Validation":{"Settings":{"Type":"None"}},"GradingData":[],"Language":[],"QuestionID":"QID71","QuestionText_Unsafe":"<strong>Very &nbsp;good. Some final questions before you complete the survey:<\/strong><br \/>\n<br \/>"}},{"SurveyID":"SV_6oo918MMOTTbbmJ","Element":"SQ","PrimaryAttribute":"QID69","SecondaryAttribute":"We will present you with a menu of choices for several consumption decisions. Your task is simply...","TertiaryAttribute":null,"Payload":{"QuestionText":"We will present you with a menu of choices for several consumption decisions.<br>\n<br>\nYour task is simply to indicate which option you would most prefer to receive.&nbsp;There are no right or wrong answers. Please just give your honest response.<br>\n<br>\nPlease consider your choices carefully, as <u>we will select some participants at random to actually receive the option&nbsp;they have selected<\/u>.&nbsp;We will send you a follow-up email so that you can claim your prize.\n\n<p>&nbsp;<\/p>","DefaultChoices":false,"DataExportTag":"Q4","QuestionType":"DB","Selector":"TB","Configuration":{"QuestionDescriptionOption":"UseText"},"QuestionDescription":"We will present you with a menu of choices for several consumption decisions. Your task is simply...","ChoiceOrder":[],"Validation":{"Settings":{"Type":"None"}},"GradingData":[],"Language":[],"QuestionID":"QID69","QuestionText_Unsafe":"We will present you with a menu of choices for several consumption decisions.<br \/>\n<br \/>\nYour task is simply to indicate which option you would most prefer to receive.&nbsp;There are no right or wrong answers. Please just give your honest response.<br \/>\n<br \/>\nPlease consider your choices carefully, as <u>we will select some participants at random to actually receive the option&nbsp;they have selected<\/u>.&nbsp;We will send you a follow-up email so that you can claim your prize.\n\n<p>&nbsp;<\/p>","DataVisibility":{"Private":false,"Hidden":false}}}]}